{"version":4,"terraform_version":"1.10.6","serial":162,"lineage":"de3a0d8d-0bb4-8d33-67d3-5917e3f363ec","outputs":{"debian_vm_internal_ips":{"value":["10.10.10.11","10.10.10.12","10.10.10.13","10.10.10.14","10.10.10.15","10.10.10.16","10.10.10.17","10.10.10.18","10.10.10.19","10.10.10.110","10.10.10.111","10.10.10.112","10.10.10.113","10.10.10.114","10.10.10.115","10.10.10.116","10.10.10.117","10.10.10.118","10.10.10.119","10.10.10.120","10.10.10.121","10.10.10.122","10.10.10.123","10.10.10.124","10.10.10.125","10.10.10.126","10.10.10.127","10.10.10.128","10.10.10.129","10.10.10.130"],"type":["tuple",["string","string","string","string","string","string","string","string","string","string","string","string","string","string","string","string","string","string","string","string","string","string","string","string","string","string","string","string","string","string"]]},"debian_vm_ips":{"value":["100.65.4.162","100.65.5.98","100.65.4.247","100.65.4.17","100.65.5.66","100.65.4.191","100.65.4.53","100.65.5.43","100.65.2.7","100.65.1.27","100.65.1.125","100.65.1.143","100.65.5.25","100.65.2.69","100.65.2.110","100.65.2.31","100.65.1.52","100.65.1.94","100.65.4.220","100.65.1.3","100.65.3.42","100.65.5.80","100.65.3.136","100.65.1.65","100.65.2.225","100.65.4.157","100.65.4.205","100.65.2.24","100.65.2.99","100.65.1.19"],"type":["tuple",["string","string","string","string","string","string","string","string","string","string","string","string","string","string","string","string","string","string","string","string","string","string","string","string","string","string","string","string","string","string"]]},"debian_vm_names":{"value":["cdt-debian-1","cdt-debian-2","cdt-debian-3","cdt-debian-4","cdt-debian-5","cdt-debian-6","cdt-debian-7","cdt-debian-8","cdt-debian-9","cdt-debian-10","cdt-debian-11","cdt-debian-12","cdt-debian-13","cdt-debian-14","cdt-debian-15","cdt-debian-16","cdt-debian-17","cdt-debian-18","cdt-debian-19","cdt-debian-20","cdt-debian-21","cdt-debian-22","cdt-debian-23","cdt-debian-24","cdt-debian-25","cdt-debian-26","cdt-debian-27","cdt-debian-28","cdt-debian-29","cdt-debian-30"],"type":["tuple",["string","string","string","string","string","string","string","string","string","string","string","string","string","string","string","string","string","string","string","string","string","string","string","string","string","string","string","string","string","string"]]}},"resources":[{"mode":"data","type":"openstack_images_image_v2","name":"debian","provider":"provider[\"registry.opentofu.org/terraform-provider-openstack/openstack\"]","instances":[{"schema_version":0,"attributes":{"checksum":"95d2a9c837482ceb897879a97cd4fd45","container_format":"bare","created_at":"2025-07-01T23:13:21Z","disk_format":"raw","file":"/v2/images/1b40c0d0-a99d-4c04-94fb-5268e61f0d49/file","hidden":false,"id":"1b40c0d0-a99d-4c04-94fb-5268e61f0d49","member_status":null,"metadata":{},"min_disk_gb":0,"min_ram_mb":0,"most_recent":true,"name":"debian-trixie-amd64-cloud-20250628-05-24","name_regex":null,"owner":"488a9396dd1346418c077d5e8b299ca7","properties":{"architecture":"amd64","cloud_init":"true","description":"Debian trixie cloud image with cloud-init","direct_url":"rbd://3359ecf6-5606-11f0-b628-0c42a13b3b52/images/1b40c0d0-a99d-4c04-94fb-5268e61f0d49/snap","hw_disk_bus":"scsi","hw_firmware_type":"uefi","hw_machine_type":"q35","hw_qemu_guest_agent":"yes","hw_scsi_model":"virtio-scsi","image_size":"393327104","lxc_version":"20250628_05:24","os_distro":"debian","os_hash_algo":"sha512","os_hash_value":"f7a7350cb650a8147d445f9ddcfc8b3643f1bcafb8785015f741887d34b1fa4c7e82538dfe59bc57929959d88d41777782fec0b2baf73c5fa8e9ec32148ce7d9","os_require_quiesce":"yes","os_type":"linux","os_version":"trixie","owner_specified.openstack.md5":"","owner_specified.openstack.object":"images/debian-trixie-amd64-cloud-20250628-05-24","owner_specified.openstack.sha256":"","source":"linuxcontainers.org","stores":"rbd","variant":"cloud"},"protected":false,"region":"CyberRange","schema":"/v2/schemas/image","size_bytes":4294967296,"size_max":null,"size_min":null,"sort":"name:asc","tag":null,"tags":[],"updated_at":"2025-07-01T23:14:10Z","visibility":"public"},"sensitive_attributes":[]}]},{"mode":"data","type":"openstack_images_image_v2","name":"windows","provider":"provider[\"registry.opentofu.org/terraform-provider-openstack/openstack\"]","instances":[{"schema_version":0,"attributes":{"checksum":"91a050dc160743d3d0b43216b497d9ef","container_format":"bare","created_at":"2025-07-02T19:31:33Z","disk_format":"raw","file":"/v2/images/f7df3365-8052-4a2b-bd73-7f009a97f873/file","hidden":false,"id":"f7df3365-8052-4a2b-bd73-7f009a97f873","member_status":null,"metadata":{},"min_disk_gb":0,"min_ram_mb":0,"most_recent":true,"name":"WinSrv2022-20348-2022","name_regex":null,"owner":"488a9396dd1346418c077d5e8b299ca7","properties":{"architecture":"x86_64","direct_url":"rbd://3359ecf6-5606-11f0-b628-0c42a13b3b52/images/f7df3365-8052-4a2b-bd73-7f009a97f873/snap","hw_cpu_max_sockets":"1","hw_cpu_mode":"host-passthrough","hw_disk_bus":"scsi","hw_firmware_type":"bios","hw_machine_type":"pc","hw_qemu_guest_agent":"yes","hw_rng_model":"virtio","hw_scsi_model":"virtio-scsi","hw_video_model":"vga","hw_vif_model":"virtio","os_admin_user":"Administrator","os_hash_algo":"sha512","os_hash_value":"e9482abbc604f1f9fc7e53fead1e466ca83f9a3595681d603980ba042df921958243cfd326235b181cdb04fb499080c9e3a1a0e76bc510b44d9f78e2e31a6885","os_require_quiesce":"yes","os_shutdown_timeout":"300","os_type":"windows","os_version":"2022","owner_specified.openstack.md5":"","owner_specified.openstack.object":"images/WinSrv2022-20348-2022","owner_specified.openstack.sha256":"","stores":"rbd"},"protected":false,"region":"CyberRange","schema":"/v2/schemas/image","size_bytes":12886999040,"size_max":null,"size_min":null,"sort":"name:asc","tag":null,"tags":[],"updated_at":"2025-07-02T19:33:32Z","visibility":"public"},"sensitive_attributes":[]}]},{"mode":"data","type":"openstack_networking_network_v2","name":"ext_net","provider":"provider[\"registry.opentofu.org/terraform-provider-openstack/openstack\"]","instances":[{"schema_version":0,"attributes":{"admin_state_up":"true","all_tags":[],"availability_zone_hints":[],"description":"","dns_domain":"","external":true,"id":"05131c4f-fa42-4587-9974-0126baa6a924","matching_subnet_cidr":null,"mtu":1500,"name":"MAIN-NAT","network_id":null,"region":"CyberRange","segments":[],"shared":"true","status":null,"subnets":["08e3107c-5db0-4c2e-88c0-f83b8ad735b5"],"tags":null,"tenant_id":"c366637ad3e244b481a14b4ac78c2333","transparent_vlan":false},"sensitive_attributes":[]}]},{"mode":"data","type":"openstack_networking_port_v2","name":"debian_port","provider":"provider[\"registry.opentofu.org/terraform-provider-openstack/openstack\"]","instances":[{"index_key":0,"schema_version":0,"attributes":{"admin_state_up":true,"all_fixed_ips":["10.10.10.11"],"all_security_group_ids":["003524e9-4497-4c05-a6f7-93e39027e1a2"],"all_tags":[],"allowed_address_pairs":[],"binding":[{"host_id":"","profile":"","vif_details":{},"vif_type":"","vnic_type":"normal"}],"description":"","device_id":"469c39b9-8bdd-47c0-b9cb-7eb1d5067bf7","device_owner":"compute:nova","dns_assignment":[],"dns_name":"","extra_dhcp_option":[],"fixed_ip":null,"id":"9c91ad79-422c-4062-abf9-a769157be30e","mac_address":"fa:16:3e:08:b1:7e","name":"","network_id":"76609608-4b00-42e5-abb7-699c118f1cbc","port_id":"9c91ad79-422c-4062-abf9-a769157be30e","project_id":"8aac03aecbc446c794b32466080e6966","region":"CyberRange","security_group_ids":null,"status":null,"tags":null,"tenant_id":"8aac03aecbc446c794b32466080e6966"},"sensitive_attributes":[]},{"index_key":1,"schema_version":0,"attributes":{"admin_state_up":true,"all_fixed_ips":["10.10.10.12"],"all_security_group_ids":["003524e9-4497-4c05-a6f7-93e39027e1a2"],"all_tags":[],"allowed_address_pairs":[],"binding":[{"host_id":"","profile":"","vif_details":{},"vif_type":"","vnic_type":"normal"}],"description":"","device_id":"5c4d13ed-509d-46f3-8b44-b6137182ae3b","device_owner":"compute:nova","dns_assignment":[],"dns_name":"","extra_dhcp_option":[],"fixed_ip":null,"id":"40e7c6d6-3f28-488d-a98f-a0f984bd4ab6","mac_address":"fa:16:3e:c3:cb:42","name":"","network_id":"76609608-4b00-42e5-abb7-699c118f1cbc","port_id":"40e7c6d6-3f28-488d-a98f-a0f984bd4ab6","project_id":"8aac03aecbc446c794b32466080e6966","region":"CyberRange","security_group_ids":null,"status":null,"tags":null,"tenant_id":"8aac03aecbc446c794b32466080e6966"},"sensitive_attributes":[]},{"index_key":2,"schema_version":0,"attributes":{"admin_state_up":true,"all_fixed_ips":["10.10.10.13"],"all_security_group_ids":["003524e9-4497-4c05-a6f7-93e39027e1a2"],"all_tags":[],"allowed_address_pairs":[],"binding":[{"host_id":"","profile":"","vif_details":{},"vif_type":"","vnic_type":"normal"}],"description":"","device_id":"2e12f45c-70f7-4ae7-82c4-761eab9a1239","device_owner":"compute:nova","dns_assignment":[],"dns_name":"","extra_dhcp_option":[],"fixed_ip":null,"id":"91093478-ca60-42fe-b109-68f140ea391a","mac_address":"fa:16:3e:44:18:83","name":"","network_id":"76609608-4b00-42e5-abb7-699c118f1cbc","port_id":"91093478-ca60-42fe-b109-68f140ea391a","project_id":"8aac03aecbc446c794b32466080e6966","region":"CyberRange","security_group_ids":null,"status":null,"tags":null,"tenant_id":"8aac03aecbc446c794b32466080e6966"},"sensitive_attributes":[]},{"index_key":3,"schema_version":0,"attributes":{"admin_state_up":true,"all_fixed_ips":["10.10.10.14"],"all_security_group_ids":["003524e9-4497-4c05-a6f7-93e39027e1a2"],"all_tags":[],"allowed_address_pairs":[],"binding":[{"host_id":"","profile":"","vif_details":{},"vif_type":"","vnic_type":"normal"}],"description":"","device_id":"eb50cbf7-0ab4-4d7f-acc7-23a73b2d4d1b","device_owner":"compute:nova","dns_assignment":[],"dns_name":"","extra_dhcp_option":[],"fixed_ip":null,"id":"d7e57e64-5e40-481c-b10a-cb6001e30ca9","mac_address":"fa:16:3e:23:a7:a7","name":"","network_id":"76609608-4b00-42e5-abb7-699c118f1cbc","port_id":"d7e57e64-5e40-481c-b10a-cb6001e30ca9","project_id":"8aac03aecbc446c794b32466080e6966","region":"CyberRange","security_group_ids":null,"status":null,"tags":null,"tenant_id":"8aac03aecbc446c794b32466080e6966"},"sensitive_attributes":[]},{"index_key":4,"schema_version":0,"attributes":{"admin_state_up":true,"all_fixed_ips":["10.10.10.15"],"all_security_group_ids":["003524e9-4497-4c05-a6f7-93e39027e1a2"],"all_tags":[],"allowed_address_pairs":[],"binding":[{"host_id":"","profile":"","vif_details":{},"vif_type":"","vnic_type":"normal"}],"description":"","device_id":"46edb74f-b494-4f2e-a539-e796bffaef0a","device_owner":"compute:nova","dns_assignment":[],"dns_name":"","extra_dhcp_option":[],"fixed_ip":null,"id":"f645f799-cbea-4cab-bd33-161489d5ec9a","mac_address":"fa:16:3e:7c:c9:a6","name":"","network_id":"76609608-4b00-42e5-abb7-699c118f1cbc","port_id":"f645f799-cbea-4cab-bd33-161489d5ec9a","project_id":"8aac03aecbc446c794b32466080e6966","region":"CyberRange","security_group_ids":null,"status":null,"tags":null,"tenant_id":"8aac03aecbc446c794b32466080e6966"},"sensitive_attributes":[]},{"index_key":5,"schema_version":0,"attributes":{"admin_state_up":true,"all_fixed_ips":["10.10.10.16"],"all_security_group_ids":["003524e9-4497-4c05-a6f7-93e39027e1a2"],"all_tags":[],"allowed_address_pairs":[],"binding":[{"host_id":"","profile":"","vif_details":{},"vif_type":"","vnic_type":"normal"}],"description":"","device_id":"9f210212-715b-4d86-8a0a-88c3e577a414","device_owner":"compute:nova","dns_assignment":[],"dns_name":"","extra_dhcp_option":[],"fixed_ip":null,"id":"ded59dc6-c23f-4f5b-95cb-a996e5cb9db1","mac_address":"fa:16:3e:46:00:59","name":"","network_id":"76609608-4b00-42e5-abb7-699c118f1cbc","port_id":"ded59dc6-c23f-4f5b-95cb-a996e5cb9db1","project_id":"8aac03aecbc446c794b32466080e6966","region":"CyberRange","security_group_ids":null,"status":null,"tags":null,"tenant_id":"8aac03aecbc446c794b32466080e6966"},"sensitive_attributes":[]},{"index_key":6,"schema_version":0,"attributes":{"admin_state_up":true,"all_fixed_ips":["10.10.10.17"],"all_security_group_ids":["003524e9-4497-4c05-a6f7-93e39027e1a2"],"all_tags":[],"allowed_address_pairs":[],"binding":[{"host_id":"","profile":"","vif_details":{},"vif_type":"","vnic_type":"normal"}],"description":"","device_id":"ce22eea6-aa66-4ab5-997e-daec9c913051","device_owner":"compute:nova","dns_assignment":[],"dns_name":"","extra_dhcp_option":[],"fixed_ip":null,"id":"defd4201-e5f2-41e8-b939-ac6d5813b9f5","mac_address":"fa:16:3e:69:06:91","name":"","network_id":"76609608-4b00-42e5-abb7-699c118f1cbc","port_id":"defd4201-e5f2-41e8-b939-ac6d5813b9f5","project_id":"8aac03aecbc446c794b32466080e6966","region":"CyberRange","security_group_ids":null,"status":null,"tags":null,"tenant_id":"8aac03aecbc446c794b32466080e6966"},"sensitive_attributes":[]},{"index_key":7,"schema_version":0,"attributes":{"admin_state_up":true,"all_fixed_ips":["10.10.10.18"],"all_security_group_ids":["003524e9-4497-4c05-a6f7-93e39027e1a2"],"all_tags":[],"allowed_address_pairs":[],"binding":[{"host_id":"","profile":"","vif_details":{},"vif_type":"","vnic_type":"normal"}],"description":"","device_id":"a7b34112-9e39-499f-ac40-6c17b5cea87d","device_owner":"compute:nova","dns_assignment":[],"dns_name":"","extra_dhcp_option":[],"fixed_ip":null,"id":"8631cb39-66e0-4f90-a884-b4cb35b47770","mac_address":"fa:16:3e:72:78:ba","name":"","network_id":"76609608-4b00-42e5-abb7-699c118f1cbc","port_id":"8631cb39-66e0-4f90-a884-b4cb35b47770","project_id":"8aac03aecbc446c794b32466080e6966","region":"CyberRange","security_group_ids":null,"status":null,"tags":null,"tenant_id":"8aac03aecbc446c794b32466080e6966"},"sensitive_attributes":[]},{"index_key":8,"schema_version":0,"attributes":{"admin_state_up":true,"all_fixed_ips":["10.10.10.19"],"all_security_group_ids":["003524e9-4497-4c05-a6f7-93e39027e1a2"],"all_tags":[],"allowed_address_pairs":[],"binding":[{"host_id":"","profile":"","vif_details":{},"vif_type":"","vnic_type":"normal"}],"description":"","device_id":"99f17a8b-c106-45ef-809c-7dc21e730189","device_owner":"compute:nova","dns_assignment":[],"dns_name":"","extra_dhcp_option":[],"fixed_ip":null,"id":"7dcf2591-7d68-4d7c-8760-666ee202f2bf","mac_address":"fa:16:3e:e0:57:73","name":"","network_id":"76609608-4b00-42e5-abb7-699c118f1cbc","port_id":"7dcf2591-7d68-4d7c-8760-666ee202f2bf","project_id":"8aac03aecbc446c794b32466080e6966","region":"CyberRange","security_group_ids":null,"status":null,"tags":null,"tenant_id":"8aac03aecbc446c794b32466080e6966"},"sensitive_attributes":[]},{"index_key":9,"schema_version":0,"attributes":{"admin_state_up":true,"all_fixed_ips":["10.10.10.110"],"all_security_group_ids":["003524e9-4497-4c05-a6f7-93e39027e1a2"],"all_tags":[],"allowed_address_pairs":[],"binding":[{"host_id":"","profile":"","vif_details":{},"vif_type":"","vnic_type":"normal"}],"description":"","device_id":"41054369-8ee0-402e-a2d6-ad087294d8c3","device_owner":"compute:nova","dns_assignment":[],"dns_name":"","extra_dhcp_option":[],"fixed_ip":null,"id":"fc803b5d-6215-41c1-883a-a3dd7ac9aa23","mac_address":"fa:16:3e:19:73:2c","name":"","network_id":"76609608-4b00-42e5-abb7-699c118f1cbc","port_id":"fc803b5d-6215-41c1-883a-a3dd7ac9aa23","project_id":"8aac03aecbc446c794b32466080e6966","region":"CyberRange","security_group_ids":null,"status":null,"tags":null,"tenant_id":"8aac03aecbc446c794b32466080e6966"},"sensitive_attributes":[]},{"index_key":10,"schema_version":0,"attributes":{"admin_state_up":true,"all_fixed_ips":["10.10.10.111"],"all_security_group_ids":["003524e9-4497-4c05-a6f7-93e39027e1a2"],"all_tags":[],"allowed_address_pairs":[],"binding":[{"host_id":"","profile":"","vif_details":{},"vif_type":"","vnic_type":"normal"}],"description":"","device_id":"4bb8325c-98a7-4525-af8d-e5bf234ac2b6","device_owner":"compute:nova","dns_assignment":[],"dns_name":"","extra_dhcp_option":[],"fixed_ip":null,"id":"d4db81b0-2ebd-4041-9979-a6590e9beceb","mac_address":"fa:16:3e:18:7d:8e","name":"","network_id":"76609608-4b00-42e5-abb7-699c118f1cbc","port_id":"d4db81b0-2ebd-4041-9979-a6590e9beceb","project_id":"8aac03aecbc446c794b32466080e6966","region":"CyberRange","security_group_ids":null,"status":null,"tags":null,"tenant_id":"8aac03aecbc446c794b32466080e6966"},"sensitive_attributes":[]},{"index_key":11,"schema_version":0,"attributes":{"admin_state_up":true,"all_fixed_ips":["10.10.10.112"],"all_security_group_ids":["003524e9-4497-4c05-a6f7-93e39027e1a2"],"all_tags":[],"allowed_address_pairs":[],"binding":[{"host_id":"","profile":"","vif_details":{},"vif_type":"","vnic_type":"normal"}],"description":"","device_id":"b01c5160-a14c-47b1-84d4-fd719798c607","device_owner":"compute:nova","dns_assignment":[],"dns_name":"","extra_dhcp_option":[],"fixed_ip":null,"id":"27b06b2b-9ec7-471d-bfe8-4430577c6717","mac_address":"fa:16:3e:2b:6d:24","name":"","network_id":"76609608-4b00-42e5-abb7-699c118f1cbc","port_id":"27b06b2b-9ec7-471d-bfe8-4430577c6717","project_id":"8aac03aecbc446c794b32466080e6966","region":"CyberRange","security_group_ids":null,"status":null,"tags":null,"tenant_id":"8aac03aecbc446c794b32466080e6966"},"sensitive_attributes":[]},{"index_key":12,"schema_version":0,"attributes":{"admin_state_up":true,"all_fixed_ips":["10.10.10.113"],"all_security_group_ids":["003524e9-4497-4c05-a6f7-93e39027e1a2"],"all_tags":[],"allowed_address_pairs":[],"binding":[{"host_id":"","profile":"","vif_details":{},"vif_type":"","vnic_type":"normal"}],"description":"","device_id":"c9a855b2-4023-4405-896f-4dc88afcb4bc","device_owner":"compute:nova","dns_assignment":[],"dns_name":"","extra_dhcp_option":[],"fixed_ip":null,"id":"cf8f0bd2-f2d9-4150-bb7b-ee65d2f2511c","mac_address":"fa:16:3e:46:ec:64","name":"","network_id":"76609608-4b00-42e5-abb7-699c118f1cbc","port_id":"cf8f0bd2-f2d9-4150-bb7b-ee65d2f2511c","project_id":"8aac03aecbc446c794b32466080e6966","region":"CyberRange","security_group_ids":null,"status":null,"tags":null,"tenant_id":"8aac03aecbc446c794b32466080e6966"},"sensitive_attributes":[]},{"index_key":13,"schema_version":0,"attributes":{"admin_state_up":true,"all_fixed_ips":["10.10.10.114"],"all_security_group_ids":["003524e9-4497-4c05-a6f7-93e39027e1a2"],"all_tags":[],"allowed_address_pairs":[],"binding":[{"host_id":"","profile":"","vif_details":{},"vif_type":"","vnic_type":"normal"}],"description":"","device_id":"a28d4e64-691c-474d-b680-0d853b6b0992","device_owner":"compute:nova","dns_assignment":[],"dns_name":"","extra_dhcp_option":[],"fixed_ip":null,"id":"34917bc4-6880-45eb-acb9-4cd632561801","mac_address":"fa:16:3e:4c:e8:77","name":"","network_id":"76609608-4b00-42e5-abb7-699c118f1cbc","port_id":"34917bc4-6880-45eb-acb9-4cd632561801","project_id":"8aac03aecbc446c794b32466080e6966","region":"CyberRange","security_group_ids":null,"status":null,"tags":null,"tenant_id":"8aac03aecbc446c794b32466080e6966"},"sensitive_attributes":[]},{"index_key":14,"schema_version":0,"attributes":{"admin_state_up":true,"all_fixed_ips":["10.10.10.115"],"all_security_group_ids":["003524e9-4497-4c05-a6f7-93e39027e1a2"],"all_tags":[],"allowed_address_pairs":[],"binding":[{"host_id":"","profile":"","vif_details":{},"vif_type":"","vnic_type":"normal"}],"description":"","device_id":"5a2d3bef-ef4f-4f11-91c2-2d8dfe7d57c7","device_owner":"compute:nova","dns_assignment":[],"dns_name":"","extra_dhcp_option":[],"fixed_ip":null,"id":"53ffa567-8be2-4e7d-830b-db9df528ee89","mac_address":"fa:16:3e:db:ec:62","name":"","network_id":"76609608-4b00-42e5-abb7-699c118f1cbc","port_id":"53ffa567-8be2-4e7d-830b-db9df528ee89","project_id":"8aac03aecbc446c794b32466080e6966","region":"CyberRange","security_group_ids":null,"status":null,"tags":null,"tenant_id":"8aac03aecbc446c794b32466080e6966"},"sensitive_attributes":[]},{"index_key":15,"schema_version":0,"attributes":{"admin_state_up":true,"all_fixed_ips":["10.10.10.116"],"all_security_group_ids":["003524e9-4497-4c05-a6f7-93e39027e1a2"],"all_tags":[],"allowed_address_pairs":[],"binding":[{"host_id":"","profile":"","vif_details":{},"vif_type":"","vnic_type":"normal"}],"description":"","device_id":"06890a89-3f54-48d6-a58c-8f0ee3cadc71","device_owner":"compute:nova","dns_assignment":[],"dns_name":"","extra_dhcp_option":[],"fixed_ip":null,"id":"83d814e5-e32f-408c-b9e8-cf8b4e14a369","mac_address":"fa:16:3e:d5:55:ae","name":"","network_id":"76609608-4b00-42e5-abb7-699c118f1cbc","port_id":"83d814e5-e32f-408c-b9e8-cf8b4e14a369","project_id":"8aac03aecbc446c794b32466080e6966","region":"CyberRange","security_group_ids":null,"status":null,"tags":null,"tenant_id":"8aac03aecbc446c794b32466080e6966"},"sensitive_attributes":[]},{"index_key":16,"schema_version":0,"attributes":{"admin_state_up":true,"all_fixed_ips":["10.10.10.117"],"all_security_group_ids":["003524e9-4497-4c05-a6f7-93e39027e1a2"],"all_tags":[],"allowed_address_pairs":[],"binding":[{"host_id":"","profile":"","vif_details":{},"vif_type":"","vnic_type":"normal"}],"description":"","device_id":"a96f46a1-8a04-4e4f-9ba8-1f902ad087aa","device_owner":"compute:nova","dns_assignment":[],"dns_name":"","extra_dhcp_option":[],"fixed_ip":null,"id":"09deeb97-4af9-4036-b9e5-e82b2af97517","mac_address":"fa:16:3e:50:a1:26","name":"","network_id":"76609608-4b00-42e5-abb7-699c118f1cbc","port_id":"09deeb97-4af9-4036-b9e5-e82b2af97517","project_id":"8aac03aecbc446c794b32466080e6966","region":"CyberRange","security_group_ids":null,"status":null,"tags":null,"tenant_id":"8aac03aecbc446c794b32466080e6966"},"sensitive_attributes":[]},{"index_key":17,"schema_version":0,"attributes":{"admin_state_up":true,"all_fixed_ips":["10.10.10.118"],"all_security_group_ids":["003524e9-4497-4c05-a6f7-93e39027e1a2"],"all_tags":[],"allowed_address_pairs":[],"binding":[{"host_id":"","profile":"","vif_details":{},"vif_type":"","vnic_type":"normal"}],"description":"","device_id":"bc404165-3762-4b8b-9ba6-05ac18d07f72","device_owner":"compute:nova","dns_assignment":[],"dns_name":"","extra_dhcp_option":[],"fixed_ip":null,"id":"ad56d799-2e7f-428f-ae49-0fe5101bfcf0","mac_address":"fa:16:3e:52:e2:00","name":"","network_id":"76609608-4b00-42e5-abb7-699c118f1cbc","port_id":"ad56d799-2e7f-428f-ae49-0fe5101bfcf0","project_id":"8aac03aecbc446c794b32466080e6966","region":"CyberRange","security_group_ids":null,"status":null,"tags":null,"tenant_id":"8aac03aecbc446c794b32466080e6966"},"sensitive_attributes":[]},{"index_key":18,"schema_version":0,"attributes":{"admin_state_up":true,"all_fixed_ips":["10.10.10.119"],"all_security_group_ids":["003524e9-4497-4c05-a6f7-93e39027e1a2"],"all_tags":[],"allowed_address_pairs":[],"binding":[{"host_id":"","profile":"","vif_details":{},"vif_type":"","vnic_type":"normal"}],"description":"","device_id":"64d46a9b-670f-4da5-8b7f-19bd518460f9","device_owner":"compute:nova","dns_assignment":[],"dns_name":"","extra_dhcp_option":[],"fixed_ip":null,"id":"a652e635-2a96-49dc-b57b-9d386f94bf4a","mac_address":"fa:16:3e:78:31:3a","name":"","network_id":"76609608-4b00-42e5-abb7-699c118f1cbc","port_id":"a652e635-2a96-49dc-b57b-9d386f94bf4a","project_id":"8aac03aecbc446c794b32466080e6966","region":"CyberRange","security_group_ids":null,"status":null,"tags":null,"tenant_id":"8aac03aecbc446c794b32466080e6966"},"sensitive_attributes":[]},{"index_key":19,"schema_version":0,"attributes":{"admin_state_up":true,"all_fixed_ips":["10.10.10.120"],"all_security_group_ids":["003524e9-4497-4c05-a6f7-93e39027e1a2"],"all_tags":[],"allowed_address_pairs":[],"binding":[{"host_id":"","profile":"","vif_details":{},"vif_type":"","vnic_type":"normal"}],"description":"","device_id":"06fd6f61-87fd-49d4-8ce1-ef08f1c092b2","device_owner":"compute:nova","dns_assignment":[],"dns_name":"","extra_dhcp_option":[],"fixed_ip":null,"id":"65d1dd36-8cf8-49a9-9a65-a73b6c5b17f1","mac_address":"fa:16:3e:24:64:4f","name":"","network_id":"76609608-4b00-42e5-abb7-699c118f1cbc","port_id":"65d1dd36-8cf8-49a9-9a65-a73b6c5b17f1","project_id":"8aac03aecbc446c794b32466080e6966","region":"CyberRange","security_group_ids":null,"status":null,"tags":null,"tenant_id":"8aac03aecbc446c794b32466080e6966"},"sensitive_attributes":[]},{"index_key":20,"schema_version":0,"attributes":{"admin_state_up":true,"all_fixed_ips":["10.10.10.121"],"all_security_group_ids":["003524e9-4497-4c05-a6f7-93e39027e1a2"],"all_tags":[],"allowed_address_pairs":[],"binding":[{"host_id":"","profile":"","vif_details":{},"vif_type":"","vnic_type":"normal"}],"description":"","device_id":"bc526c6d-4db6-4572-ba40-227be8e325d1","device_owner":"compute:nova","dns_assignment":[],"dns_name":"","extra_dhcp_option":[],"fixed_ip":null,"id":"2699b4f5-497c-4947-b61d-82eaa8ba66b8","mac_address":"fa:16:3e:dd:73:61","name":"","network_id":"76609608-4b00-42e5-abb7-699c118f1cbc","port_id":"2699b4f5-497c-4947-b61d-82eaa8ba66b8","project_id":"8aac03aecbc446c794b32466080e6966","region":"CyberRange","security_group_ids":null,"status":null,"tags":null,"tenant_id":"8aac03aecbc446c794b32466080e6966"},"sensitive_attributes":[]},{"index_key":21,"schema_version":0,"attributes":{"admin_state_up":true,"all_fixed_ips":["10.10.10.122"],"all_security_group_ids":["003524e9-4497-4c05-a6f7-93e39027e1a2"],"all_tags":[],"allowed_address_pairs":[],"binding":[{"host_id":"","profile":"","vif_details":{},"vif_type":"","vnic_type":"normal"}],"description":"","device_id":"678daad3-536c-423f-8643-40d5b5463a40","device_owner":"compute:nova","dns_assignment":[],"dns_name":"","extra_dhcp_option":[],"fixed_ip":null,"id":"bbda3d36-bde5-439f-b953-0d7236d004c8","mac_address":"fa:16:3e:35:0e:48","name":"","network_id":"76609608-4b00-42e5-abb7-699c118f1cbc","port_id":"bbda3d36-bde5-439f-b953-0d7236d004c8","project_id":"8aac03aecbc446c794b32466080e6966","region":"CyberRange","security_group_ids":null,"status":null,"tags":null,"tenant_id":"8aac03aecbc446c794b32466080e6966"},"sensitive_attributes":[]},{"index_key":22,"schema_version":0,"attributes":{"admin_state_up":true,"all_fixed_ips":["10.10.10.123"],"all_security_group_ids":["003524e9-4497-4c05-a6f7-93e39027e1a2"],"all_tags":[],"allowed_address_pairs":[],"binding":[{"host_id":"","profile":"","vif_details":{},"vif_type":"","vnic_type":"normal"}],"description":"","device_id":"983508e3-1382-4027-a540-a8eb7bb3fc13","device_owner":"compute:nova","dns_assignment":[],"dns_name":"","extra_dhcp_option":[],"fixed_ip":null,"id":"12cac060-7780-4d4f-a4d7-dc34bc0adfae","mac_address":"fa:16:3e:f1:9d:d4","name":"","network_id":"76609608-4b00-42e5-abb7-699c118f1cbc","port_id":"12cac060-7780-4d4f-a4d7-dc34bc0adfae","project_id":"8aac03aecbc446c794b32466080e6966","region":"CyberRange","security_group_ids":null,"status":null,"tags":null,"tenant_id":"8aac03aecbc446c794b32466080e6966"},"sensitive_attributes":[]},{"index_key":23,"schema_version":0,"attributes":{"admin_state_up":true,"all_fixed_ips":["10.10.10.124"],"all_security_group_ids":["003524e9-4497-4c05-a6f7-93e39027e1a2"],"all_tags":[],"allowed_address_pairs":[],"binding":[{"host_id":"","profile":"","vif_details":{},"vif_type":"","vnic_type":"normal"}],"description":"","device_id":"2d7a140e-6a7c-4b30-b098-ac88c40b9106","device_owner":"compute:nova","dns_assignment":[],"dns_name":"","extra_dhcp_option":[],"fixed_ip":null,"id":"db0edad4-7cdf-4f40-8c32-6b1962e85c97","mac_address":"fa:16:3e:67:9e:8e","name":"","network_id":"76609608-4b00-42e5-abb7-699c118f1cbc","port_id":"db0edad4-7cdf-4f40-8c32-6b1962e85c97","project_id":"8aac03aecbc446c794b32466080e6966","region":"CyberRange","security_group_ids":null,"status":null,"tags":null,"tenant_id":"8aac03aecbc446c794b32466080e6966"},"sensitive_attributes":[]},{"index_key":24,"schema_version":0,"attributes":{"admin_state_up":true,"all_fixed_ips":["10.10.10.125"],"all_security_group_ids":["003524e9-4497-4c05-a6f7-93e39027e1a2"],"all_tags":[],"allowed_address_pairs":[],"binding":[{"host_id":"","profile":"","vif_details":{},"vif_type":"","vnic_type":"normal"}],"description":"","device_id":"8e834e37-620a-4a5e-bb5e-51355cdfd0e9","device_owner":"compute:nova","dns_assignment":[],"dns_name":"","extra_dhcp_option":[],"fixed_ip":null,"id":"ba621e40-f8fd-4fcd-bc10-423aa41e64e5","mac_address":"fa:16:3e:98:a2:4b","name":"","network_id":"76609608-4b00-42e5-abb7-699c118f1cbc","port_id":"ba621e40-f8fd-4fcd-bc10-423aa41e64e5","project_id":"8aac03aecbc446c794b32466080e6966","region":"CyberRange","security_group_ids":null,"status":null,"tags":null,"tenant_id":"8aac03aecbc446c794b32466080e6966"},"sensitive_attributes":[]},{"index_key":25,"schema_version":0,"attributes":{"admin_state_up":true,"all_fixed_ips":["10.10.10.126"],"all_security_group_ids":["003524e9-4497-4c05-a6f7-93e39027e1a2"],"all_tags":[],"allowed_address_pairs":[],"binding":[{"host_id":"","profile":"","vif_details":{},"vif_type":"","vnic_type":"normal"}],"description":"","device_id":"910b541f-ef6e-4a32-afd0-dd14f688a7e0","device_owner":"compute:nova","dns_assignment":[],"dns_name":"","extra_dhcp_option":[],"fixed_ip":null,"id":"16fe9026-34ff-4cd9-8012-2a306c186794","mac_address":"fa:16:3e:d2:ee:6a","name":"","network_id":"76609608-4b00-42e5-abb7-699c118f1cbc","port_id":"16fe9026-34ff-4cd9-8012-2a306c186794","project_id":"8aac03aecbc446c794b32466080e6966","region":"CyberRange","security_group_ids":null,"status":null,"tags":null,"tenant_id":"8aac03aecbc446c794b32466080e6966"},"sensitive_attributes":[]},{"index_key":26,"schema_version":0,"attributes":{"admin_state_up":true,"all_fixed_ips":["10.10.10.127"],"all_security_group_ids":["003524e9-4497-4c05-a6f7-93e39027e1a2"],"all_tags":[],"allowed_address_pairs":[],"binding":[{"host_id":"","profile":"","vif_details":{},"vif_type":"","vnic_type":"normal"}],"description":"","device_id":"5bc464d2-06f5-4443-a26f-fb9271b7e76a","device_owner":"compute:nova","dns_assignment":[],"dns_name":"","extra_dhcp_option":[],"fixed_ip":null,"id":"47939072-456e-4967-a3e8-7f828a26c817","mac_address":"fa:16:3e:7b:85:24","name":"","network_id":"76609608-4b00-42e5-abb7-699c118f1cbc","port_id":"47939072-456e-4967-a3e8-7f828a26c817","project_id":"8aac03aecbc446c794b32466080e6966","region":"CyberRange","security_group_ids":null,"status":null,"tags":null,"tenant_id":"8aac03aecbc446c794b32466080e6966"},"sensitive_attributes":[]},{"index_key":27,"schema_version":0,"attributes":{"admin_state_up":true,"all_fixed_ips":["10.10.10.128"],"all_security_group_ids":["003524e9-4497-4c05-a6f7-93e39027e1a2"],"all_tags":[],"allowed_address_pairs":[],"binding":[{"host_id":"","profile":"","vif_details":{},"vif_type":"","vnic_type":"normal"}],"description":"","device_id":"e7b6f685-0e9c-45d1-b399-78a486aa1ff8","device_owner":"compute:nova","dns_assignment":[],"dns_name":"","extra_dhcp_option":[],"fixed_ip":null,"id":"fa67ed52-4302-4458-a214-595be3c011fa","mac_address":"fa:16:3e:d2:b9:b7","name":"","network_id":"76609608-4b00-42e5-abb7-699c118f1cbc","port_id":"fa67ed52-4302-4458-a214-595be3c011fa","project_id":"8aac03aecbc446c794b32466080e6966","region":"CyberRange","security_group_ids":null,"status":null,"tags":null,"tenant_id":"8aac03aecbc446c794b32466080e6966"},"sensitive_attributes":[]},{"index_key":28,"schema_version":0,"attributes":{"admin_state_up":true,"all_fixed_ips":["10.10.10.129"],"all_security_group_ids":["003524e9-4497-4c05-a6f7-93e39027e1a2"],"all_tags":[],"allowed_address_pairs":[],"binding":[{"host_id":"","profile":"","vif_details":{},"vif_type":"","vnic_type":"normal"}],"description":"","device_id":"3f915af5-f22d-4766-b722-7e21cc472695","device_owner":"compute:nova","dns_assignment":[],"dns_name":"","extra_dhcp_option":[],"fixed_ip":null,"id":"9da04f47-065d-460c-99f1-cbe99dff4f97","mac_address":"fa:16:3e:22:c0:79","name":"","network_id":"76609608-4b00-42e5-abb7-699c118f1cbc","port_id":"9da04f47-065d-460c-99f1-cbe99dff4f97","project_id":"8aac03aecbc446c794b32466080e6966","region":"CyberRange","security_group_ids":null,"status":null,"tags":null,"tenant_id":"8aac03aecbc446c794b32466080e6966"},"sensitive_attributes":[]},{"index_key":29,"schema_version":0,"attributes":{"admin_state_up":true,"all_fixed_ips":["10.10.10.130"],"all_security_group_ids":["003524e9-4497-4c05-a6f7-93e39027e1a2"],"all_tags":[],"allowed_address_pairs":[],"binding":[{"host_id":"","profile":"","vif_details":{},"vif_type":"","vnic_type":"normal"}],"description":"","device_id":"dc326752-d09a-4b0d-9e63-97bb26ab314e","device_owner":"compute:nova","dns_assignment":[],"dns_name":"","extra_dhcp_option":[],"fixed_ip":null,"id":"a7fb1263-e79f-4022-9500-b9e87cb9018a","mac_address":"fa:16:3e:e3:d0:d5","name":"","network_id":"76609608-4b00-42e5-abb7-699c118f1cbc","port_id":"a7fb1263-e79f-4022-9500-b9e87cb9018a","project_id":"8aac03aecbc446c794b32466080e6966","region":"CyberRange","security_group_ids":null,"status":null,"tags":null,"tenant_id":"8aac03aecbc446c794b32466080e6966"},"sensitive_attributes":[]}]},{"mode":"managed","type":"openstack_compute_instance_v2","name":"debian","provider":"provider[\"registry.opentofu.org/terraform-provider-openstack/openstack\"]","instances":[{"index_key":0,"schema_version":0,"attributes":{"access_ip_v4":"10.10.10.11","access_ip_v6":"","admin_pass":null,"all_metadata":{},"all_tags":[],"availability_zone":"nova","availability_zone_hints":null,"block_device":[{"boot_index":0,"delete_on_termination":true,"destination_type":"volume","device_type":"","disk_bus":"","guest_format":"","multiattach":false,"source_type":"image","uuid":"1b40c0d0-a99d-4c04-94fb-5268e61f0d49","volume_size":80,"volume_type":""}],"config_drive":null,"created":"2025-09-15 14:27:39 +0000 UTC","flavor_id":"6f4e2f56-5576-4705-9889-2d828c9758a0","flavor_name":"medium","force_delete":false,"hypervisor_hostname":"","id":"469c39b9-8bdd-47c0-b9cb-7eb1d5067bf7","image_id":"Attempt to boot from volume - no image supplied","image_name":"debian-trixie-amd64-cloud-20250628-05-24","key_pair":"cdtscoring","metadata":null,"name":"cdt-debian-1","network":[{"access_network":false,"fixed_ip_v4":"10.10.10.11","fixed_ip_v6":"","mac":"fa:16:3e:08:b1:7e","name":"cdt-net","port":"","uuid":"76609608-4b00-42e5-abb7-699c118f1cbc"}],"network_mode":null,"personality":[],"power_state":"active","region":"CyberRange","scheduler_hints":[],"security_groups":["default"],"stop_before_destroy":false,"tags":[],"timeouts":null,"updated":"2025-09-15 14:27:59 +0000 UTC","user_data":"89408af40558290f054d9b01198cafe6057ee65d","vendor_options":[]},"sensitive_attributes":[[{"type":"get_attr","value":"admin_pass"}]],"private":"eyJlMmJmYjczMC1lY2FhLTExZTYtOGY4OC0zNDM2M2JjN2M0YzAiOnsiY3JlYXRlIjoxODAwMDAwMDAwMDAwLCJkZWxldGUiOjE4MDAwMDAwMDAwMDAsInVwZGF0ZSI6MTgwMDAwMDAwMDAwMH19","dependencies":["data.openstack_images_image_v2.debian","openstack_networking_network_v2.cdt_net"]},{"index_key":1,"schema_version":0,"attributes":{"access_ip_v4":"10.10.10.12","access_ip_v6":"","admin_pass":null,"all_metadata":{},"all_tags":[],"availability_zone":"nova","availability_zone_hints":null,"block_device":[{"boot_index":0,"delete_on_termination":true,"destination_type":"volume","device_type":"","disk_bus":"","guest_format":"","multiattach":false,"source_type":"image","uuid":"1b40c0d0-a99d-4c04-94fb-5268e61f0d49","volume_size":80,"volume_type":""}],"config_drive":null,"created":"2025-09-15 14:27:09 +0000 UTC","flavor_id":"6f4e2f56-5576-4705-9889-2d828c9758a0","flavor_name":"medium","force_delete":false,"hypervisor_hostname":"","id":"5c4d13ed-509d-46f3-8b44-b6137182ae3b","image_id":"Attempt to boot from volume - no image supplied","image_name":"debian-trixie-amd64-cloud-20250628-05-24","key_pair":"cdtscoring","metadata":null,"name":"cdt-debian-2","network":[{"access_network":false,"fixed_ip_v4":"10.10.10.12","fixed_ip_v6":"","mac":"fa:16:3e:c3:cb:42","name":"cdt-net","port":"","uuid":"76609608-4b00-42e5-abb7-699c118f1cbc"}],"network_mode":null,"personality":[],"power_state":"active","region":"CyberRange","scheduler_hints":[],"security_groups":["default"],"stop_before_destroy":false,"tags":[],"timeouts":null,"updated":"2025-09-15 14:27:46 +0000 UTC","user_data":"89408af40558290f054d9b01198cafe6057ee65d","vendor_options":[]},"sensitive_attributes":[[{"type":"get_attr","value":"admin_pass"}]],"private":"eyJlMmJmYjczMC1lY2FhLTExZTYtOGY4OC0zNDM2M2JjN2M0YzAiOnsiY3JlYXRlIjoxODAwMDAwMDAwMDAwLCJkZWxldGUiOjE4MDAwMDAwMDAwMDAsInVwZGF0ZSI6MTgwMDAwMDAwMDAwMH19","dependencies":["data.openstack_images_image_v2.debian","openstack_networking_network_v2.cdt_net"]},{"index_key":2,"schema_version":0,"attributes":{"access_ip_v4":"10.10.10.13","access_ip_v6":"","admin_pass":null,"all_metadata":{},"all_tags":[],"availability_zone":"nova","availability_zone_hints":null,"block_device":[{"boot_index":0,"delete_on_termination":true,"destination_type":"volume","device_type":"","disk_bus":"","guest_format":"","multiattach":false,"source_type":"image","uuid":"1b40c0d0-a99d-4c04-94fb-5268e61f0d49","volume_size":80,"volume_type":""}],"config_drive":null,"created":"2025-09-15 16:22:16 +0000 UTC","flavor_id":"6f4e2f56-5576-4705-9889-2d828c9758a0","flavor_name":"medium","force_delete":false,"hypervisor_hostname":"","id":"2e12f45c-70f7-4ae7-82c4-761eab9a1239","image_id":"Attempt to boot from volume - no image supplied","image_name":"debian-trixie-amd64-cloud-20250628-05-24","key_pair":"cdtscoring","metadata":null,"name":"cdt-debian-3","network":[{"access_network":false,"fixed_ip_v4":"10.10.10.13","fixed_ip_v6":"","mac":"fa:16:3e:44:18:83","name":"cdt-net","port":"","uuid":"76609608-4b00-42e5-abb7-699c118f1cbc"}],"network_mode":null,"personality":[],"power_state":"active","region":"CyberRange","scheduler_hints":[],"security_groups":["default"],"stop_before_destroy":false,"tags":[],"timeouts":null,"updated":"2025-09-15 16:22:33 +0000 UTC","user_data":"89408af40558290f054d9b01198cafe6057ee65d","vendor_options":[]},"sensitive_attributes":[[{"type":"get_attr","value":"admin_pass"}]],"private":"eyJlMmJmYjczMC1lY2FhLTExZTYtOGY4OC0zNDM2M2JjN2M0YzAiOnsiY3JlYXRlIjoxODAwMDAwMDAwMDAwLCJkZWxldGUiOjE4MDAwMDAwMDAwMDAsInVwZGF0ZSI6MTgwMDAwMDAwMDAwMH19","dependencies":["data.openstack_images_image_v2.debian","openstack_networking_network_v2.cdt_net"]},{"index_key":3,"schema_version":0,"attributes":{"access_ip_v4":"10.10.10.14","access_ip_v6":"","admin_pass":null,"all_metadata":{},"all_tags":[],"availability_zone":"nova","availability_zone_hints":null,"block_device":[{"boot_index":0,"delete_on_termination":true,"destination_type":"volume","device_type":"","disk_bus":"","guest_format":"","multiattach":false,"source_type":"image","uuid":"1b40c0d0-a99d-4c04-94fb-5268e61f0d49","volume_size":80,"volume_type":""}],"config_drive":null,"created":"2025-09-15 14:27:09 +0000 UTC","flavor_id":"6f4e2f56-5576-4705-9889-2d828c9758a0","flavor_name":"medium","force_delete":false,"hypervisor_hostname":"","id":"eb50cbf7-0ab4-4d7f-acc7-23a73b2d4d1b","image_id":"Attempt to boot from volume - no image supplied","image_name":"debian-trixie-amd64-cloud-20250628-05-24","key_pair":"cdtscoring","metadata":null,"name":"cdt-debian-4","network":[{"access_network":false,"fixed_ip_v4":"10.10.10.14","fixed_ip_v6":"","mac":"fa:16:3e:23:a7:a7","name":"cdt-net","port":"","uuid":"76609608-4b00-42e5-abb7-699c118f1cbc"}],"network_mode":null,"personality":[],"power_state":"active","region":"CyberRange","scheduler_hints":[],"security_groups":["default"],"stop_before_destroy":false,"tags":[],"timeouts":null,"updated":"2025-09-15 14:27:34 +0000 UTC","user_data":"89408af40558290f054d9b01198cafe6057ee65d","vendor_options":[]},"sensitive_attributes":[[{"type":"get_attr","value":"admin_pass"}]],"private":"eyJlMmJmYjczMC1lY2FhLTExZTYtOGY4OC0zNDM2M2JjN2M0YzAiOnsiY3JlYXRlIjoxODAwMDAwMDAwMDAwLCJkZWxldGUiOjE4MDAwMDAwMDAwMDAsInVwZGF0ZSI6MTgwMDAwMDAwMDAwMH19","dependencies":["data.openstack_images_image_v2.debian","openstack_networking_network_v2.cdt_net"]},{"index_key":4,"schema_version":0,"attributes":{"access_ip_v4":"10.10.10.15","access_ip_v6":"","admin_pass":null,"all_metadata":{},"all_tags":[],"availability_zone":"nova","availability_zone_hints":null,"block_device":[{"boot_index":0,"delete_on_termination":true,"destination_type":"volume","device_type":"","disk_bus":"","guest_format":"","multiattach":false,"source_type":"image","uuid":"1b40c0d0-a99d-4c04-94fb-5268e61f0d49","volume_size":80,"volume_type":""}],"config_drive":null,"created":"2025-09-15 14:27:58 +0000 UTC","flavor_id":"6f4e2f56-5576-4705-9889-2d828c9758a0","flavor_name":"medium","force_delete":false,"hypervisor_hostname":"","id":"46edb74f-b494-4f2e-a539-e796bffaef0a","image_id":"Attempt to boot from volume - no image supplied","image_name":"debian-trixie-amd64-cloud-20250628-05-24","key_pair":"cdtscoring","metadata":null,"name":"cdt-debian-5","network":[{"access_network":false,"fixed_ip_v4":"10.10.10.15","fixed_ip_v6":"","mac":"fa:16:3e:7c:c9:a6","name":"cdt-net","port":"","uuid":"76609608-4b00-42e5-abb7-699c118f1cbc"}],"network_mode":null,"personality":[],"power_state":"active","region":"CyberRange","scheduler_hints":[],"security_groups":["default"],"stop_before_destroy":false,"tags":[],"timeouts":null,"updated":"2025-09-15 14:28:25 +0000 UTC","user_data":"89408af40558290f054d9b01198cafe6057ee65d","vendor_options":[]},"sensitive_attributes":[[{"type":"get_attr","value":"admin_pass"}]],"private":"eyJlMmJmYjczMC1lY2FhLTExZTYtOGY4OC0zNDM2M2JjN2M0YzAiOnsiY3JlYXRlIjoxODAwMDAwMDAwMDAwLCJkZWxldGUiOjE4MDAwMDAwMDAwMDAsInVwZGF0ZSI6MTgwMDAwMDAwMDAwMH19","dependencies":["data.openstack_images_image_v2.debian","openstack_networking_network_v2.cdt_net"]},{"index_key":5,"schema_version":0,"attributes":{"access_ip_v4":"10.10.10.16","access_ip_v6":"","admin_pass":null,"all_metadata":{},"all_tags":[],"availability_zone":"nova","availability_zone_hints":null,"block_device":[{"boot_index":0,"delete_on_termination":true,"destination_type":"volume","device_type":"","disk_bus":"","guest_format":"","multiattach":false,"source_type":"image","uuid":"1b40c0d0-a99d-4c04-94fb-5268e61f0d49","volume_size":80,"volume_type":""}],"config_drive":null,"created":"2025-09-15 14:27:39 +0000 UTC","flavor_id":"6f4e2f56-5576-4705-9889-2d828c9758a0","flavor_name":"medium","force_delete":false,"hypervisor_hostname":"","id":"9f210212-715b-4d86-8a0a-88c3e577a414","image_id":"Attempt to boot from volume - no image supplied","image_name":"debian-trixie-amd64-cloud-20250628-05-24","key_pair":"cdtscoring","metadata":null,"name":"cdt-debian-6","network":[{"access_network":false,"fixed_ip_v4":"10.10.10.16","fixed_ip_v6":"","mac":"fa:16:3e:46:00:59","name":"cdt-net","port":"","uuid":"76609608-4b00-42e5-abb7-699c118f1cbc"}],"network_mode":null,"personality":[],"power_state":"active","region":"CyberRange","scheduler_hints":[],"security_groups":["default"],"stop_before_destroy":false,"tags":[],"timeouts":null,"updated":"2025-09-15 14:28:05 +0000 UTC","user_data":"89408af40558290f054d9b01198cafe6057ee65d","vendor_options":[]},"sensitive_attributes":[[{"type":"get_attr","value":"admin_pass"}]],"private":"eyJlMmJmYjczMC1lY2FhLTExZTYtOGY4OC0zNDM2M2JjN2M0YzAiOnsiY3JlYXRlIjoxODAwMDAwMDAwMDAwLCJkZWxldGUiOjE4MDAwMDAwMDAwMDAsInVwZGF0ZSI6MTgwMDAwMDAwMDAwMH19","dependencies":["data.openstack_images_image_v2.debian","openstack_networking_network_v2.cdt_net"]},{"index_key":6,"schema_version":0,"attributes":{"access_ip_v4":"10.10.10.17","access_ip_v6":"","admin_pass":null,"all_metadata":{},"all_tags":[],"availability_zone":"nova","availability_zone_hints":null,"block_device":[{"boot_index":0,"delete_on_termination":true,"destination_type":"volume","device_type":"","disk_bus":"","guest_format":"","multiattach":false,"source_type":"image","uuid":"1b40c0d0-a99d-4c04-94fb-5268e61f0d49","volume_size":80,"volume_type":""}],"config_drive":null,"created":"2025-09-15 15:21:17 +0000 UTC","flavor_id":"6f4e2f56-5576-4705-9889-2d828c9758a0","flavor_name":"medium","force_delete":false,"hypervisor_hostname":"","id":"ce22eea6-aa66-4ab5-997e-daec9c913051","image_id":"Attempt to boot from volume - no image supplied","image_name":"debian-trixie-amd64-cloud-20250628-05-24","key_pair":"cdtscoring","metadata":null,"name":"cdt-debian-7","network":[{"access_network":false,"fixed_ip_v4":"10.10.10.17","fixed_ip_v6":"","mac":"fa:16:3e:69:06:91","name":"cdt-net","port":"","uuid":"76609608-4b00-42e5-abb7-699c118f1cbc"}],"network_mode":null,"personality":[],"power_state":"active","region":"CyberRange","scheduler_hints":[],"security_groups":["default"],"stop_before_destroy":false,"tags":[],"timeouts":null,"updated":"2025-09-15 15:21:33 +0000 UTC","user_data":"89408af40558290f054d9b01198cafe6057ee65d","vendor_options":[]},"sensitive_attributes":[[{"type":"get_attr","value":"admin_pass"}]],"private":"eyJlMmJmYjczMC1lY2FhLTExZTYtOGY4OC0zNDM2M2JjN2M0YzAiOnsiY3JlYXRlIjoxODAwMDAwMDAwMDAwLCJkZWxldGUiOjE4MDAwMDAwMDAwMDAsInVwZGF0ZSI6MTgwMDAwMDAwMDAwMH19","dependencies":["data.openstack_images_image_v2.debian","openstack_networking_network_v2.cdt_net"]},{"index_key":7,"schema_version":0,"attributes":{"access_ip_v4":"10.10.10.18","access_ip_v6":"","admin_pass":null,"all_metadata":{},"all_tags":[],"availability_zone":"nova","availability_zone_hints":null,"block_device":[{"boot_index":0,"delete_on_termination":true,"destination_type":"volume","device_type":"","disk_bus":"","guest_format":"","multiattach":false,"source_type":"image","uuid":"1b40c0d0-a99d-4c04-94fb-5268e61f0d49","volume_size":80,"volume_type":""}],"config_drive":null,"created":"2025-09-15 14:28:28 +0000 UTC","flavor_id":"6f4e2f56-5576-4705-9889-2d828c9758a0","flavor_name":"medium","force_delete":false,"hypervisor_hostname":"","id":"a7b34112-9e39-499f-ac40-6c17b5cea87d","image_id":"Attempt to boot from volume - no image supplied","image_name":"debian-trixie-amd64-cloud-20250628-05-24","key_pair":"cdtscoring","metadata":null,"name":"cdt-debian-8","network":[{"access_network":false,"fixed_ip_v4":"10.10.10.18","fixed_ip_v6":"","mac":"fa:16:3e:72:78:ba","name":"cdt-net","port":"","uuid":"76609608-4b00-42e5-abb7-699c118f1cbc"}],"network_mode":null,"personality":[],"power_state":"active","region":"CyberRange","scheduler_hints":[],"security_groups":["default"],"stop_before_destroy":false,"tags":[],"timeouts":null,"updated":"2025-09-15 14:28:48 +0000 UTC","user_data":"89408af40558290f054d9b01198cafe6057ee65d","vendor_options":[]},"sensitive_attributes":[[{"type":"get_attr","value":"admin_pass"}]],"private":"eyJlMmJmYjczMC1lY2FhLTExZTYtOGY4OC0zNDM2M2JjN2M0YzAiOnsiY3JlYXRlIjoxODAwMDAwMDAwMDAwLCJkZWxldGUiOjE4MDAwMDAwMDAwMDAsInVwZGF0ZSI6MTgwMDAwMDAwMDAwMH19","dependencies":["data.openstack_images_image_v2.debian","openstack_networking_network_v2.cdt_net"]},{"index_key":8,"schema_version":0,"attributes":{"access_ip_v4":"10.10.10.19","access_ip_v6":"","admin_pass":null,"all_metadata":{},"all_tags":[],"availability_zone":"nova","availability_zone_hints":null,"block_device":[{"boot_index":0,"delete_on_termination":true,"destination_type":"volume","device_type":"","disk_bus":"","guest_format":"","multiattach":false,"source_type":"image","uuid":"1b40c0d0-a99d-4c04-94fb-5268e61f0d49","volume_size":80,"volume_type":""}],"config_drive":null,"created":"2025-09-15 15:32:05 +0000 UTC","flavor_id":"6f4e2f56-5576-4705-9889-2d828c9758a0","flavor_name":"medium","force_delete":false,"hypervisor_hostname":"","id":"99f17a8b-c106-45ef-809c-7dc21e730189","image_id":"Attempt to boot from volume - no image supplied","image_name":"debian-trixie-amd64-cloud-20250628-05-24","key_pair":"cdtscoring","metadata":null,"name":"cdt-debian-9","network":[{"access_network":false,"fixed_ip_v4":"10.10.10.19","fixed_ip_v6":"","mac":"fa:16:3e:e0:57:73","name":"cdt-net","port":"","uuid":"76609608-4b00-42e5-abb7-699c118f1cbc"}],"network_mode":null,"personality":[],"power_state":"active","region":"CyberRange","scheduler_hints":[],"security_groups":["default"],"stop_before_destroy":false,"tags":[],"timeouts":null,"updated":"2025-09-15 15:32:22 +0000 UTC","user_data":"89408af40558290f054d9b01198cafe6057ee65d","vendor_options":[]},"sensitive_attributes":[[{"type":"get_attr","value":"admin_pass"}]],"private":"eyJlMmJmYjczMC1lY2FhLTExZTYtOGY4OC0zNDM2M2JjN2M0YzAiOnsiY3JlYXRlIjoxODAwMDAwMDAwMDAwLCJkZWxldGUiOjE4MDAwMDAwMDAwMDAsInVwZGF0ZSI6MTgwMDAwMDAwMDAwMH19","dependencies":["data.openstack_images_image_v2.debian","openstack_networking_network_v2.cdt_net"]},{"index_key":9,"schema_version":0,"attributes":{"access_ip_v4":"10.10.10.110","access_ip_v6":"","admin_pass":null,"all_metadata":{},"all_tags":[],"availability_zone":"nova","availability_zone_hints":null,"block_device":[{"boot_index":0,"delete_on_termination":true,"destination_type":"volume","device_type":"","disk_bus":"","guest_format":"","multiattach":false,"source_type":"image","uuid":"1b40c0d0-a99d-4c04-94fb-5268e61f0d49","volume_size":80,"volume_type":""}],"config_drive":null,"created":"2025-09-15 14:27:59 +0000 UTC","flavor_id":"6f4e2f56-5576-4705-9889-2d828c9758a0","flavor_name":"medium","force_delete":false,"hypervisor_hostname":"","id":"41054369-8ee0-402e-a2d6-ad087294d8c3","image_id":"Attempt to boot from volume - no image supplied","image_name":"debian-trixie-amd64-cloud-20250628-05-24","key_pair":"cdtscoring","metadata":null,"name":"cdt-debian-10","network":[{"access_network":false,"fixed_ip_v4":"10.10.10.110","fixed_ip_v6":"","mac":"fa:16:3e:19:73:2c","name":"cdt-net","port":"","uuid":"76609608-4b00-42e5-abb7-699c118f1cbc"}],"network_mode":null,"personality":[],"power_state":"active","region":"CyberRange","scheduler_hints":[],"security_groups":["default"],"stop_before_destroy":false,"tags":[],"timeouts":null,"updated":"2025-09-15 14:28:29 +0000 UTC","user_data":"89408af40558290f054d9b01198cafe6057ee65d","vendor_options":[]},"sensitive_attributes":[[{"type":"get_attr","value":"admin_pass"}]],"private":"eyJlMmJmYjczMC1lY2FhLTExZTYtOGY4OC0zNDM2M2JjN2M0YzAiOnsiY3JlYXRlIjoxODAwMDAwMDAwMDAwLCJkZWxldGUiOjE4MDAwMDAwMDAwMDAsInVwZGF0ZSI6MTgwMDAwMDAwMDAwMH19","dependencies":["data.openstack_images_image_v2.debian","openstack_networking_network_v2.cdt_net"]},{"index_key":10,"schema_version":0,"attributes":{"access_ip_v4":"10.10.10.111","access_ip_v6":"","admin_pass":null,"all_metadata":{},"all_tags":[],"availability_zone":"nova","availability_zone_hints":null,"block_device":[{"boot_index":0,"delete_on_termination":true,"destination_type":"volume","device_type":"","disk_bus":"","guest_format":"","multiattach":false,"source_type":"image","uuid":"1b40c0d0-a99d-4c04-94fb-5268e61f0d49","volume_size":80,"volume_type":""}],"config_drive":null,"created":"2025-09-15 14:28:19 +0000 UTC","flavor_id":"6f4e2f56-5576-4705-9889-2d828c9758a0","flavor_name":"medium","force_delete":false,"hypervisor_hostname":"","id":"4bb8325c-98a7-4525-af8d-e5bf234ac2b6","image_id":"Attempt to boot from volume - no image supplied","image_name":"debian-trixie-amd64-cloud-20250628-05-24","key_pair":"cdtscoring","metadata":null,"name":"cdt-debian-11","network":[{"access_network":false,"fixed_ip_v4":"10.10.10.111","fixed_ip_v6":"","mac":"fa:16:3e:18:7d:8e","name":"cdt-net","port":"","uuid":"76609608-4b00-42e5-abb7-699c118f1cbc"}],"network_mode":null,"personality":[],"power_state":"active","region":"CyberRange","scheduler_hints":[],"security_groups":["default"],"stop_before_destroy":false,"tags":[],"timeouts":null,"updated":"2025-09-15 14:28:47 +0000 UTC","user_data":"89408af40558290f054d9b01198cafe6057ee65d","vendor_options":[]},"sensitive_attributes":[[{"type":"get_attr","value":"admin_pass"}]],"private":"eyJlMmJmYjczMC1lY2FhLTExZTYtOGY4OC0zNDM2M2JjN2M0YzAiOnsiY3JlYXRlIjoxODAwMDAwMDAwMDAwLCJkZWxldGUiOjE4MDAwMDAwMDAwMDAsInVwZGF0ZSI6MTgwMDAwMDAwMDAwMH19","dependencies":["data.openstack_images_image_v2.debian","openstack_networking_network_v2.cdt_net"]},{"index_key":11,"schema_version":0,"attributes":{"access_ip_v4":"10.10.10.112","access_ip_v6":"","admin_pass":null,"all_metadata":{},"all_tags":[],"availability_zone":"nova","availability_zone_hints":null,"block_device":[{"boot_index":0,"delete_on_termination":true,"destination_type":"volume","device_type":"","disk_bus":"","guest_format":"","multiattach":false,"source_type":"image","uuid":"1b40c0d0-a99d-4c04-94fb-5268e61f0d49","volume_size":80,"volume_type":""}],"config_drive":null,"created":"2025-09-15 15:26:14 +0000 UTC","flavor_id":"6f4e2f56-5576-4705-9889-2d828c9758a0","flavor_name":"medium","force_delete":false,"hypervisor_hostname":"","id":"b01c5160-a14c-47b1-84d4-fd719798c607","image_id":"Attempt to boot from volume - no image supplied","image_name":"debian-trixie-amd64-cloud-20250628-05-24","key_pair":"cdtscoring","metadata":null,"name":"cdt-debian-12","network":[{"access_network":false,"fixed_ip_v4":"10.10.10.112","fixed_ip_v6":"","mac":"fa:16:3e:2b:6d:24","name":"cdt-net","port":"","uuid":"76609608-4b00-42e5-abb7-699c118f1cbc"}],"network_mode":null,"personality":[],"power_state":"active","region":"CyberRange","scheduler_hints":[],"security_groups":["default"],"stop_before_destroy":false,"tags":[],"timeouts":null,"updated":"2025-09-15 15:26:30 +0000 UTC","user_data":"89408af40558290f054d9b01198cafe6057ee65d","vendor_options":[]},"sensitive_attributes":[[{"type":"get_attr","value":"admin_pass"}]],"private":"eyJlMmJmYjczMC1lY2FhLTExZTYtOGY4OC0zNDM2M2JjN2M0YzAiOnsiY3JlYXRlIjoxODAwMDAwMDAwMDAwLCJkZWxldGUiOjE4MDAwMDAwMDAwMDAsInVwZGF0ZSI6MTgwMDAwMDAwMDAwMH19","dependencies":["data.openstack_images_image_v2.debian","openstack_networking_network_v2.cdt_net"]},{"index_key":12,"schema_version":0,"attributes":{"access_ip_v4":"10.10.10.113","access_ip_v6":"","admin_pass":null,"all_metadata":{},"all_tags":[],"availability_zone":"nova","availability_zone_hints":null,"block_device":[{"boot_index":0,"delete_on_termination":true,"destination_type":"volume","device_type":"","disk_bus":"","guest_format":"","multiattach":false,"source_type":"image","uuid":"1b40c0d0-a99d-4c04-94fb-5268e61f0d49","volume_size":80,"volume_type":""}],"config_drive":null,"created":"2025-09-15 14:27:49 +0000 UTC","flavor_id":"6f4e2f56-5576-4705-9889-2d828c9758a0","flavor_name":"medium","force_delete":false,"hypervisor_hostname":"","id":"c9a855b2-4023-4405-896f-4dc88afcb4bc","image_id":"Attempt to boot from volume - no image supplied","image_name":"debian-trixie-amd64-cloud-20250628-05-24","key_pair":"cdtscoring","metadata":null,"name":"cdt-debian-13","network":[{"access_network":false,"fixed_ip_v4":"10.10.10.113","fixed_ip_v6":"","mac":"fa:16:3e:46:ec:64","name":"cdt-net","port":"","uuid":"76609608-4b00-42e5-abb7-699c118f1cbc"}],"network_mode":null,"personality":[],"power_state":"active","region":"CyberRange","scheduler_hints":[],"security_groups":["default"],"stop_before_destroy":false,"tags":[],"timeouts":null,"updated":"2025-09-15 14:28:18 +0000 UTC","user_data":"89408af40558290f054d9b01198cafe6057ee65d","vendor_options":[]},"sensitive_attributes":[[{"type":"get_attr","value":"admin_pass"}]],"private":"eyJlMmJmYjczMC1lY2FhLTExZTYtOGY4OC0zNDM2M2JjN2M0YzAiOnsiY3JlYXRlIjoxODAwMDAwMDAwMDAwLCJkZWxldGUiOjE4MDAwMDAwMDAwMDAsInVwZGF0ZSI6MTgwMDAwMDAwMDAwMH19","dependencies":["data.openstack_images_image_v2.debian","openstack_networking_network_v2.cdt_net"]},{"index_key":13,"schema_version":0,"attributes":{"access_ip_v4":"10.10.10.114","access_ip_v6":"","admin_pass":null,"all_metadata":{},"all_tags":[],"availability_zone":"nova","availability_zone_hints":null,"block_device":[{"boot_index":0,"delete_on_termination":true,"destination_type":"volume","device_type":"","disk_bus":"","guest_format":"","multiattach":false,"source_type":"image","uuid":"1b40c0d0-a99d-4c04-94fb-5268e61f0d49","volume_size":80,"volume_type":""}],"config_drive":null,"created":"2025-09-15 14:27:09 +0000 UTC","flavor_id":"6f4e2f56-5576-4705-9889-2d828c9758a0","flavor_name":"medium","force_delete":false,"hypervisor_hostname":"","id":"a28d4e64-691c-474d-b680-0d853b6b0992","image_id":"Attempt to boot from volume - no image supplied","image_name":"debian-trixie-amd64-cloud-20250628-05-24","key_pair":"cdtscoring","metadata":null,"name":"cdt-debian-14","network":[{"access_network":false,"fixed_ip_v4":"10.10.10.114","fixed_ip_v6":"","mac":"fa:16:3e:4c:e8:77","name":"cdt-net","port":"","uuid":"76609608-4b00-42e5-abb7-699c118f1cbc"}],"network_mode":null,"personality":[],"power_state":"active","region":"CyberRange","scheduler_hints":[],"security_groups":["default"],"stop_before_destroy":false,"tags":[],"timeouts":null,"updated":"2025-09-15 14:27:51 +0000 UTC","user_data":"89408af40558290f054d9b01198cafe6057ee65d","vendor_options":[]},"sensitive_attributes":[[{"type":"get_attr","value":"admin_pass"}]],"private":"eyJlMmJmYjczMC1lY2FhLTExZTYtOGY4OC0zNDM2M2JjN2M0YzAiOnsiY3JlYXRlIjoxODAwMDAwMDAwMDAwLCJkZWxldGUiOjE4MDAwMDAwMDAwMDAsInVwZGF0ZSI6MTgwMDAwMDAwMDAwMH19","dependencies":["data.openstack_images_image_v2.debian","openstack_networking_network_v2.cdt_net"]},{"index_key":14,"schema_version":0,"attributes":{"access_ip_v4":"10.10.10.115","access_ip_v6":"","admin_pass":null,"all_metadata":{},"all_tags":[],"availability_zone":"nova","availability_zone_hints":null,"block_device":[{"boot_index":0,"delete_on_termination":true,"destination_type":"volume","device_type":"","disk_bus":"","guest_format":"","multiattach":false,"source_type":"image","uuid":"1b40c0d0-a99d-4c04-94fb-5268e61f0d49","volume_size":80,"volume_type":""}],"config_drive":null,"created":"2025-09-15 14:27:09 +0000 UTC","flavor_id":"6f4e2f56-5576-4705-9889-2d828c9758a0","flavor_name":"medium","force_delete":false,"hypervisor_hostname":"","id":"5a2d3bef-ef4f-4f11-91c2-2d8dfe7d57c7","image_id":"Attempt to boot from volume - no image supplied","image_name":"debian-trixie-amd64-cloud-20250628-05-24","key_pair":"cdtscoring","metadata":null,"name":"cdt-debian-15","network":[{"access_network":false,"fixed_ip_v4":"10.10.10.115","fixed_ip_v6":"","mac":"fa:16:3e:db:ec:62","name":"cdt-net","port":"","uuid":"76609608-4b00-42e5-abb7-699c118f1cbc"}],"network_mode":null,"personality":[],"power_state":"active","region":"CyberRange","scheduler_hints":[],"security_groups":["default"],"stop_before_destroy":false,"tags":[],"timeouts":null,"updated":"2025-09-15 14:27:42 +0000 UTC","user_data":"89408af40558290f054d9b01198cafe6057ee65d","vendor_options":[]},"sensitive_attributes":[[{"type":"get_attr","value":"admin_pass"}]],"private":"eyJlMmJmYjczMC1lY2FhLTExZTYtOGY4OC0zNDM2M2JjN2M0YzAiOnsiY3JlYXRlIjoxODAwMDAwMDAwMDAwLCJkZWxldGUiOjE4MDAwMDAwMDAwMDAsInVwZGF0ZSI6MTgwMDAwMDAwMDAwMH19","dependencies":["data.openstack_images_image_v2.debian","openstack_networking_network_v2.cdt_net"]},{"index_key":15,"schema_version":0,"attributes":{"access_ip_v4":"10.10.10.116","access_ip_v6":"","admin_pass":null,"all_metadata":{},"all_tags":[],"availability_zone":"nova","availability_zone_hints":null,"block_device":[{"boot_index":0,"delete_on_termination":true,"destination_type":"volume","device_type":"","disk_bus":"","guest_format":"","multiattach":false,"source_type":"image","uuid":"1b40c0d0-a99d-4c04-94fb-5268e61f0d49","volume_size":80,"volume_type":""}],"config_drive":null,"created":"2025-09-15 14:28:09 +0000 UTC","flavor_id":"6f4e2f56-5576-4705-9889-2d828c9758a0","flavor_name":"medium","force_delete":false,"hypervisor_hostname":"","id":"06890a89-3f54-48d6-a58c-8f0ee3cadc71","image_id":"Attempt to boot from volume - no image supplied","image_name":"debian-trixie-amd64-cloud-20250628-05-24","key_pair":"cdtscoring","metadata":null,"name":"cdt-debian-16","network":[{"access_network":false,"fixed_ip_v4":"10.10.10.116","fixed_ip_v6":"","mac":"fa:16:3e:d5:55:ae","name":"cdt-net","port":"","uuid":"76609608-4b00-42e5-abb7-699c118f1cbc"}],"network_mode":null,"personality":[],"power_state":"active","region":"CyberRange","scheduler_hints":[],"security_groups":["default"],"stop_before_destroy":false,"tags":[],"timeouts":null,"updated":"2025-09-15 14:28:45 +0000 UTC","user_data":"89408af40558290f054d9b01198cafe6057ee65d","vendor_options":[]},"sensitive_attributes":[[{"type":"get_attr","value":"admin_pass"}]],"private":"eyJlMmJmYjczMC1lY2FhLTExZTYtOGY4OC0zNDM2M2JjN2M0YzAiOnsiY3JlYXRlIjoxODAwMDAwMDAwMDAwLCJkZWxldGUiOjE4MDAwMDAwMDAwMDAsInVwZGF0ZSI6MTgwMDAwMDAwMDAwMH19","dependencies":["data.openstack_images_image_v2.debian","openstack_networking_network_v2.cdt_net"]},{"index_key":16,"schema_version":0,"attributes":{"access_ip_v4":"10.10.10.117","access_ip_v6":"","admin_pass":null,"all_metadata":{},"all_tags":[],"availability_zone":"nova","availability_zone_hints":null,"block_device":[{"boot_index":0,"delete_on_termination":true,"destination_type":"volume","device_type":"","disk_bus":"","guest_format":"","multiattach":false,"source_type":"image","uuid":"1b40c0d0-a99d-4c04-94fb-5268e61f0d49","volume_size":80,"volume_type":""}],"config_drive":null,"created":"2025-09-15 14:28:08 +0000 UTC","flavor_id":"6f4e2f56-5576-4705-9889-2d828c9758a0","flavor_name":"medium","force_delete":false,"hypervisor_hostname":"","id":"a96f46a1-8a04-4e4f-9ba8-1f902ad087aa","image_id":"Attempt to boot from volume - no image supplied","image_name":"debian-trixie-amd64-cloud-20250628-05-24","key_pair":"cdtscoring","metadata":null,"name":"cdt-debian-17","network":[{"access_network":false,"fixed_ip_v4":"10.10.10.117","fixed_ip_v6":"","mac":"fa:16:3e:50:a1:26","name":"cdt-net","port":"","uuid":"76609608-4b00-42e5-abb7-699c118f1cbc"}],"network_mode":null,"personality":[],"power_state":"active","region":"CyberRange","scheduler_hints":[],"security_groups":["default"],"stop_before_destroy":false,"tags":[],"timeouts":null,"updated":"2025-09-15 14:28:37 +0000 UTC","user_data":"89408af40558290f054d9b01198cafe6057ee65d","vendor_options":[]},"sensitive_attributes":[[{"type":"get_attr","value":"admin_pass"}]],"private":"eyJlMmJmYjczMC1lY2FhLTExZTYtOGY4OC0zNDM2M2JjN2M0YzAiOnsiY3JlYXRlIjoxODAwMDAwMDAwMDAwLCJkZWxldGUiOjE4MDAwMDAwMDAwMDAsInVwZGF0ZSI6MTgwMDAwMDAwMDAwMH19","dependencies":["data.openstack_images_image_v2.debian","openstack_networking_network_v2.cdt_net"]},{"index_key":17,"schema_version":0,"attributes":{"access_ip_v4":"10.10.10.118","access_ip_v6":"","admin_pass":null,"all_metadata":{},"all_tags":[],"availability_zone":"nova","availability_zone_hints":null,"block_device":[{"boot_index":0,"delete_on_termination":true,"destination_type":"volume","device_type":"","disk_bus":"","guest_format":"","multiattach":false,"source_type":"image","uuid":"1b40c0d0-a99d-4c04-94fb-5268e61f0d49","volume_size":80,"volume_type":""}],"config_drive":null,"created":"2025-09-15 14:27:09 +0000 UTC","flavor_id":"6f4e2f56-5576-4705-9889-2d828c9758a0","flavor_name":"medium","force_delete":false,"hypervisor_hostname":"","id":"bc404165-3762-4b8b-9ba6-05ac18d07f72","image_id":"Attempt to boot from volume - no image supplied","image_name":"debian-trixie-amd64-cloud-20250628-05-24","key_pair":"cdtscoring","metadata":null,"name":"cdt-debian-18","network":[{"access_network":false,"fixed_ip_v4":"10.10.10.118","fixed_ip_v6":"","mac":"fa:16:3e:52:e2:00","name":"cdt-net","port":"","uuid":"76609608-4b00-42e5-abb7-699c118f1cbc"}],"network_mode":null,"personality":[],"power_state":"active","region":"CyberRange","scheduler_hints":[],"security_groups":["default"],"stop_before_destroy":false,"tags":[],"timeouts":null,"updated":"2025-09-15 14:27:30 +0000 UTC","user_data":"89408af40558290f054d9b01198cafe6057ee65d","vendor_options":[]},"sensitive_attributes":[[{"type":"get_attr","value":"admin_pass"}]],"private":"eyJlMmJmYjczMC1lY2FhLTExZTYtOGY4OC0zNDM2M2JjN2M0YzAiOnsiY3JlYXRlIjoxODAwMDAwMDAwMDAwLCJkZWxldGUiOjE4MDAwMDAwMDAwMDAsInVwZGF0ZSI6MTgwMDAwMDAwMDAwMH19","dependencies":["data.openstack_images_image_v2.debian","openstack_networking_network_v2.cdt_net"]},{"index_key":18,"schema_version":0,"attributes":{"access_ip_v4":"10.10.10.119","access_ip_v6":"","admin_pass":null,"all_metadata":{},"all_tags":[],"availability_zone":"nova","availability_zone_hints":null,"block_device":[{"boot_index":0,"delete_on_termination":true,"destination_type":"volume","device_type":"","disk_bus":"","guest_format":"","multiattach":false,"source_type":"image","uuid":"1b40c0d0-a99d-4c04-94fb-5268e61f0d49","volume_size":80,"volume_type":""}],"config_drive":null,"created":"2025-09-15 14:28:29 +0000 UTC","flavor_id":"6f4e2f56-5576-4705-9889-2d828c9758a0","flavor_name":"medium","force_delete":false,"hypervisor_hostname":"","id":"64d46a9b-670f-4da5-8b7f-19bd518460f9","image_id":"Attempt to boot from volume - no image supplied","image_name":"debian-trixie-amd64-cloud-20250628-05-24","key_pair":"cdtscoring","metadata":null,"name":"cdt-debian-19","network":[{"access_network":false,"fixed_ip_v4":"10.10.10.119","fixed_ip_v6":"","mac":"fa:16:3e:78:31:3a","name":"cdt-net","port":"","uuid":"76609608-4b00-42e5-abb7-699c118f1cbc"}],"network_mode":null,"personality":[],"power_state":"active","region":"CyberRange","scheduler_hints":[],"security_groups":["default"],"stop_before_destroy":false,"tags":[],"timeouts":null,"updated":"2025-09-15 14:28:54 +0000 UTC","user_data":"89408af40558290f054d9b01198cafe6057ee65d","vendor_options":[]},"sensitive_attributes":[[{"type":"get_attr","value":"admin_pass"}]],"private":"eyJlMmJmYjczMC1lY2FhLTExZTYtOGY4OC0zNDM2M2JjN2M0YzAiOnsiY3JlYXRlIjoxODAwMDAwMDAwMDAwLCJkZWxldGUiOjE4MDAwMDAwMDAwMDAsInVwZGF0ZSI6MTgwMDAwMDAwMDAwMH19","dependencies":["data.openstack_images_image_v2.debian","openstack_networking_network_v2.cdt_net"]},{"index_key":19,"schema_version":0,"attributes":{"access_ip_v4":"10.10.10.120","access_ip_v6":"","admin_pass":null,"all_metadata":{},"all_tags":[],"availability_zone":"nova","availability_zone_hints":null,"block_device":[{"boot_index":0,"delete_on_termination":true,"destination_type":"volume","device_type":"","disk_bus":"","guest_format":"","multiattach":false,"source_type":"image","uuid":"1b40c0d0-a99d-4c04-94fb-5268e61f0d49","volume_size":80,"volume_type":""}],"config_drive":null,"created":"2025-09-15 14:27:28 +0000 UTC","flavor_id":"6f4e2f56-5576-4705-9889-2d828c9758a0","flavor_name":"medium","force_delete":false,"hypervisor_hostname":"","id":"06fd6f61-87fd-49d4-8ce1-ef08f1c092b2","image_id":"Attempt to boot from volume - no image supplied","image_name":"debian-trixie-amd64-cloud-20250628-05-24","key_pair":"cdtscoring","metadata":null,"name":"cdt-debian-20","network":[{"access_network":false,"fixed_ip_v4":"10.10.10.120","fixed_ip_v6":"","mac":"fa:16:3e:24:64:4f","name":"cdt-net","port":"","uuid":"76609608-4b00-42e5-abb7-699c118f1cbc"}],"network_mode":null,"personality":[],"power_state":"active","region":"CyberRange","scheduler_hints":[],"security_groups":["default"],"stop_before_destroy":false,"tags":[],"timeouts":null,"updated":"2025-09-15 14:27:54 +0000 UTC","user_data":"89408af40558290f054d9b01198cafe6057ee65d","vendor_options":[]},"sensitive_attributes":[[{"type":"get_attr","value":"admin_pass"}]],"private":"eyJlMmJmYjczMC1lY2FhLTExZTYtOGY4OC0zNDM2M2JjN2M0YzAiOnsiY3JlYXRlIjoxODAwMDAwMDAwMDAwLCJkZWxldGUiOjE4MDAwMDAwMDAwMDAsInVwZGF0ZSI6MTgwMDAwMDAwMDAwMH19","dependencies":["data.openstack_images_image_v2.debian","openstack_networking_network_v2.cdt_net"]},{"index_key":20,"schema_version":0,"attributes":{"access_ip_v4":"10.10.10.121","access_ip_v6":"","admin_pass":null,"all_metadata":{},"all_tags":[],"availability_zone":"nova","availability_zone_hints":null,"block_device":[{"boot_index":0,"delete_on_termination":true,"destination_type":"volume","device_type":"","disk_bus":"","guest_format":"","multiattach":false,"source_type":"image","uuid":"1b40c0d0-a99d-4c04-94fb-5268e61f0d49","volume_size":80,"volume_type":""}],"config_drive":null,"created":"2025-09-15 14:27:59 +0000 UTC","flavor_id":"6f4e2f56-5576-4705-9889-2d828c9758a0","flavor_name":"medium","force_delete":false,"hypervisor_hostname":"","id":"bc526c6d-4db6-4572-ba40-227be8e325d1","image_id":"Attempt to boot from volume - no image supplied","image_name":"debian-trixie-amd64-cloud-20250628-05-24","key_pair":"cdtscoring","metadata":null,"name":"cdt-debian-21","network":[{"access_network":false,"fixed_ip_v4":"10.10.10.121","fixed_ip_v6":"","mac":"fa:16:3e:dd:73:61","name":"cdt-net","port":"","uuid":"76609608-4b00-42e5-abb7-699c118f1cbc"}],"network_mode":null,"personality":[],"power_state":"active","region":"CyberRange","scheduler_hints":[],"security_groups":["default"],"stop_before_destroy":false,"tags":[],"timeouts":null,"updated":"2025-09-15 14:28:33 +0000 UTC","user_data":"89408af40558290f054d9b01198cafe6057ee65d","vendor_options":[]},"sensitive_attributes":[[{"type":"get_attr","value":"admin_pass"}]],"private":"eyJlMmJmYjczMC1lY2FhLTExZTYtOGY4OC0zNDM2M2JjN2M0YzAiOnsiY3JlYXRlIjoxODAwMDAwMDAwMDAwLCJkZWxldGUiOjE4MDAwMDAwMDAwMDAsInVwZGF0ZSI6MTgwMDAwMDAwMDAwMH19","dependencies":["data.openstack_images_image_v2.debian","openstack_networking_network_v2.cdt_net"]},{"index_key":21,"schema_version":0,"attributes":{"access_ip_v4":"10.10.10.122","access_ip_v6":"","admin_pass":null,"all_metadata":{},"all_tags":[],"availability_zone":"nova","availability_zone_hints":null,"block_device":[{"boot_index":0,"delete_on_termination":true,"destination_type":"volume","device_type":"","disk_bus":"","guest_format":"","multiattach":false,"source_type":"image","uuid":"1b40c0d0-a99d-4c04-94fb-5268e61f0d49","volume_size":80,"volume_type":""}],"config_drive":null,"created":"2025-09-15 14:28:09 +0000 UTC","flavor_id":"6f4e2f56-5576-4705-9889-2d828c9758a0","flavor_name":"medium","force_delete":false,"hypervisor_hostname":"","id":"678daad3-536c-423f-8643-40d5b5463a40","image_id":"Attempt to boot from volume - no image supplied","image_name":"debian-trixie-amd64-cloud-20250628-05-24","key_pair":"cdtscoring","metadata":null,"name":"cdt-debian-22","network":[{"access_network":false,"fixed_ip_v4":"10.10.10.122","fixed_ip_v6":"","mac":"fa:16:3e:35:0e:48","name":"cdt-net","port":"","uuid":"76609608-4b00-42e5-abb7-699c118f1cbc"}],"network_mode":null,"personality":[],"power_state":"active","region":"CyberRange","scheduler_hints":[],"security_groups":["default"],"stop_before_destroy":false,"tags":[],"timeouts":null,"updated":"2025-09-15 14:28:41 +0000 UTC","user_data":"89408af40558290f054d9b01198cafe6057ee65d","vendor_options":[]},"sensitive_attributes":[[{"type":"get_attr","value":"admin_pass"}]],"private":"eyJlMmJmYjczMC1lY2FhLTExZTYtOGY4OC0zNDM2M2JjN2M0YzAiOnsiY3JlYXRlIjoxODAwMDAwMDAwMDAwLCJkZWxldGUiOjE4MDAwMDAwMDAwMDAsInVwZGF0ZSI6MTgwMDAwMDAwMDAwMH19","dependencies":["data.openstack_images_image_v2.debian","openstack_networking_network_v2.cdt_net"]},{"index_key":22,"schema_version":0,"attributes":{"access_ip_v4":"10.10.10.123","access_ip_v6":"","admin_pass":null,"all_metadata":{},"all_tags":[],"availability_zone":"nova","availability_zone_hints":null,"block_device":[{"boot_index":0,"delete_on_termination":true,"destination_type":"volume","device_type":"","disk_bus":"","guest_format":"","multiattach":false,"source_type":"image","uuid":"1b40c0d0-a99d-4c04-94fb-5268e61f0d49","volume_size":80,"volume_type":""}],"config_drive":null,"created":"2025-09-15 14:27:09 +0000 UTC","flavor_id":"6f4e2f56-5576-4705-9889-2d828c9758a0","flavor_name":"medium","force_delete":false,"hypervisor_hostname":"","id":"983508e3-1382-4027-a540-a8eb7bb3fc13","image_id":"Attempt to boot from volume - no image supplied","image_name":"debian-trixie-amd64-cloud-20250628-05-24","key_pair":"cdtscoring","metadata":null,"name":"cdt-debian-23","network":[{"access_network":false,"fixed_ip_v4":"10.10.10.123","fixed_ip_v6":"","mac":"fa:16:3e:f1:9d:d4","name":"cdt-net","port":"","uuid":"76609608-4b00-42e5-abb7-699c118f1cbc"}],"network_mode":null,"personality":[],"power_state":"active","region":"CyberRange","scheduler_hints":[],"security_groups":["default"],"stop_before_destroy":false,"tags":[],"timeouts":null,"updated":"2025-09-15 14:27:39 +0000 UTC","user_data":"89408af40558290f054d9b01198cafe6057ee65d","vendor_options":[]},"sensitive_attributes":[[{"type":"get_attr","value":"admin_pass"}]],"private":"eyJlMmJmYjczMC1lY2FhLTExZTYtOGY4OC0zNDM2M2JjN2M0YzAiOnsiY3JlYXRlIjoxODAwMDAwMDAwMDAwLCJkZWxldGUiOjE4MDAwMDAwMDAwMDAsInVwZGF0ZSI6MTgwMDAwMDAwMDAwMH19","dependencies":["data.openstack_images_image_v2.debian","openstack_networking_network_v2.cdt_net"]},{"index_key":23,"schema_version":0,"attributes":{"access_ip_v4":"10.10.10.124","access_ip_v6":"","admin_pass":null,"all_metadata":{},"all_tags":[],"availability_zone":"nova","availability_zone_hints":null,"block_device":[{"boot_index":0,"delete_on_termination":true,"destination_type":"volume","device_type":"","disk_bus":"","guest_format":"","multiattach":false,"source_type":"image","uuid":"1b40c0d0-a99d-4c04-94fb-5268e61f0d49","volume_size":80,"volume_type":""}],"config_drive":null,"created":"2025-09-15 14:27:09 +0000 UTC","flavor_id":"6f4e2f56-5576-4705-9889-2d828c9758a0","flavor_name":"medium","force_delete":false,"hypervisor_hostname":"","id":"2d7a140e-6a7c-4b30-b098-ac88c40b9106","image_id":"Attempt to boot from volume - no image supplied","image_name":"debian-trixie-amd64-cloud-20250628-05-24","key_pair":"cdtscoring","metadata":null,"name":"cdt-debian-24","network":[{"access_network":false,"fixed_ip_v4":"10.10.10.124","fixed_ip_v6":"","mac":"fa:16:3e:67:9e:8e","name":"cdt-net","port":"","uuid":"76609608-4b00-42e5-abb7-699c118f1cbc"}],"network_mode":null,"personality":[],"power_state":"active","region":"CyberRange","scheduler_hints":[],"security_groups":["default"],"stop_before_destroy":false,"tags":[],"timeouts":null,"updated":"2025-09-15 14:27:48 +0000 UTC","user_data":"89408af40558290f054d9b01198cafe6057ee65d","vendor_options":[]},"sensitive_attributes":[[{"type":"get_attr","value":"admin_pass"}]],"private":"eyJlMmJmYjczMC1lY2FhLTExZTYtOGY4OC0zNDM2M2JjN2M0YzAiOnsiY3JlYXRlIjoxODAwMDAwMDAwMDAwLCJkZWxldGUiOjE4MDAwMDAwMDAwMDAsInVwZGF0ZSI6MTgwMDAwMDAwMDAwMH19","dependencies":["data.openstack_images_image_v2.debian","openstack_networking_network_v2.cdt_net"]},{"index_key":24,"schema_version":0,"attributes":{"access_ip_v4":"10.10.10.125","access_ip_v6":"","admin_pass":null,"all_metadata":{},"all_tags":[],"availability_zone":"nova","availability_zone_hints":null,"block_device":[{"boot_index":0,"delete_on_termination":true,"destination_type":"volume","device_type":"","disk_bus":"","guest_format":"","multiattach":false,"source_type":"image","uuid":"1b40c0d0-a99d-4c04-94fb-5268e61f0d49","volume_size":80,"volume_type":""}],"config_drive":null,"created":"2025-09-15 14:27:09 +0000 UTC","flavor_id":"6f4e2f56-5576-4705-9889-2d828c9758a0","flavor_name":"medium","force_delete":false,"hypervisor_hostname":"","id":"8e834e37-620a-4a5e-bb5e-51355cdfd0e9","image_id":"Attempt to boot from volume - no image supplied","image_name":"debian-trixie-amd64-cloud-20250628-05-24","key_pair":"cdtscoring","metadata":null,"name":"cdt-debian-25","network":[{"access_network":false,"fixed_ip_v4":"10.10.10.125","fixed_ip_v6":"","mac":"fa:16:3e:98:a2:4b","name":"cdt-net","port":"","uuid":"76609608-4b00-42e5-abb7-699c118f1cbc"}],"network_mode":null,"personality":[],"power_state":"active","region":"CyberRange","scheduler_hints":[],"security_groups":["default"],"stop_before_destroy":false,"tags":[],"timeouts":null,"updated":"2025-09-15 14:27:27 +0000 UTC","user_data":"89408af40558290f054d9b01198cafe6057ee65d","vendor_options":[]},"sensitive_attributes":[[{"type":"get_attr","value":"admin_pass"}]],"private":"eyJlMmJmYjczMC1lY2FhLTExZTYtOGY4OC0zNDM2M2JjN2M0YzAiOnsiY3JlYXRlIjoxODAwMDAwMDAwMDAwLCJkZWxldGUiOjE4MDAwMDAwMDAwMDAsInVwZGF0ZSI6MTgwMDAwMDAwMDAwMH19","dependencies":["data.openstack_images_image_v2.debian","openstack_networking_network_v2.cdt_net"]},{"index_key":25,"schema_version":0,"attributes":{"access_ip_v4":"10.10.10.126","access_ip_v6":"","admin_pass":null,"all_metadata":{},"all_tags":[],"availability_zone":"nova","availability_zone_hints":null,"block_device":[{"boot_index":0,"delete_on_termination":true,"destination_type":"volume","device_type":"","disk_bus":"","guest_format":"","multiattach":false,"source_type":"image","uuid":"1b40c0d0-a99d-4c04-94fb-5268e61f0d49","volume_size":80,"volume_type":""}],"config_drive":null,"created":"2025-09-15 14:27:49 +0000 UTC","flavor_id":"6f4e2f56-5576-4705-9889-2d828c9758a0","flavor_name":"medium","force_delete":false,"hypervisor_hostname":"","id":"910b541f-ef6e-4a32-afd0-dd14f688a7e0","image_id":"Attempt to boot from volume - no image supplied","image_name":"debian-trixie-amd64-cloud-20250628-05-24","key_pair":"cdtscoring","metadata":null,"name":"cdt-debian-26","network":[{"access_network":false,"fixed_ip_v4":"10.10.10.126","fixed_ip_v6":"","mac":"fa:16:3e:d2:ee:6a","name":"cdt-net","port":"","uuid":"76609608-4b00-42e5-abb7-699c118f1cbc"}],"network_mode":null,"personality":[],"power_state":"active","region":"CyberRange","scheduler_hints":[],"security_groups":["default"],"stop_before_destroy":false,"tags":[],"timeouts":null,"updated":"2025-09-15 14:28:15 +0000 UTC","user_data":"89408af40558290f054d9b01198cafe6057ee65d","vendor_options":[]},"sensitive_attributes":[[{"type":"get_attr","value":"admin_pass"}]],"private":"eyJlMmJmYjczMC1lY2FhLTExZTYtOGY4OC0zNDM2M2JjN2M0YzAiOnsiY3JlYXRlIjoxODAwMDAwMDAwMDAwLCJkZWxldGUiOjE4MDAwMDAwMDAwMDAsInVwZGF0ZSI6MTgwMDAwMDAwMDAwMH19","dependencies":["data.openstack_images_image_v2.debian","openstack_networking_network_v2.cdt_net"]},{"index_key":26,"schema_version":0,"attributes":{"access_ip_v4":"10.10.10.127","access_ip_v6":"","admin_pass":null,"all_metadata":{},"all_tags":[],"availability_zone":"nova","availability_zone_hints":null,"block_device":[{"boot_index":0,"delete_on_termination":true,"destination_type":"volume","device_type":"","disk_bus":"","guest_format":"","multiattach":false,"source_type":"image","uuid":"1b40c0d0-a99d-4c04-94fb-5268e61f0d49","volume_size":80,"volume_type":""}],"config_drive":null,"created":"2025-09-15 14:27:49 +0000 UTC","flavor_id":"6f4e2f56-5576-4705-9889-2d828c9758a0","flavor_name":"medium","force_delete":false,"hypervisor_hostname":"","id":"5bc464d2-06f5-4443-a26f-fb9271b7e76a","image_id":"Attempt to boot from volume - no image supplied","image_name":"debian-trixie-amd64-cloud-20250628-05-24","key_pair":"cdtscoring","metadata":null,"name":"cdt-debian-27","network":[{"access_network":false,"fixed_ip_v4":"10.10.10.127","fixed_ip_v6":"","mac":"fa:16:3e:7b:85:24","name":"cdt-net","port":"","uuid":"76609608-4b00-42e5-abb7-699c118f1cbc"}],"network_mode":null,"personality":[],"power_state":"active","region":"CyberRange","scheduler_hints":[],"security_groups":["default"],"stop_before_destroy":false,"tags":[],"timeouts":null,"updated":"2025-09-15 14:28:21 +0000 UTC","user_data":"89408af40558290f054d9b01198cafe6057ee65d","vendor_options":[]},"sensitive_attributes":[[{"type":"get_attr","value":"admin_pass"}]],"private":"eyJlMmJmYjczMC1lY2FhLTExZTYtOGY4OC0zNDM2M2JjN2M0YzAiOnsiY3JlYXRlIjoxODAwMDAwMDAwMDAwLCJkZWxldGUiOjE4MDAwMDAwMDAwMDAsInVwZGF0ZSI6MTgwMDAwMDAwMDAwMH19","dependencies":["data.openstack_images_image_v2.debian","openstack_networking_network_v2.cdt_net"]},{"index_key":27,"schema_version":0,"attributes":{"access_ip_v4":"10.10.10.128","access_ip_v6":"","admin_pass":null,"all_metadata":{},"all_tags":[],"availability_zone":"nova","availability_zone_hints":null,"block_device":[{"boot_index":0,"delete_on_termination":true,"destination_type":"volume","device_type":"","disk_bus":"","guest_format":"","multiattach":false,"source_type":"image","uuid":"1b40c0d0-a99d-4c04-94fb-5268e61f0d49","volume_size":80,"volume_type":""}],"config_drive":null,"created":"2025-09-15 14:27:28 +0000 UTC","flavor_id":"6f4e2f56-5576-4705-9889-2d828c9758a0","flavor_name":"medium","force_delete":false,"hypervisor_hostname":"","id":"e7b6f685-0e9c-45d1-b399-78a486aa1ff8","image_id":"Attempt to boot from volume - no image supplied","image_name":"debian-trixie-amd64-cloud-20250628-05-24","key_pair":"cdtscoring","metadata":null,"name":"cdt-debian-28","network":[{"access_network":false,"fixed_ip_v4":"10.10.10.128","fixed_ip_v6":"","mac":"fa:16:3e:d2:b9:b7","name":"cdt-net","port":"","uuid":"76609608-4b00-42e5-abb7-699c118f1cbc"}],"network_mode":null,"personality":[],"power_state":"active","region":"CyberRange","scheduler_hints":[],"security_groups":["default"],"stop_before_destroy":false,"tags":[],"timeouts":null,"updated":"2025-09-15 14:27:57 +0000 UTC","user_data":"89408af40558290f054d9b01198cafe6057ee65d","vendor_options":[]},"sensitive_attributes":[[{"type":"get_attr","value":"admin_pass"}]],"private":"eyJlMmJmYjczMC1lY2FhLTExZTYtOGY4OC0zNDM2M2JjN2M0YzAiOnsiY3JlYXRlIjoxODAwMDAwMDAwMDAwLCJkZWxldGUiOjE4MDAwMDAwMDAwMDAsInVwZGF0ZSI6MTgwMDAwMDAwMDAwMH19","dependencies":["data.openstack_images_image_v2.debian","openstack_networking_network_v2.cdt_net"]},{"index_key":28,"schema_version":0,"attributes":{"access_ip_v4":"10.10.10.129","access_ip_v6":"","admin_pass":null,"all_metadata":{},"all_tags":[],"availability_zone":"nova","availability_zone_hints":null,"block_device":[{"boot_index":0,"delete_on_termination":true,"destination_type":"volume","device_type":"","disk_bus":"","guest_format":"","multiattach":false,"source_type":"image","uuid":"1b40c0d0-a99d-4c04-94fb-5268e61f0d49","volume_size":80,"volume_type":""}],"config_drive":null,"created":"2025-09-15 14:28:29 +0000 UTC","flavor_id":"6f4e2f56-5576-4705-9889-2d828c9758a0","flavor_name":"medium","force_delete":false,"hypervisor_hostname":"","id":"3f915af5-f22d-4766-b722-7e21cc472695","image_id":"Attempt to boot from volume - no image supplied","image_name":"debian-trixie-amd64-cloud-20250628-05-24","key_pair":"cdtscoring","metadata":null,"name":"cdt-debian-29","network":[{"access_network":false,"fixed_ip_v4":"10.10.10.129","fixed_ip_v6":"","mac":"fa:16:3e:22:c0:79","name":"cdt-net","port":"","uuid":"76609608-4b00-42e5-abb7-699c118f1cbc"}],"network_mode":null,"personality":[],"power_state":"active","region":"CyberRange","scheduler_hints":[],"security_groups":["default"],"stop_before_destroy":false,"tags":[],"timeouts":null,"updated":"2025-09-15 14:28:52 +0000 UTC","user_data":"89408af40558290f054d9b01198cafe6057ee65d","vendor_options":[]},"sensitive_attributes":[[{"type":"get_attr","value":"admin_pass"}]],"private":"eyJlMmJmYjczMC1lY2FhLTExZTYtOGY4OC0zNDM2M2JjN2M0YzAiOnsiY3JlYXRlIjoxODAwMDAwMDAwMDAwLCJkZWxldGUiOjE4MDAwMDAwMDAwMDAsInVwZGF0ZSI6MTgwMDAwMDAwMDAwMH19","dependencies":["data.openstack_images_image_v2.debian","openstack_networking_network_v2.cdt_net"]},{"index_key":29,"schema_version":0,"attributes":{"access_ip_v4":"10.10.10.130","access_ip_v6":"","admin_pass":null,"all_metadata":{},"all_tags":[],"availability_zone":"nova","availability_zone_hints":null,"block_device":[{"boot_index":0,"delete_on_termination":true,"destination_type":"volume","device_type":"","disk_bus":"","guest_format":"","multiattach":false,"source_type":"image","uuid":"1b40c0d0-a99d-4c04-94fb-5268e61f0d49","volume_size":80,"volume_type":""}],"config_drive":null,"created":"2025-09-15 14:27:08 +0000 UTC","flavor_id":"6f4e2f56-5576-4705-9889-2d828c9758a0","flavor_name":"medium","force_delete":false,"hypervisor_hostname":"","id":"dc326752-d09a-4b0d-9e63-97bb26ab314e","image_id":"Attempt to boot from volume - no image supplied","image_name":"debian-trixie-amd64-cloud-20250628-05-24","key_pair":"cdtscoring","metadata":null,"name":"cdt-debian-30","network":[{"access_network":false,"fixed_ip_v4":"10.10.10.130","fixed_ip_v6":"","mac":"fa:16:3e:e3:d0:d5","name":"cdt-net","port":"","uuid":"76609608-4b00-42e5-abb7-699c118f1cbc"}],"network_mode":null,"personality":[],"power_state":"active","region":"CyberRange","scheduler_hints":[],"security_groups":["default"],"stop_before_destroy":false,"tags":[],"timeouts":null,"updated":"2025-09-15 14:27:25 +0000 UTC","user_data":"89408af40558290f054d9b01198cafe6057ee65d","vendor_options":[]},"sensitive_attributes":[[{"type":"get_attr","value":"admin_pass"}]],"private":"eyJlMmJmYjczMC1lY2FhLTExZTYtOGY4OC0zNDM2M2JjN2M0YzAiOnsiY3JlYXRlIjoxODAwMDAwMDAwMDAwLCJkZWxldGUiOjE4MDAwMDAwMDAwMDAsInVwZGF0ZSI6MTgwMDAwMDAwMDAwMH19","dependencies":["data.openstack_images_image_v2.debian","openstack_networking_network_v2.cdt_net"]}]},{"mode":"managed","type":"openstack_networking_floatingip_associate_v2","name":"debian_fip_assoc","provider":"provider[\"registry.opentofu.org/terraform-provider-openstack/openstack\"]","instances":[{"index_key":2,"schema_version":0,"attributes":{"fixed_ip":"10.10.10.13","floating_ip":"100.65.4.247","id":"fded0b6c-15cf-46eb-a189-afb9bbfc45d3","port_id":"91093478-ca60-42fe-b109-68f140ea391a","region":"CyberRange"},"sensitive_attributes":[],"private":"bnVsbA==","dependencies":["data.openstack_images_image_v2.debian","data.openstack_networking_port_v2.debian_port","openstack_compute_instance_v2.debian","openstack_networking_floatingip_v2.debian_fip","openstack_networking_network_v2.cdt_net"]}]},{"mode":"managed","type":"openstack_networking_floatingip_v2","name":"debian_fip","provider":"provider[\"registry.opentofu.org/terraform-provider-openstack/openstack\"]","instances":[{"index_key":0,"schema_version":0,"attributes":{"address":"100.65.4.162","all_tags":[],"description":"","dns_domain":"","dns_name":"","fixed_ip":"","id":"a552e716-a8b9-4e6d-868b-0e03d788f737","pool":"MAIN-NAT","port_id":"","region":"CyberRange","subnet_id":null,"subnet_ids":null,"tags":[],"tenant_id":"8aac03aecbc446c794b32466080e6966","timeouts":null,"value_specs":null},"sensitive_attributes":[],"private":"eyJlMmJmYjczMC1lY2FhLTExZTYtOGY4OC0zNDM2M2JjN2M0YzAiOnsiY3JlYXRlIjo2MDAwMDAwMDAwMDAsImRlbGV0ZSI6NjAwMDAwMDAwMDAwfX0="},{"index_key":1,"schema_version":0,"attributes":{"address":"100.65.5.98","all_tags":[],"description":"","dns_domain":"","dns_name":"","fixed_ip":"","id":"7e6e4cd3-805a-4123-823d-ee336d78b793","pool":"MAIN-NAT","port_id":"","region":"CyberRange","subnet_id":null,"subnet_ids":null,"tags":[],"tenant_id":"8aac03aecbc446c794b32466080e6966","timeouts":null,"value_specs":null},"sensitive_attributes":[],"private":"eyJlMmJmYjczMC1lY2FhLTExZTYtOGY4OC0zNDM2M2JjN2M0YzAiOnsiY3JlYXRlIjo2MDAwMDAwMDAwMDAsImRlbGV0ZSI6NjAwMDAwMDAwMDAwfX0="},{"index_key":2,"schema_version":0,"attributes":{"address":"100.65.4.247","all_tags":[],"description":"","dns_domain":"","dns_name":"","fixed_ip":"10.10.10.13","id":"fded0b6c-15cf-46eb-a189-afb9bbfc45d3","pool":"MAIN-NAT","port_id":"91093478-ca60-42fe-b109-68f140ea391a","region":"CyberRange","subnet_id":null,"subnet_ids":null,"tags":[],"tenant_id":"8aac03aecbc446c794b32466080e6966","timeouts":null,"value_specs":null},"sensitive_attributes":[],"private":"eyJlMmJmYjczMC1lY2FhLTExZTYtOGY4OC0zNDM2M2JjN2M0YzAiOnsiY3JlYXRlIjo2MDAwMDAwMDAwMDAsImRlbGV0ZSI6NjAwMDAwMDAwMDAwfX0="},{"index_key":3,"schema_version":0,"attributes":{"address":"100.65.4.17","all_tags":[],"description":"","dns_domain":"","dns_name":"","fixed_ip":"","id":"a1ce5a7f-fc74-40c5-a4f0-6a4772544da9","pool":"MAIN-NAT","port_id":"","region":"CyberRange","subnet_id":null,"subnet_ids":null,"tags":[],"tenant_id":"8aac03aecbc446c794b32466080e6966","timeouts":null,"value_specs":null},"sensitive_attributes":[],"private":"eyJlMmJmYjczMC1lY2FhLTExZTYtOGY4OC0zNDM2M2JjN2M0YzAiOnsiY3JlYXRlIjo2MDAwMDAwMDAwMDAsImRlbGV0ZSI6NjAwMDAwMDAwMDAwfX0="},{"index_key":4,"schema_version":0,"attributes":{"address":"100.65.5.66","all_tags":[],"description":"","dns_domain":"","dns_name":"","fixed_ip":"","id":"e396149c-58bd-4bcf-a87f-ff5fe60a169b","pool":"MAIN-NAT","port_id":"","region":"CyberRange","subnet_id":null,"subnet_ids":null,"tags":[],"tenant_id":"8aac03aecbc446c794b32466080e6966","timeouts":null,"value_specs":null},"sensitive_attributes":[],"private":"eyJlMmJmYjczMC1lY2FhLTExZTYtOGY4OC0zNDM2M2JjN2M0YzAiOnsiY3JlYXRlIjo2MDAwMDAwMDAwMDAsImRlbGV0ZSI6NjAwMDAwMDAwMDAwfX0="},{"index_key":5,"schema_version":0,"attributes":{"address":"100.65.4.191","all_tags":[],"description":"","dns_domain":"","dns_name":"","fixed_ip":"","id":"46e77f83-7e11-4fd9-a472-68d73309c573","pool":"MAIN-NAT","port_id":"","region":"CyberRange","subnet_id":null,"subnet_ids":null,"tags":[],"tenant_id":"8aac03aecbc446c794b32466080e6966","timeouts":null,"value_specs":null},"sensitive_attributes":[],"private":"eyJlMmJmYjczMC1lY2FhLTExZTYtOGY4OC0zNDM2M2JjN2M0YzAiOnsiY3JlYXRlIjo2MDAwMDAwMDAwMDAsImRlbGV0ZSI6NjAwMDAwMDAwMDAwfX0="},{"index_key":6,"schema_version":0,"attributes":{"address":"100.65.4.53","all_tags":[],"description":"","dns_domain":"","dns_name":"","fixed_ip":"","id":"f1901758-936c-41d3-b957-dc8bcacda6d1","pool":"MAIN-NAT","port_id":"","region":"CyberRange","subnet_id":null,"subnet_ids":null,"tags":[],"tenant_id":"8aac03aecbc446c794b32466080e6966","timeouts":null,"value_specs":null},"sensitive_attributes":[],"private":"eyJlMmJmYjczMC1lY2FhLTExZTYtOGY4OC0zNDM2M2JjN2M0YzAiOnsiY3JlYXRlIjo2MDAwMDAwMDAwMDAsImRlbGV0ZSI6NjAwMDAwMDAwMDAwfX0="},{"index_key":7,"schema_version":0,"attributes":{"address":"100.65.5.43","all_tags":[],"description":"","dns_domain":"","dns_name":"","fixed_ip":"","id":"87356cd8-c855-4de3-b3f8-7926fd39654f","pool":"MAIN-NAT","port_id":"","region":"CyberRange","subnet_id":null,"subnet_ids":null,"tags":[],"tenant_id":"8aac03aecbc446c794b32466080e6966","timeouts":null,"value_specs":null},"sensitive_attributes":[],"private":"eyJlMmJmYjczMC1lY2FhLTExZTYtOGY4OC0zNDM2M2JjN2M0YzAiOnsiY3JlYXRlIjo2MDAwMDAwMDAwMDAsImRlbGV0ZSI6NjAwMDAwMDAwMDAwfX0="},{"index_key":8,"schema_version":0,"attributes":{"address":"100.65.2.7","all_tags":[],"description":"","dns_domain":"","dns_name":"","fixed_ip":"","id":"7e86f45f-af9e-4e31-9aa5-9797a29575ad","pool":"MAIN-NAT","port_id":"","region":"CyberRange","subnet_id":null,"subnet_ids":null,"tags":[],"tenant_id":"8aac03aecbc446c794b32466080e6966","timeouts":null,"value_specs":null},"sensitive_attributes":[],"private":"eyJlMmJmYjczMC1lY2FhLTExZTYtOGY4OC0zNDM2M2JjN2M0YzAiOnsiY3JlYXRlIjo2MDAwMDAwMDAwMDAsImRlbGV0ZSI6NjAwMDAwMDAwMDAwfX0="},{"index_key":9,"schema_version":0,"attributes":{"address":"100.65.1.27","all_tags":[],"description":"","dns_domain":"","dns_name":"","fixed_ip":"","id":"44ac3063-b726-47d1-a804-95fccfd5012c","pool":"MAIN-NAT","port_id":"","region":"CyberRange","subnet_id":null,"subnet_ids":null,"tags":[],"tenant_id":"8aac03aecbc446c794b32466080e6966","timeouts":null,"value_specs":null},"sensitive_attributes":[],"private":"eyJlMmJmYjczMC1lY2FhLTExZTYtOGY4OC0zNDM2M2JjN2M0YzAiOnsiY3JlYXRlIjo2MDAwMDAwMDAwMDAsImRlbGV0ZSI6NjAwMDAwMDAwMDAwfX0="},{"index_key":10,"schema_version":0,"attributes":{"address":"100.65.1.125","all_tags":[],"description":"","dns_domain":"","dns_name":"","fixed_ip":"","id":"13639c17-b084-4829-b71b-882b86632863","pool":"MAIN-NAT","port_id":"","region":"CyberRange","subnet_id":null,"subnet_ids":null,"tags":[],"tenant_id":"8aac03aecbc446c794b32466080e6966","timeouts":null,"value_specs":null},"sensitive_attributes":[],"private":"eyJlMmJmYjczMC1lY2FhLTExZTYtOGY4OC0zNDM2M2JjN2M0YzAiOnsiY3JlYXRlIjo2MDAwMDAwMDAwMDAsImRlbGV0ZSI6NjAwMDAwMDAwMDAwfX0="},{"index_key":11,"schema_version":0,"attributes":{"address":"100.65.1.143","all_tags":[],"description":"","dns_domain":"","dns_name":"","fixed_ip":"","id":"db99315d-9b4d-409e-af24-27fecdc575a0","pool":"MAIN-NAT","port_id":"","region":"CyberRange","subnet_id":null,"subnet_ids":null,"tags":[],"tenant_id":"8aac03aecbc446c794b32466080e6966","timeouts":null,"value_specs":null},"sensitive_attributes":[],"private":"eyJlMmJmYjczMC1lY2FhLTExZTYtOGY4OC0zNDM2M2JjN2M0YzAiOnsiY3JlYXRlIjo2MDAwMDAwMDAwMDAsImRlbGV0ZSI6NjAwMDAwMDAwMDAwfX0="},{"index_key":12,"schema_version":0,"attributes":{"address":"100.65.5.25","all_tags":[],"description":"","dns_domain":"","dns_name":"","fixed_ip":"","id":"844d661b-ca25-4151-b0f5-9526e1cd010a","pool":"MAIN-NAT","port_id":"","region":"CyberRange","subnet_id":null,"subnet_ids":null,"tags":[],"tenant_id":"8aac03aecbc446c794b32466080e6966","timeouts":null,"value_specs":null},"sensitive_attributes":[],"private":"eyJlMmJmYjczMC1lY2FhLTExZTYtOGY4OC0zNDM2M2JjN2M0YzAiOnsiY3JlYXRlIjo2MDAwMDAwMDAwMDAsImRlbGV0ZSI6NjAwMDAwMDAwMDAwfX0="},{"index_key":13,"schema_version":0,"attributes":{"address":"100.65.2.69","all_tags":[],"description":"","dns_domain":"","dns_name":"","fixed_ip":"","id":"f8dc00fb-9ce7-4ef9-9e39-00b4a3cbc428","pool":"MAIN-NAT","port_id":"","region":"CyberRange","subnet_id":null,"subnet_ids":null,"tags":[],"tenant_id":"8aac03aecbc446c794b32466080e6966","timeouts":null,"value_specs":null},"sensitive_attributes":[],"private":"eyJlMmJmYjczMC1lY2FhLTExZTYtOGY4OC0zNDM2M2JjN2M0YzAiOnsiY3JlYXRlIjo2MDAwMDAwMDAwMDAsImRlbGV0ZSI6NjAwMDAwMDAwMDAwfX0="},{"index_key":14,"schema_version":0,"attributes":{"address":"100.65.2.110","all_tags":[],"description":"","dns_domain":"","dns_name":"","fixed_ip":"","id":"32eb25c6-1c1e-49f1-935e-5939db5fae03","pool":"MAIN-NAT","port_id":"","region":"CyberRange","subnet_id":null,"subnet_ids":null,"tags":[],"tenant_id":"8aac03aecbc446c794b32466080e6966","timeouts":null,"value_specs":null},"sensitive_attributes":[],"private":"eyJlMmJmYjczMC1lY2FhLTExZTYtOGY4OC0zNDM2M2JjN2M0YzAiOnsiY3JlYXRlIjo2MDAwMDAwMDAwMDAsImRlbGV0ZSI6NjAwMDAwMDAwMDAwfX0="},{"index_key":15,"schema_version":0,"attributes":{"address":"100.65.2.31","all_tags":[],"description":"","dns_domain":"","dns_name":"","fixed_ip":"","id":"7b24eb76-20ac-45cc-a0ce-5c76aaa50378","pool":"MAIN-NAT","port_id":"","region":"CyberRange","subnet_id":null,"subnet_ids":null,"tags":[],"tenant_id":"8aac03aecbc446c794b32466080e6966","timeouts":null,"value_specs":null},"sensitive_attributes":[],"private":"eyJlMmJmYjczMC1lY2FhLTExZTYtOGY4OC0zNDM2M2JjN2M0YzAiOnsiY3JlYXRlIjo2MDAwMDAwMDAwMDAsImRlbGV0ZSI6NjAwMDAwMDAwMDAwfX0="},{"index_key":16,"schema_version":0,"attributes":{"address":"100.65.1.52","all_tags":[],"description":"","dns_domain":"","dns_name":"","fixed_ip":"","id":"6fcdb63a-0a38-4a98-8678-0696360fa90c","pool":"MAIN-NAT","port_id":"","region":"CyberRange","subnet_id":null,"subnet_ids":null,"tags":[],"tenant_id":"8aac03aecbc446c794b32466080e6966","timeouts":null,"value_specs":null},"sensitive_attributes":[],"private":"eyJlMmJmYjczMC1lY2FhLTExZTYtOGY4OC0zNDM2M2JjN2M0YzAiOnsiY3JlYXRlIjo2MDAwMDAwMDAwMDAsImRlbGV0ZSI6NjAwMDAwMDAwMDAwfX0="},{"index_key":17,"schema_version":0,"attributes":{"address":"100.65.1.94","all_tags":[],"description":"","dns_domain":"","dns_name":"","fixed_ip":"","id":"355f0891-2054-414a-8d11-637cf7e7abef","pool":"MAIN-NAT","port_id":"","region":"CyberRange","subnet_id":null,"subnet_ids":null,"tags":[],"tenant_id":"8aac03aecbc446c794b32466080e6966","timeouts":null,"value_specs":null},"sensitive_attributes":[],"private":"eyJlMmJmYjczMC1lY2FhLTExZTYtOGY4OC0zNDM2M2JjN2M0YzAiOnsiY3JlYXRlIjo2MDAwMDAwMDAwMDAsImRlbGV0ZSI6NjAwMDAwMDAwMDAwfX0="},{"index_key":18,"schema_version":0,"attributes":{"address":"100.65.4.220","all_tags":[],"description":"","dns_domain":"","dns_name":"","fixed_ip":"","id":"7bec6f50-a4c7-4eb2-98d9-626dc08f261b","pool":"MAIN-NAT","port_id":"","region":"CyberRange","subnet_id":null,"subnet_ids":null,"tags":[],"tenant_id":"8aac03aecbc446c794b32466080e6966","timeouts":null,"value_specs":null},"sensitive_attributes":[],"private":"eyJlMmJmYjczMC1lY2FhLTExZTYtOGY4OC0zNDM2M2JjN2M0YzAiOnsiY3JlYXRlIjo2MDAwMDAwMDAwMDAsImRlbGV0ZSI6NjAwMDAwMDAwMDAwfX0="},{"index_key":19,"schema_version":0,"attributes":{"address":"100.65.1.3","all_tags":[],"description":"","dns_domain":"","dns_name":"","fixed_ip":"","id":"c6209ba7-14cd-4266-84d5-99d7a90a3259","pool":"MAIN-NAT","port_id":"","region":"CyberRange","subnet_id":null,"subnet_ids":null,"tags":[],"tenant_id":"8aac03aecbc446c794b32466080e6966","timeouts":null,"value_specs":null},"sensitive_attributes":[],"private":"eyJlMmJmYjczMC1lY2FhLTExZTYtOGY4OC0zNDM2M2JjN2M0YzAiOnsiY3JlYXRlIjo2MDAwMDAwMDAwMDAsImRlbGV0ZSI6NjAwMDAwMDAwMDAwfX0="},{"index_key":20,"schema_version":0,"attributes":{"address":"100.65.3.42","all_tags":[],"description":"","dns_domain":"","dns_name":"","fixed_ip":"","id":"1855c4ce-8bc7-43c6-8f94-320e3efca450","pool":"MAIN-NAT","port_id":"","region":"CyberRange","subnet_id":null,"subnet_ids":null,"tags":[],"tenant_id":"8aac03aecbc446c794b32466080e6966","timeouts":null,"value_specs":null},"sensitive_attributes":[],"private":"eyJlMmJmYjczMC1lY2FhLTExZTYtOGY4OC0zNDM2M2JjN2M0YzAiOnsiY3JlYXRlIjo2MDAwMDAwMDAwMDAsImRlbGV0ZSI6NjAwMDAwMDAwMDAwfX0="},{"index_key":21,"schema_version":0,"attributes":{"address":"100.65.5.80","all_tags":[],"description":"","dns_domain":"","dns_name":"","fixed_ip":"","id":"c40147e9-1822-4416-9f24-3c468ace2107","pool":"MAIN-NAT","port_id":"","region":"CyberRange","subnet_id":null,"subnet_ids":null,"tags":[],"tenant_id":"8aac03aecbc446c794b32466080e6966","timeouts":null,"value_specs":null},"sensitive_attributes":[],"private":"eyJlMmJmYjczMC1lY2FhLTExZTYtOGY4OC0zNDM2M2JjN2M0YzAiOnsiY3JlYXRlIjo2MDAwMDAwMDAwMDAsImRlbGV0ZSI6NjAwMDAwMDAwMDAwfX0="},{"index_key":22,"schema_version":0,"attributes":{"address":"100.65.3.136","all_tags":[],"description":"","dns_domain":"","dns_name":"","fixed_ip":"","id":"1c29ed07-f654-4236-a67b-8a42b7966e06","pool":"MAIN-NAT","port_id":"","region":"CyberRange","subnet_id":null,"subnet_ids":null,"tags":[],"tenant_id":"8aac03aecbc446c794b32466080e6966","timeouts":null,"value_specs":null},"sensitive_attributes":[],"private":"eyJlMmJmYjczMC1lY2FhLTExZTYtOGY4OC0zNDM2M2JjN2M0YzAiOnsiY3JlYXRlIjo2MDAwMDAwMDAwMDAsImRlbGV0ZSI6NjAwMDAwMDAwMDAwfX0="},{"index_key":23,"schema_version":0,"attributes":{"address":"100.65.1.65","all_tags":[],"description":"","dns_domain":"","dns_name":"","fixed_ip":"","id":"16205c57-6704-4464-a1c8-be7dc2dd9bed","pool":"MAIN-NAT","port_id":"","region":"CyberRange","subnet_id":null,"subnet_ids":null,"tags":[],"tenant_id":"8aac03aecbc446c794b32466080e6966","timeouts":null,"value_specs":null},"sensitive_attributes":[],"private":"eyJlMmJmYjczMC1lY2FhLTExZTYtOGY4OC0zNDM2M2JjN2M0YzAiOnsiY3JlYXRlIjo2MDAwMDAwMDAwMDAsImRlbGV0ZSI6NjAwMDAwMDAwMDAwfX0="},{"index_key":24,"schema_version":0,"attributes":{"address":"100.65.2.225","all_tags":[],"description":"","dns_domain":"","dns_name":"","fixed_ip":"","id":"8e001b96-7bbd-407d-9965-26b01afd1743","pool":"MAIN-NAT","port_id":"","region":"CyberRange","subnet_id":null,"subnet_ids":null,"tags":[],"tenant_id":"8aac03aecbc446c794b32466080e6966","timeouts":null,"value_specs":null},"sensitive_attributes":[],"private":"eyJlMmJmYjczMC1lY2FhLTExZTYtOGY4OC0zNDM2M2JjN2M0YzAiOnsiY3JlYXRlIjo2MDAwMDAwMDAwMDAsImRlbGV0ZSI6NjAwMDAwMDAwMDAwfX0="},{"index_key":25,"schema_version":0,"attributes":{"address":"100.65.4.157","all_tags":[],"description":"","dns_domain":"","dns_name":"","fixed_ip":"","id":"6aaafb66-f1bb-484b-b7bb-02ca17077b75","pool":"MAIN-NAT","port_id":"","region":"CyberRange","subnet_id":null,"subnet_ids":null,"tags":[],"tenant_id":"8aac03aecbc446c794b32466080e6966","timeouts":null,"value_specs":null},"sensitive_attributes":[],"private":"eyJlMmJmYjczMC1lY2FhLTExZTYtOGY4OC0zNDM2M2JjN2M0YzAiOnsiY3JlYXRlIjo2MDAwMDAwMDAwMDAsImRlbGV0ZSI6NjAwMDAwMDAwMDAwfX0="},{"index_key":26,"schema_version":0,"attributes":{"address":"100.65.4.205","all_tags":[],"description":"","dns_domain":"","dns_name":"","fixed_ip":"","id":"5ff6d69f-d4c7-496f-85ba-20f21c277099","pool":"MAIN-NAT","port_id":"","region":"CyberRange","subnet_id":null,"subnet_ids":null,"tags":[],"tenant_id":"8aac03aecbc446c794b32466080e6966","timeouts":null,"value_specs":null},"sensitive_attributes":[],"private":"eyJlMmJmYjczMC1lY2FhLTExZTYtOGY4OC0zNDM2M2JjN2M0YzAiOnsiY3JlYXRlIjo2MDAwMDAwMDAwMDAsImRlbGV0ZSI6NjAwMDAwMDAwMDAwfX0="},{"index_key":27,"schema_version":0,"attributes":{"address":"100.65.2.24","all_tags":[],"description":"","dns_domain":"","dns_name":"","fixed_ip":"","id":"84075afa-064f-440c-a1c0-d00b1f410427","pool":"MAIN-NAT","port_id":"","region":"CyberRange","subnet_id":null,"subnet_ids":null,"tags":[],"tenant_id":"8aac03aecbc446c794b32466080e6966","timeouts":null,"value_specs":null},"sensitive_attributes":[],"private":"eyJlMmJmYjczMC1lY2FhLTExZTYtOGY4OC0zNDM2M2JjN2M0YzAiOnsiY3JlYXRlIjo2MDAwMDAwMDAwMDAsImRlbGV0ZSI6NjAwMDAwMDAwMDAwfX0="},{"index_key":28,"schema_version":0,"attributes":{"address":"100.65.2.99","all_tags":[],"description":"","dns_domain":"","dns_name":"","fixed_ip":"","id":"25c60467-aa07-47ba-af45-c45f3ee4459c","pool":"MAIN-NAT","port_id":"","region":"CyberRange","subnet_id":null,"subnet_ids":null,"tags":[],"tenant_id":"8aac03aecbc446c794b32466080e6966","timeouts":null,"value_specs":null},"sensitive_attributes":[],"private":"eyJlMmJmYjczMC1lY2FhLTExZTYtOGY4OC0zNDM2M2JjN2M0YzAiOnsiY3JlYXRlIjo2MDAwMDAwMDAwMDAsImRlbGV0ZSI6NjAwMDAwMDAwMDAwfX0="},{"index_key":29,"schema_version":0,"attributes":{"address":"100.65.1.19","all_tags":[],"description":"","dns_domain":"","dns_name":"","fixed_ip":"","id":"5e191918-652c-4ff7-8653-4b4483769780","pool":"MAIN-NAT","port_id":"","region":"CyberRange","subnet_id":null,"subnet_ids":null,"tags":[],"tenant_id":"8aac03aecbc446c794b32466080e6966","timeouts":null,"value_specs":null},"sensitive_attributes":[],"private":"eyJlMmJmYjczMC1lY2FhLTExZTYtOGY4OC0zNDM2M2JjN2M0YzAiOnsiY3JlYXRlIjo2MDAwMDAwMDAwMDAsImRlbGV0ZSI6NjAwMDAwMDAwMDAwfX0="}]},{"mode":"managed","type":"openstack_networking_network_v2","name":"cdt_net","provider":"provider[\"registry.opentofu.org/terraform-provider-openstack/openstack\"]","instances":[{"schema_version":0,"attributes":{"admin_state_up":true,"all_tags":[],"availability_zone_hints":[],"description":"","dns_domain":"","external":false,"id":"76609608-4b00-42e5-abb7-699c118f1cbc","mtu":1500,"name":"cdt-net","port_security_enabled":true,"qos_policy_id":"","region":"CyberRange","segments":[],"shared":false,"tags":[],"tenant_id":"8aac03aecbc446c794b32466080e6966","timeouts":null,"transparent_vlan":false,"value_specs":null},"sensitive_attributes":[],"private":"eyJlMmJmYjczMC1lY2FhLTExZTYtOGY4OC0zNDM2M2JjN2M0YzAiOnsiY3JlYXRlIjo2MDAwMDAwMDAwMDAsImRlbGV0ZSI6NjAwMDAwMDAwMDAwfX0="}]},{"mode":"managed","type":"openstack_networking_router_interface_v2","name":"cdt_router_interface","provider":"provider[\"registry.opentofu.org/terraform-provider-openstack/openstack\"]","instances":[{"schema_version":0,"attributes":{"force_destroy":false,"id":"14270953-7212-4a4d-9df9-d8097900a94b","port_id":"14270953-7212-4a4d-9df9-d8097900a94b","region":"CyberRange","router_id":"65b6ee06-6f49-460a-88fa-42ce22b28440","subnet_id":"50682bff-22f5-42d3-b730-e8c8e6b97a5f","timeouts":null},"sensitive_attributes":[],"private":"eyJlMmJmYjczMC1lY2FhLTExZTYtOGY4OC0zNDM2M2JjN2M0YzAiOnsiY3JlYXRlIjo2MDAwMDAwMDAwMDAsImRlbGV0ZSI6NjAwMDAwMDAwMDAwfX0=","dependencies":["data.openstack_networking_network_v2.ext_net","openstack_networking_network_v2.cdt_net","openstack_networking_router_v2.cdt_router","openstack_networking_subnet_v2.cdt_subnet"]}]},{"mode":"managed","type":"openstack_networking_router_v2","name":"cdt_router","provider":"provider[\"registry.opentofu.org/terraform-provider-openstack/openstack\"]","instances":[{"schema_version":0,"attributes":{"admin_state_up":true,"all_tags":[],"availability_zone_hints":[],"description":"","distributed":false,"enable_snat":true,"external_fixed_ip":[{"ip_address":"100.65.1.13","subnet_id":"08e3107c-5db0-4c2e-88c0-f83b8ad735b5"}],"external_network_id":"05131c4f-fa42-4587-9974-0126baa6a924","external_qos_policy_id":null,"external_subnet_ids":null,"id":"65b6ee06-6f49-460a-88fa-42ce22b28440","name":"cdt-router","region":"CyberRange","tags":[],"tenant_id":"8aac03aecbc446c794b32466080e6966","timeouts":null,"value_specs":null,"vendor_options":[]},"sensitive_attributes":[],"private":"eyJlMmJmYjczMC1lY2FhLTExZTYtOGY4OC0zNDM2M2JjN2M0YzAiOnsiY3JlYXRlIjo2MDAwMDAwMDAwMDAsImRlbGV0ZSI6NjAwMDAwMDAwMDAwfX0=","dependencies":["data.openstack_networking_network_v2.ext_net"]}]},{"mode":"managed","type":"openstack_networking_subnet_v2","name":"cdt_subnet","provider":"provider[\"registry.opentofu.org/terraform-provider-openstack/openstack\"]","instances":[{"schema_version":0,"attributes":{"all_tags":[],"allocation_pool":[{"end":"10.10.10.254","start":"10.10.10.2"}],"cidr":"10.10.10.0/24","description":"","dns_nameservers":["129.21.3.17","129.21.4.18"],"dns_publish_fixed_ip":false,"enable_dhcp":true,"gateway_ip":"10.10.10.1","id":"50682bff-22f5-42d3-b730-e8c8e6b97a5f","ip_version":4,"ipv6_address_mode":"","ipv6_ra_mode":"","name":"cdt-net-subnet","network_id":"76609608-4b00-42e5-abb7-699c118f1cbc","no_gateway":false,"prefix_length":null,"region":"CyberRange","segment_id":"","service_types":[],"subnetpool_id":"","tags":[],"tenant_id":"8aac03aecbc446c794b32466080e6966","timeouts":null,"value_specs":null},"sensitive_attributes":[],"private":"eyJlMmJmYjczMC1lY2FhLTExZTYtOGY4OC0zNDM2M2JjN2M0YzAiOnsiY3JlYXRlIjo2MDAwMDAwMDAwMDAsImRlbGV0ZSI6NjAwMDAwMDAwMDAwfX0=","dependencies":["openstack_networking_network_v2.cdt_net"]}]}],"check_results":null}
