{"version":4,"terraform_version":"1.10.6","serial":130,"lineage":"de3a0d8d-0bb4-8d33-67d3-5917e3f363ec","outputs":{"debian_vm_internal_ips":{"value":["10.10.10.11","10.10.10.12","10.10.10.13","10.10.10.14","10.10.10.15","10.10.10.16","10.10.10.17","10.10.10.18","10.10.10.19","10.10.10.110","10.10.10.111","10.10.10.112","10.10.10.113","10.10.10.114","10.10.10.115","10.10.10.116","10.10.10.117","10.10.10.118","10.10.10.119","10.10.10.120","10.10.10.121","10.10.10.122","10.10.10.123","10.10.10.124","10.10.10.125","10.10.10.126","10.10.10.127","10.10.10.128","10.10.10.129","10.10.10.130"],"type":["tuple",["string","string","string","string","string","string","string","string","string","string","string","string","string","string","string","string","string","string","string","string","string","string","string","string","string","string","string","string","string","string"]]},"debian_vm_ips":{"value":["100.65.2.8","100.65.5.35","100.65.2.107","100.65.2.195","100.65.2.153","100.65.1.129","100.65.4.59","100.65.5.164","100.65.2.80","100.65.4.68","100.65.5.146","100.65.1.20","100.65.4.96","100.65.2.184","100.65.2.236","100.65.5.107","100.65.1.248","100.65.4.138","100.65.5.148","100.65.2.228","100.65.5.36","100.65.4.239","100.65.5.169","100.65.1.223","100.65.2.114","100.65.5.80","100.65.2.166","100.65.4.159","100.65.1.240","100.65.2.203"],"type":["tuple",["string","string","string","string","string","string","string","string","string","string","string","string","string","string","string","string","string","string","string","string","string","string","string","string","string","string","string","string","string","string"]]},"debian_vm_names":{"value":["cdt-debian-1","cdt-debian-2","cdt-debian-3","cdt-debian-4","cdt-debian-5","cdt-debian-6","cdt-debian-7","cdt-debian-8","cdt-debian-9","cdt-debian-10","cdt-debian-11","cdt-debian-12","cdt-debian-13","cdt-debian-14","cdt-debian-15","cdt-debian-16","cdt-debian-17","cdt-debian-18","cdt-debian-19","cdt-debian-20","cdt-debian-21","cdt-debian-22","cdt-debian-23","cdt-debian-24","cdt-debian-25","cdt-debian-26","cdt-debian-27","cdt-debian-28","cdt-debian-29","cdt-debian-30"],"type":["tuple",["string","string","string","string","string","string","string","string","string","string","string","string","string","string","string","string","string","string","string","string","string","string","string","string","string","string","string","string","string","string"]]}},"resources":[{"mode":"data","type":"openstack_images_image_v2","name":"debian","provider":"provider[\"registry.opentofu.org/terraform-provider-openstack/openstack\"]","instances":[{"schema_version":0,"attributes":{"checksum":"95d2a9c837482ceb897879a97cd4fd45","container_format":"bare","created_at":"2025-07-01T23:13:21Z","disk_format":"raw","file":"/v2/images/1b40c0d0-a99d-4c04-94fb-5268e61f0d49/file","hidden":false,"id":"1b40c0d0-a99d-4c04-94fb-5268e61f0d49","member_status":null,"metadata":{},"min_disk_gb":0,"min_ram_mb":0,"most_recent":true,"name":"debian-trixie-amd64-cloud-20250628-05-24","name_regex":null,"owner":"488a9396dd1346418c077d5e8b299ca7","properties":{"architecture":"amd64","cloud_init":"true","description":"Debian trixie cloud image with cloud-init","direct_url":"rbd://3359ecf6-5606-11f0-b628-0c42a13b3b52/images/1b40c0d0-a99d-4c04-94fb-5268e61f0d49/snap","hw_disk_bus":"scsi","hw_firmware_type":"uefi","hw_machine_type":"q35","hw_qemu_guest_agent":"yes","hw_scsi_model":"virtio-scsi","image_size":"393327104","lxc_version":"20250628_05:24","os_distro":"debian","os_hash_algo":"sha512","os_hash_value":"f7a7350cb650a8147d445f9ddcfc8b3643f1bcafb8785015f741887d34b1fa4c7e82538dfe59bc57929959d88d41777782fec0b2baf73c5fa8e9ec32148ce7d9","os_require_quiesce":"yes","os_type":"linux","os_version":"trixie","owner_specified.openstack.md5":"","owner_specified.openstack.object":"images/debian-trixie-amd64-cloud-20250628-05-24","owner_specified.openstack.sha256":"","source":"linuxcontainers.org","stores":"rbd","variant":"cloud"},"protected":false,"region":"CyberRange","schema":"/v2/schemas/image","size_bytes":4294967296,"size_max":null,"size_min":null,"sort":"name:asc","tag":null,"tags":[],"updated_at":"2025-07-01T23:14:10Z","visibility":"public"},"sensitive_attributes":[]}]},{"mode":"data","type":"openstack_images_image_v2","name":"windows","provider":"provider[\"registry.opentofu.org/terraform-provider-openstack/openstack\"]","instances":[{"schema_version":0,"attributes":{"checksum":"91a050dc160743d3d0b43216b497d9ef","container_format":"bare","created_at":"2025-07-02T19:31:33Z","disk_format":"raw","file":"/v2/images/f7df3365-8052-4a2b-bd73-7f009a97f873/file","hidden":false,"id":"f7df3365-8052-4a2b-bd73-7f009a97f873","member_status":null,"metadata":{},"min_disk_gb":0,"min_ram_mb":0,"most_recent":true,"name":"WinSrv2022-20348-2022","name_regex":null,"owner":"488a9396dd1346418c077d5e8b299ca7","properties":{"architecture":"x86_64","direct_url":"rbd://3359ecf6-5606-11f0-b628-0c42a13b3b52/images/f7df3365-8052-4a2b-bd73-7f009a97f873/snap","hw_cpu_max_sockets":"1","hw_cpu_mode":"host-passthrough","hw_disk_bus":"scsi","hw_firmware_type":"bios","hw_machine_type":"pc","hw_qemu_guest_agent":"yes","hw_rng_model":"virtio","hw_scsi_model":"virtio-scsi","hw_video_model":"vga","hw_vif_model":"virtio","os_admin_user":"Administrator","os_hash_algo":"sha512","os_hash_value":"e9482abbc604f1f9fc7e53fead1e466ca83f9a3595681d603980ba042df921958243cfd326235b181cdb04fb499080c9e3a1a0e76bc510b44d9f78e2e31a6885","os_require_quiesce":"yes","os_shutdown_timeout":"300","os_type":"windows","os_version":"2022","owner_specified.openstack.md5":"","owner_specified.openstack.object":"images/WinSrv2022-20348-2022","owner_specified.openstack.sha256":"","stores":"rbd"},"protected":false,"region":"CyberRange","schema":"/v2/schemas/image","size_bytes":12886999040,"size_max":null,"size_min":null,"sort":"name:asc","tag":null,"tags":[],"updated_at":"2025-07-02T19:33:32Z","visibility":"public"},"sensitive_attributes":[]}]},{"mode":"data","type":"openstack_networking_network_v2","name":"ext_net","provider":"provider[\"registry.opentofu.org/terraform-provider-openstack/openstack\"]","instances":[{"schema_version":0,"attributes":{"admin_state_up":"true","all_tags":[],"availability_zone_hints":[],"description":"","dns_domain":"","external":true,"id":"05131c4f-fa42-4587-9974-0126baa6a924","matching_subnet_cidr":null,"mtu":1500,"name":"MAIN-NAT","network_id":null,"region":"CyberRange","segments":[],"shared":"true","status":null,"subnets":["08e3107c-5db0-4c2e-88c0-f83b8ad735b5"],"tags":null,"tenant_id":"c366637ad3e244b481a14b4ac78c2333","transparent_vlan":false},"sensitive_attributes":[]}]},{"mode":"data","type":"openstack_networking_port_v2","name":"debian_port","provider":"provider[\"registry.opentofu.org/terraform-provider-openstack/openstack\"]","instances":[{"index_key":0,"schema_version":0,"attributes":{"admin_state_up":true,"all_fixed_ips":["10.10.10.11"],"all_security_group_ids":["003524e9-4497-4c05-a6f7-93e39027e1a2"],"all_tags":[],"allowed_address_pairs":[],"binding":[{"host_id":"","profile":"","vif_details":{},"vif_type":"","vnic_type":"normal"}],"description":"","device_id":"fe8b52e8-ed9a-4530-8f40-65a048e7407a","device_owner":"compute:nova","dns_assignment":[],"dns_name":"","extra_dhcp_option":[],"fixed_ip":null,"id":"42ddfb3b-4270-41a3-911b-e7e1bdfaee55","mac_address":"fa:16:3e:eb:2f:73","name":"","network_id":"fe6eb022-d84d-40a7-b5c2-b8dff231c5c5","port_id":"42ddfb3b-4270-41a3-911b-e7e1bdfaee55","project_id":"8aac03aecbc446c794b32466080e6966","region":"CyberRange","security_group_ids":null,"status":null,"tags":null,"tenant_id":"8aac03aecbc446c794b32466080e6966"},"sensitive_attributes":[]},{"index_key":1,"schema_version":0,"attributes":{"admin_state_up":true,"all_fixed_ips":["10.10.10.12"],"all_security_group_ids":["003524e9-4497-4c05-a6f7-93e39027e1a2"],"all_tags":[],"allowed_address_pairs":[],"binding":[{"host_id":"","profile":"","vif_details":{},"vif_type":"","vnic_type":"normal"}],"description":"","device_id":"3320de63-eafe-4617-9ad5-9d402a50ac40","device_owner":"compute:nova","dns_assignment":[],"dns_name":"","extra_dhcp_option":[],"fixed_ip":null,"id":"00f63ae7-ebc8-489d-b884-910fc6fa3084","mac_address":"fa:16:3e:c1:a6:01","name":"","network_id":"fe6eb022-d84d-40a7-b5c2-b8dff231c5c5","port_id":"00f63ae7-ebc8-489d-b884-910fc6fa3084","project_id":"8aac03aecbc446c794b32466080e6966","region":"CyberRange","security_group_ids":null,"status":null,"tags":null,"tenant_id":"8aac03aecbc446c794b32466080e6966"},"sensitive_attributes":[]},{"index_key":2,"schema_version":0,"attributes":{"admin_state_up":true,"all_fixed_ips":["10.10.10.13"],"all_security_group_ids":["003524e9-4497-4c05-a6f7-93e39027e1a2"],"all_tags":[],"allowed_address_pairs":[],"binding":[{"host_id":"","profile":"","vif_details":{},"vif_type":"","vnic_type":"normal"}],"description":"","device_id":"200db77c-e3b2-47f9-8487-0e6fe0d9f77b","device_owner":"compute:nova","dns_assignment":[],"dns_name":"","extra_dhcp_option":[],"fixed_ip":null,"id":"a878895a-b1f4-490a-9608-f7f3d3a4422b","mac_address":"fa:16:3e:2e:82:45","name":"","network_id":"fe6eb022-d84d-40a7-b5c2-b8dff231c5c5","port_id":"a878895a-b1f4-490a-9608-f7f3d3a4422b","project_id":"8aac03aecbc446c794b32466080e6966","region":"CyberRange","security_group_ids":null,"status":null,"tags":null,"tenant_id":"8aac03aecbc446c794b32466080e6966"},"sensitive_attributes":[]},{"index_key":3,"schema_version":0,"attributes":{"admin_state_up":true,"all_fixed_ips":["10.10.10.14"],"all_security_group_ids":["003524e9-4497-4c05-a6f7-93e39027e1a2"],"all_tags":[],"allowed_address_pairs":[],"binding":[{"host_id":"","profile":"","vif_details":{},"vif_type":"","vnic_type":"normal"}],"description":"","device_id":"3a57f4af-bd60-44c4-a8d0-a461e3df4204","device_owner":"compute:nova","dns_assignment":[],"dns_name":"","extra_dhcp_option":[],"fixed_ip":null,"id":"cfe8a316-2df2-4285-b74b-1bcaa5243be3","mac_address":"fa:16:3e:53:f0:5a","name":"","network_id":"fe6eb022-d84d-40a7-b5c2-b8dff231c5c5","port_id":"cfe8a316-2df2-4285-b74b-1bcaa5243be3","project_id":"8aac03aecbc446c794b32466080e6966","region":"CyberRange","security_group_ids":null,"status":null,"tags":null,"tenant_id":"8aac03aecbc446c794b32466080e6966"},"sensitive_attributes":[]},{"index_key":4,"schema_version":0,"attributes":{"admin_state_up":true,"all_fixed_ips":["10.10.10.15"],"all_security_group_ids":["003524e9-4497-4c05-a6f7-93e39027e1a2"],"all_tags":[],"allowed_address_pairs":[],"binding":[{"host_id":"","profile":"","vif_details":{},"vif_type":"","vnic_type":"normal"}],"description":"","device_id":"55e99194-c77c-4519-a25d-ab6e349777b5","device_owner":"compute:nova","dns_assignment":[],"dns_name":"","extra_dhcp_option":[],"fixed_ip":null,"id":"941ffc83-546d-4722-80ae-243c1062d80c","mac_address":"fa:16:3e:9f:1b:62","name":"","network_id":"fe6eb022-d84d-40a7-b5c2-b8dff231c5c5","port_id":"941ffc83-546d-4722-80ae-243c1062d80c","project_id":"8aac03aecbc446c794b32466080e6966","region":"CyberRange","security_group_ids":null,"status":null,"tags":null,"tenant_id":"8aac03aecbc446c794b32466080e6966"},"sensitive_attributes":[]},{"index_key":5,"schema_version":0,"attributes":{"admin_state_up":true,"all_fixed_ips":["10.10.10.16"],"all_security_group_ids":["003524e9-4497-4c05-a6f7-93e39027e1a2"],"all_tags":[],"allowed_address_pairs":[],"binding":[{"host_id":"","profile":"","vif_details":{},"vif_type":"","vnic_type":"normal"}],"description":"","device_id":"da1b7c45-ef54-45d2-b25d-84e9816f1bd1","device_owner":"compute:nova","dns_assignment":[],"dns_name":"","extra_dhcp_option":[],"fixed_ip":null,"id":"d25975e7-0071-40a5-9704-684b29a901fb","mac_address":"fa:16:3e:fd:f4:0f","name":"","network_id":"fe6eb022-d84d-40a7-b5c2-b8dff231c5c5","port_id":"d25975e7-0071-40a5-9704-684b29a901fb","project_id":"8aac03aecbc446c794b32466080e6966","region":"CyberRange","security_group_ids":null,"status":null,"tags":null,"tenant_id":"8aac03aecbc446c794b32466080e6966"},"sensitive_attributes":[]},{"index_key":6,"schema_version":0,"attributes":{"admin_state_up":true,"all_fixed_ips":["10.10.10.17"],"all_security_group_ids":["003524e9-4497-4c05-a6f7-93e39027e1a2"],"all_tags":[],"allowed_address_pairs":[],"binding":[{"host_id":"","profile":"","vif_details":{},"vif_type":"","vnic_type":"normal"}],"description":"","device_id":"7b8ad93e-1487-4d2f-839d-cfdbac95c9d3","device_owner":"compute:nova","dns_assignment":[],"dns_name":"","extra_dhcp_option":[],"fixed_ip":null,"id":"74bd2d36-659e-42f9-8ff4-06099605eec2","mac_address":"fa:16:3e:e7:c2:7f","name":"","network_id":"fe6eb022-d84d-40a7-b5c2-b8dff231c5c5","port_id":"74bd2d36-659e-42f9-8ff4-06099605eec2","project_id":"8aac03aecbc446c794b32466080e6966","region":"CyberRange","security_group_ids":null,"status":null,"tags":null,"tenant_id":"8aac03aecbc446c794b32466080e6966"},"sensitive_attributes":[]},{"index_key":7,"schema_version":0,"attributes":{"admin_state_up":true,"all_fixed_ips":["10.10.10.18"],"all_security_group_ids":["003524e9-4497-4c05-a6f7-93e39027e1a2"],"all_tags":[],"allowed_address_pairs":[],"binding":[{"host_id":"","profile":"","vif_details":{},"vif_type":"","vnic_type":"normal"}],"description":"","device_id":"674194bd-bea8-4896-90b6-fbfd141ce3fc","device_owner":"compute:nova","dns_assignment":[],"dns_name":"","extra_dhcp_option":[],"fixed_ip":null,"id":"811484db-7eef-4375-8c2d-fa71fcae4fad","mac_address":"fa:16:3e:4c:72:ac","name":"","network_id":"fe6eb022-d84d-40a7-b5c2-b8dff231c5c5","port_id":"811484db-7eef-4375-8c2d-fa71fcae4fad","project_id":"8aac03aecbc446c794b32466080e6966","region":"CyberRange","security_group_ids":null,"status":null,"tags":null,"tenant_id":"8aac03aecbc446c794b32466080e6966"},"sensitive_attributes":[]},{"index_key":8,"schema_version":0,"attributes":{"admin_state_up":true,"all_fixed_ips":["10.10.10.19"],"all_security_group_ids":["003524e9-4497-4c05-a6f7-93e39027e1a2"],"all_tags":[],"allowed_address_pairs":[],"binding":[{"host_id":"","profile":"","vif_details":{},"vif_type":"","vnic_type":"normal"}],"description":"","device_id":"b2f90f54-efc5-499e-aa40-912c539a1445","device_owner":"compute:nova","dns_assignment":[],"dns_name":"","extra_dhcp_option":[],"fixed_ip":null,"id":"d65dae2c-4aed-42a1-ab57-a6837e8fc1b0","mac_address":"fa:16:3e:52:7c:88","name":"","network_id":"fe6eb022-d84d-40a7-b5c2-b8dff231c5c5","port_id":"d65dae2c-4aed-42a1-ab57-a6837e8fc1b0","project_id":"8aac03aecbc446c794b32466080e6966","region":"CyberRange","security_group_ids":null,"status":null,"tags":null,"tenant_id":"8aac03aecbc446c794b32466080e6966"},"sensitive_attributes":[]},{"index_key":9,"schema_version":0,"attributes":{"admin_state_up":true,"all_fixed_ips":["10.10.10.110"],"all_security_group_ids":["003524e9-4497-4c05-a6f7-93e39027e1a2"],"all_tags":[],"allowed_address_pairs":[],"binding":[{"host_id":"","profile":"","vif_details":{},"vif_type":"","vnic_type":"normal"}],"description":"","device_id":"64124666-f638-43ff-8acf-8854e17c99a6","device_owner":"compute:nova","dns_assignment":[],"dns_name":"","extra_dhcp_option":[],"fixed_ip":null,"id":"4a495099-991c-434c-ada6-56c18a7d6df7","mac_address":"fa:16:3e:e4:f2:bf","name":"","network_id":"fe6eb022-d84d-40a7-b5c2-b8dff231c5c5","port_id":"4a495099-991c-434c-ada6-56c18a7d6df7","project_id":"8aac03aecbc446c794b32466080e6966","region":"CyberRange","security_group_ids":null,"status":null,"tags":null,"tenant_id":"8aac03aecbc446c794b32466080e6966"},"sensitive_attributes":[]},{"index_key":10,"schema_version":0,"attributes":{"admin_state_up":true,"all_fixed_ips":["10.10.10.111"],"all_security_group_ids":["003524e9-4497-4c05-a6f7-93e39027e1a2"],"all_tags":[],"allowed_address_pairs":[],"binding":[{"host_id":"","profile":"","vif_details":{},"vif_type":"","vnic_type":"normal"}],"description":"","device_id":"8cef65d9-25a8-4ded-ac66-8f4671b679fe","device_owner":"compute:nova","dns_assignment":[],"dns_name":"","extra_dhcp_option":[],"fixed_ip":null,"id":"51df971b-37f9-419a-bdb9-e84536abf741","mac_address":"fa:16:3e:6b:b7:07","name":"","network_id":"fe6eb022-d84d-40a7-b5c2-b8dff231c5c5","port_id":"51df971b-37f9-419a-bdb9-e84536abf741","project_id":"8aac03aecbc446c794b32466080e6966","region":"CyberRange","security_group_ids":null,"status":null,"tags":null,"tenant_id":"8aac03aecbc446c794b32466080e6966"},"sensitive_attributes":[]},{"index_key":11,"schema_version":0,"attributes":{"admin_state_up":true,"all_fixed_ips":["10.10.10.112"],"all_security_group_ids":["003524e9-4497-4c05-a6f7-93e39027e1a2"],"all_tags":[],"allowed_address_pairs":[],"binding":[{"host_id":"","profile":"","vif_details":{},"vif_type":"","vnic_type":"normal"}],"description":"","device_id":"bc2e08a1-b3be-4613-b576-18fed8aa414b","device_owner":"compute:nova","dns_assignment":[],"dns_name":"","extra_dhcp_option":[],"fixed_ip":null,"id":"c148ceae-953f-4efc-87f4-9c1bafe2315d","mac_address":"fa:16:3e:a0:bd:ea","name":"","network_id":"fe6eb022-d84d-40a7-b5c2-b8dff231c5c5","port_id":"c148ceae-953f-4efc-87f4-9c1bafe2315d","project_id":"8aac03aecbc446c794b32466080e6966","region":"CyberRange","security_group_ids":null,"status":null,"tags":null,"tenant_id":"8aac03aecbc446c794b32466080e6966"},"sensitive_attributes":[]},{"index_key":12,"schema_version":0,"attributes":{"admin_state_up":true,"all_fixed_ips":["10.10.10.113"],"all_security_group_ids":["003524e9-4497-4c05-a6f7-93e39027e1a2"],"all_tags":[],"allowed_address_pairs":[],"binding":[{"host_id":"","profile":"","vif_details":{},"vif_type":"","vnic_type":"normal"}],"description":"","device_id":"359c77e4-8120-4124-bb5c-302f8c2edaa9","device_owner":"compute:nova","dns_assignment":[],"dns_name":"","extra_dhcp_option":[],"fixed_ip":null,"id":"6ba8642c-3f8a-43e9-9940-417e3ef9f8e8","mac_address":"fa:16:3e:bd:6a:87","name":"","network_id":"fe6eb022-d84d-40a7-b5c2-b8dff231c5c5","port_id":"6ba8642c-3f8a-43e9-9940-417e3ef9f8e8","project_id":"8aac03aecbc446c794b32466080e6966","region":"CyberRange","security_group_ids":null,"status":null,"tags":null,"tenant_id":"8aac03aecbc446c794b32466080e6966"},"sensitive_attributes":[]},{"index_key":13,"schema_version":0,"attributes":{"admin_state_up":true,"all_fixed_ips":["10.10.10.114"],"all_security_group_ids":["003524e9-4497-4c05-a6f7-93e39027e1a2"],"all_tags":[],"allowed_address_pairs":[],"binding":[{"host_id":"","profile":"","vif_details":{},"vif_type":"","vnic_type":"normal"}],"description":"","device_id":"cd1a764a-0f03-418f-8824-2a5039fb18a8","device_owner":"compute:nova","dns_assignment":[],"dns_name":"","extra_dhcp_option":[],"fixed_ip":null,"id":"bef326a8-8396-4345-8eb3-89ba31616a42","mac_address":"fa:16:3e:ce:0d:67","name":"","network_id":"fe6eb022-d84d-40a7-b5c2-b8dff231c5c5","port_id":"bef326a8-8396-4345-8eb3-89ba31616a42","project_id":"8aac03aecbc446c794b32466080e6966","region":"CyberRange","security_group_ids":null,"status":null,"tags":null,"tenant_id":"8aac03aecbc446c794b32466080e6966"},"sensitive_attributes":[]},{"index_key":14,"schema_version":0,"attributes":{"admin_state_up":true,"all_fixed_ips":["10.10.10.115"],"all_security_group_ids":["003524e9-4497-4c05-a6f7-93e39027e1a2"],"all_tags":[],"allowed_address_pairs":[],"binding":[{"host_id":"","profile":"","vif_details":{},"vif_type":"","vnic_type":"normal"}],"description":"","device_id":"83af3ed1-ed20-439b-acd2-83831bab86d3","device_owner":"compute:nova","dns_assignment":[],"dns_name":"","extra_dhcp_option":[],"fixed_ip":null,"id":"6569344d-f7e4-4163-aa5c-9361d7b257a2","mac_address":"fa:16:3e:ab:52:76","name":"","network_id":"fe6eb022-d84d-40a7-b5c2-b8dff231c5c5","port_id":"6569344d-f7e4-4163-aa5c-9361d7b257a2","project_id":"8aac03aecbc446c794b32466080e6966","region":"CyberRange","security_group_ids":null,"status":null,"tags":null,"tenant_id":"8aac03aecbc446c794b32466080e6966"},"sensitive_attributes":[]},{"index_key":15,"schema_version":0,"attributes":{"admin_state_up":true,"all_fixed_ips":["10.10.10.116"],"all_security_group_ids":["003524e9-4497-4c05-a6f7-93e39027e1a2"],"all_tags":[],"allowed_address_pairs":[],"binding":[{"host_id":"","profile":"","vif_details":{},"vif_type":"","vnic_type":"normal"}],"description":"","device_id":"2a3601fa-4b91-4079-98a4-c74db9a81697","device_owner":"compute:nova","dns_assignment":[],"dns_name":"","extra_dhcp_option":[],"fixed_ip":null,"id":"3a7bf0a2-efd6-4981-9491-118aa9698449","mac_address":"fa:16:3e:00:94:88","name":"","network_id":"fe6eb022-d84d-40a7-b5c2-b8dff231c5c5","port_id":"3a7bf0a2-efd6-4981-9491-118aa9698449","project_id":"8aac03aecbc446c794b32466080e6966","region":"CyberRange","security_group_ids":null,"status":null,"tags":null,"tenant_id":"8aac03aecbc446c794b32466080e6966"},"sensitive_attributes":[]},{"index_key":16,"schema_version":0,"attributes":{"admin_state_up":true,"all_fixed_ips":["10.10.10.117"],"all_security_group_ids":["003524e9-4497-4c05-a6f7-93e39027e1a2"],"all_tags":[],"allowed_address_pairs":[],"binding":[{"host_id":"","profile":"","vif_details":{},"vif_type":"","vnic_type":"normal"}],"description":"","device_id":"164f34ef-563a-467b-8b63-3671c949a4ff","device_owner":"compute:nova","dns_assignment":[],"dns_name":"","extra_dhcp_option":[],"fixed_ip":null,"id":"dcada56c-02f3-40e1-b5e5-c52ae00ed84c","mac_address":"fa:16:3e:c7:a6:01","name":"","network_id":"fe6eb022-d84d-40a7-b5c2-b8dff231c5c5","port_id":"dcada56c-02f3-40e1-b5e5-c52ae00ed84c","project_id":"8aac03aecbc446c794b32466080e6966","region":"CyberRange","security_group_ids":null,"status":null,"tags":null,"tenant_id":"8aac03aecbc446c794b32466080e6966"},"sensitive_attributes":[]},{"index_key":17,"schema_version":0,"attributes":{"admin_state_up":true,"all_fixed_ips":["10.10.10.118"],"all_security_group_ids":["003524e9-4497-4c05-a6f7-93e39027e1a2"],"all_tags":[],"allowed_address_pairs":[],"binding":[{"host_id":"","profile":"","vif_details":{},"vif_type":"","vnic_type":"normal"}],"description":"","device_id":"c052328b-fdfb-4b1e-90f1-d46ed9cf27e4","device_owner":"compute:nova","dns_assignment":[],"dns_name":"","extra_dhcp_option":[],"fixed_ip":null,"id":"ae5dd42f-d564-4daa-844f-2859839e781b","mac_address":"fa:16:3e:14:d5:4d","name":"","network_id":"fe6eb022-d84d-40a7-b5c2-b8dff231c5c5","port_id":"ae5dd42f-d564-4daa-844f-2859839e781b","project_id":"8aac03aecbc446c794b32466080e6966","region":"CyberRange","security_group_ids":null,"status":null,"tags":null,"tenant_id":"8aac03aecbc446c794b32466080e6966"},"sensitive_attributes":[]},{"index_key":18,"schema_version":0,"attributes":{"admin_state_up":true,"all_fixed_ips":["10.10.10.119"],"all_security_group_ids":["003524e9-4497-4c05-a6f7-93e39027e1a2"],"all_tags":[],"allowed_address_pairs":[],"binding":[{"host_id":"","profile":"","vif_details":{},"vif_type":"","vnic_type":"normal"}],"description":"","device_id":"66fa5d00-2e5c-486b-9c41-70edce2b08cd","device_owner":"compute:nova","dns_assignment":[],"dns_name":"","extra_dhcp_option":[],"fixed_ip":null,"id":"ec276d11-bbbf-481d-8738-bf64b67550be","mac_address":"fa:16:3e:09:90:87","name":"","network_id":"fe6eb022-d84d-40a7-b5c2-b8dff231c5c5","port_id":"ec276d11-bbbf-481d-8738-bf64b67550be","project_id":"8aac03aecbc446c794b32466080e6966","region":"CyberRange","security_group_ids":null,"status":null,"tags":null,"tenant_id":"8aac03aecbc446c794b32466080e6966"},"sensitive_attributes":[]},{"index_key":19,"schema_version":0,"attributes":{"admin_state_up":true,"all_fixed_ips":["10.10.10.120"],"all_security_group_ids":["003524e9-4497-4c05-a6f7-93e39027e1a2"],"all_tags":[],"allowed_address_pairs":[],"binding":[{"host_id":"","profile":"","vif_details":{},"vif_type":"","vnic_type":"normal"}],"description":"","device_id":"ff699886-3436-4e06-9265-ae0d234374c4","device_owner":"compute:nova","dns_assignment":[],"dns_name":"","extra_dhcp_option":[],"fixed_ip":null,"id":"3bd9d132-3002-4f78-964c-f73294bc94f7","mac_address":"fa:16:3e:f8:1e:03","name":"","network_id":"fe6eb022-d84d-40a7-b5c2-b8dff231c5c5","port_id":"3bd9d132-3002-4f78-964c-f73294bc94f7","project_id":"8aac03aecbc446c794b32466080e6966","region":"CyberRange","security_group_ids":null,"status":null,"tags":null,"tenant_id":"8aac03aecbc446c794b32466080e6966"},"sensitive_attributes":[]},{"index_key":20,"schema_version":0,"attributes":{"admin_state_up":true,"all_fixed_ips":["10.10.10.121"],"all_security_group_ids":["003524e9-4497-4c05-a6f7-93e39027e1a2"],"all_tags":[],"allowed_address_pairs":[],"binding":[{"host_id":"","profile":"","vif_details":{},"vif_type":"","vnic_type":"normal"}],"description":"","device_id":"4ba71bb4-c72f-46e0-9b4f-feee69844f04","device_owner":"compute:nova","dns_assignment":[],"dns_name":"","extra_dhcp_option":[],"fixed_ip":null,"id":"ce704ce9-36f5-447d-b1d8-6e7cdcc732d1","mac_address":"fa:16:3e:39:47:1f","name":"","network_id":"fe6eb022-d84d-40a7-b5c2-b8dff231c5c5","port_id":"ce704ce9-36f5-447d-b1d8-6e7cdcc732d1","project_id":"8aac03aecbc446c794b32466080e6966","region":"CyberRange","security_group_ids":null,"status":null,"tags":null,"tenant_id":"8aac03aecbc446c794b32466080e6966"},"sensitive_attributes":[]},{"index_key":21,"schema_version":0,"attributes":{"admin_state_up":true,"all_fixed_ips":["10.10.10.122"],"all_security_group_ids":["003524e9-4497-4c05-a6f7-93e39027e1a2"],"all_tags":[],"allowed_address_pairs":[],"binding":[{"host_id":"","profile":"","vif_details":{},"vif_type":"","vnic_type":"normal"}],"description":"","device_id":"a115c9be-9942-45e5-a752-d2e8d05b1b21","device_owner":"compute:nova","dns_assignment":[],"dns_name":"","extra_dhcp_option":[],"fixed_ip":null,"id":"7624ae80-4e6b-4d2d-b4e4-6c6960b59aa8","mac_address":"fa:16:3e:d5:99:64","name":"","network_id":"fe6eb022-d84d-40a7-b5c2-b8dff231c5c5","port_id":"7624ae80-4e6b-4d2d-b4e4-6c6960b59aa8","project_id":"8aac03aecbc446c794b32466080e6966","region":"CyberRange","security_group_ids":null,"status":null,"tags":null,"tenant_id":"8aac03aecbc446c794b32466080e6966"},"sensitive_attributes":[]},{"index_key":22,"schema_version":0,"attributes":{"admin_state_up":true,"all_fixed_ips":["10.10.10.123"],"all_security_group_ids":["003524e9-4497-4c05-a6f7-93e39027e1a2"],"all_tags":[],"allowed_address_pairs":[],"binding":[{"host_id":"","profile":"","vif_details":{},"vif_type":"","vnic_type":"normal"}],"description":"","device_id":"0ba16ac2-b745-4b72-ba80-5b28d7848157","device_owner":"compute:nova","dns_assignment":[],"dns_name":"","extra_dhcp_option":[],"fixed_ip":null,"id":"cbffe0f1-775f-4e4e-a603-1c559fab6820","mac_address":"fa:16:3e:b3:1a:b9","name":"","network_id":"fe6eb022-d84d-40a7-b5c2-b8dff231c5c5","port_id":"cbffe0f1-775f-4e4e-a603-1c559fab6820","project_id":"8aac03aecbc446c794b32466080e6966","region":"CyberRange","security_group_ids":null,"status":null,"tags":null,"tenant_id":"8aac03aecbc446c794b32466080e6966"},"sensitive_attributes":[]},{"index_key":23,"schema_version":0,"attributes":{"admin_state_up":true,"all_fixed_ips":["10.10.10.124"],"all_security_group_ids":["003524e9-4497-4c05-a6f7-93e39027e1a2"],"all_tags":[],"allowed_address_pairs":[],"binding":[{"host_id":"","profile":"","vif_details":{},"vif_type":"","vnic_type":"normal"}],"description":"","device_id":"dd9b04f8-201c-44a0-a1e1-2a9ae0ffe62b","device_owner":"compute:nova","dns_assignment":[],"dns_name":"","extra_dhcp_option":[],"fixed_ip":null,"id":"e611db29-ab4c-4a11-b1cc-189f93ac4f94","mac_address":"fa:16:3e:0e:44:99","name":"","network_id":"fe6eb022-d84d-40a7-b5c2-b8dff231c5c5","port_id":"e611db29-ab4c-4a11-b1cc-189f93ac4f94","project_id":"8aac03aecbc446c794b32466080e6966","region":"CyberRange","security_group_ids":null,"status":null,"tags":null,"tenant_id":"8aac03aecbc446c794b32466080e6966"},"sensitive_attributes":[]},{"index_key":24,"schema_version":0,"attributes":{"admin_state_up":true,"all_fixed_ips":["10.10.10.125"],"all_security_group_ids":["003524e9-4497-4c05-a6f7-93e39027e1a2"],"all_tags":[],"allowed_address_pairs":[],"binding":[{"host_id":"","profile":"","vif_details":{},"vif_type":"","vnic_type":"normal"}],"description":"","device_id":"f002c23c-81ef-4e63-945d-71d7be0cdef0","device_owner":"compute:nova","dns_assignment":[],"dns_name":"","extra_dhcp_option":[],"fixed_ip":null,"id":"6693f57d-6ed8-422f-94b5-e5c4e5ca1779","mac_address":"fa:16:3e:8e:1b:d6","name":"","network_id":"fe6eb022-d84d-40a7-b5c2-b8dff231c5c5","port_id":"6693f57d-6ed8-422f-94b5-e5c4e5ca1779","project_id":"8aac03aecbc446c794b32466080e6966","region":"CyberRange","security_group_ids":null,"status":null,"tags":null,"tenant_id":"8aac03aecbc446c794b32466080e6966"},"sensitive_attributes":[]},{"index_key":25,"schema_version":0,"attributes":{"admin_state_up":true,"all_fixed_ips":["10.10.10.126"],"all_security_group_ids":["003524e9-4497-4c05-a6f7-93e39027e1a2"],"all_tags":[],"allowed_address_pairs":[],"binding":[{"host_id":"","profile":"","vif_details":{},"vif_type":"","vnic_type":"normal"}],"description":"","device_id":"2869bd3d-a527-4b5b-af55-d87d33ea869f","device_owner":"compute:nova","dns_assignment":[],"dns_name":"","extra_dhcp_option":[],"fixed_ip":null,"id":"b69f946b-3d03-483c-849d-ba766566d0a7","mac_address":"fa:16:3e:be:be:ed","name":"","network_id":"fe6eb022-d84d-40a7-b5c2-b8dff231c5c5","port_id":"b69f946b-3d03-483c-849d-ba766566d0a7","project_id":"8aac03aecbc446c794b32466080e6966","region":"CyberRange","security_group_ids":null,"status":null,"tags":null,"tenant_id":"8aac03aecbc446c794b32466080e6966"},"sensitive_attributes":[]},{"index_key":26,"schema_version":0,"attributes":{"admin_state_up":true,"all_fixed_ips":["10.10.10.127"],"all_security_group_ids":["003524e9-4497-4c05-a6f7-93e39027e1a2"],"all_tags":[],"allowed_address_pairs":[],"binding":[{"host_id":"","profile":"","vif_details":{},"vif_type":"","vnic_type":"normal"}],"description":"","device_id":"73ff72ab-9d3f-4a00-a277-ce902a15fe87","device_owner":"compute:nova","dns_assignment":[],"dns_name":"","extra_dhcp_option":[],"fixed_ip":null,"id":"34b4f8dd-ef07-4277-8e5a-ced4de4780cc","mac_address":"fa:16:3e:4a:c7:a2","name":"","network_id":"fe6eb022-d84d-40a7-b5c2-b8dff231c5c5","port_id":"34b4f8dd-ef07-4277-8e5a-ced4de4780cc","project_id":"8aac03aecbc446c794b32466080e6966","region":"CyberRange","security_group_ids":null,"status":null,"tags":null,"tenant_id":"8aac03aecbc446c794b32466080e6966"},"sensitive_attributes":[]},{"index_key":27,"schema_version":0,"attributes":{"admin_state_up":true,"all_fixed_ips":["10.10.10.128"],"all_security_group_ids":["003524e9-4497-4c05-a6f7-93e39027e1a2"],"all_tags":[],"allowed_address_pairs":[],"binding":[{"host_id":"","profile":"","vif_details":{},"vif_type":"","vnic_type":"normal"}],"description":"","device_id":"29e0eb09-dfac-43f2-93b4-3d9da187ec10","device_owner":"compute:nova","dns_assignment":[],"dns_name":"","extra_dhcp_option":[],"fixed_ip":null,"id":"a45fe2d0-a9be-4cd0-b68b-240503dcb882","mac_address":"fa:16:3e:29:0c:4c","name":"","network_id":"fe6eb022-d84d-40a7-b5c2-b8dff231c5c5","port_id":"a45fe2d0-a9be-4cd0-b68b-240503dcb882","project_id":"8aac03aecbc446c794b32466080e6966","region":"CyberRange","security_group_ids":null,"status":null,"tags":null,"tenant_id":"8aac03aecbc446c794b32466080e6966"},"sensitive_attributes":[]},{"index_key":28,"schema_version":0,"attributes":{"admin_state_up":true,"all_fixed_ips":["10.10.10.129"],"all_security_group_ids":["003524e9-4497-4c05-a6f7-93e39027e1a2"],"all_tags":[],"allowed_address_pairs":[],"binding":[{"host_id":"","profile":"","vif_details":{},"vif_type":"","vnic_type":"normal"}],"description":"","device_id":"606c3b61-7eb0-42a1-8331-1ba883581186","device_owner":"compute:nova","dns_assignment":[],"dns_name":"","extra_dhcp_option":[],"fixed_ip":null,"id":"ee7e116d-9ff9-46b2-821c-c0229f55f429","mac_address":"fa:16:3e:1b:05:0e","name":"","network_id":"fe6eb022-d84d-40a7-b5c2-b8dff231c5c5","port_id":"ee7e116d-9ff9-46b2-821c-c0229f55f429","project_id":"8aac03aecbc446c794b32466080e6966","region":"CyberRange","security_group_ids":null,"status":null,"tags":null,"tenant_id":"8aac03aecbc446c794b32466080e6966"},"sensitive_attributes":[]},{"index_key":29,"schema_version":0,"attributes":{"admin_state_up":true,"all_fixed_ips":["10.10.10.130"],"all_security_group_ids":["003524e9-4497-4c05-a6f7-93e39027e1a2"],"all_tags":[],"allowed_address_pairs":[],"binding":[{"host_id":"","profile":"","vif_details":{},"vif_type":"","vnic_type":"normal"}],"description":"","device_id":"6948e84a-5b46-4540-a85c-b94d572764b0","device_owner":"compute:nova","dns_assignment":[],"dns_name":"","extra_dhcp_option":[],"fixed_ip":null,"id":"bc0bbcfa-304c-4069-b5b2-3c1bf1b12112","mac_address":"fa:16:3e:d0:6e:ee","name":"","network_id":"fe6eb022-d84d-40a7-b5c2-b8dff231c5c5","port_id":"bc0bbcfa-304c-4069-b5b2-3c1bf1b12112","project_id":"8aac03aecbc446c794b32466080e6966","region":"CyberRange","security_group_ids":null,"status":null,"tags":null,"tenant_id":"8aac03aecbc446c794b32466080e6966"},"sensitive_attributes":[]}]},{"mode":"managed","type":"openstack_compute_instance_v2","name":"debian","provider":"provider[\"registry.opentofu.org/terraform-provider-openstack/openstack\"]","instances":[{"index_key":0,"schema_version":0,"attributes":{"access_ip_v4":"10.10.10.11","access_ip_v6":"","admin_pass":null,"all_metadata":{},"all_tags":[],"availability_zone":"nova","availability_zone_hints":null,"block_device":[{"boot_index":0,"delete_on_termination":true,"destination_type":"volume","device_type":"","disk_bus":"","guest_format":"","multiattach":false,"source_type":"image","uuid":"1b40c0d0-a99d-4c04-94fb-5268e61f0d49","volume_size":80,"volume_type":""}],"config_drive":null,"created":"2025-09-14 18:27:45 +0000 UTC","flavor_id":"6f4e2f56-5576-4705-9889-2d828c9758a0","flavor_name":"medium","force_delete":false,"hypervisor_hostname":"","id":"fe8b52e8-ed9a-4530-8f40-65a048e7407a","image_id":"Attempt to boot from volume - no image supplied","image_name":"debian-trixie-amd64-cloud-20250628-05-24","key_pair":"cdtscoring","metadata":null,"name":"cdt-debian-1","network":[{"access_network":false,"fixed_ip_v4":"10.10.10.11","fixed_ip_v6":"","mac":"fa:16:3e:eb:2f:73","name":"cdt-net","port":"","uuid":"fe6eb022-d84d-40a7-b5c2-b8dff231c5c5"}],"network_mode":null,"personality":[],"power_state":"active","region":"CyberRange","scheduler_hints":[],"security_groups":["default"],"stop_before_destroy":false,"tags":[],"timeouts":null,"updated":"2025-09-14 18:28:10 +0000 UTC","user_data":"89408af40558290f054d9b01198cafe6057ee65d","vendor_options":[]},"sensitive_attributes":[[{"type":"get_attr","value":"admin_pass"}]],"private":"eyJlMmJmYjczMC1lY2FhLTExZTYtOGY4OC0zNDM2M2JjN2M0YzAiOnsiY3JlYXRlIjoxODAwMDAwMDAwMDAwLCJkZWxldGUiOjE4MDAwMDAwMDAwMDAsInVwZGF0ZSI6MTgwMDAwMDAwMDAwMH19","dependencies":["data.openstack_images_image_v2.debian","openstack_networking_network_v2.cdt_net"]},{"index_key":1,"schema_version":0,"attributes":{"access_ip_v4":"10.10.10.12","access_ip_v6":"","admin_pass":null,"all_metadata":{},"all_tags":[],"availability_zone":"nova","availability_zone_hints":null,"block_device":[{"boot_index":0,"delete_on_termination":true,"destination_type":"volume","device_type":"","disk_bus":"","guest_format":"","multiattach":false,"source_type":"image","uuid":"1b40c0d0-a99d-4c04-94fb-5268e61f0d49","volume_size":80,"volume_type":""}],"config_drive":null,"created":"2025-09-14 18:28:52 +0000 UTC","flavor_id":"6f4e2f56-5576-4705-9889-2d828c9758a0","flavor_name":"medium","force_delete":false,"hypervisor_hostname":"","id":"3320de63-eafe-4617-9ad5-9d402a50ac40","image_id":"Attempt to boot from volume - no image supplied","image_name":"debian-trixie-amd64-cloud-20250628-05-24","key_pair":"cdtscoring","metadata":null,"name":"cdt-debian-2","network":[{"access_network":false,"fixed_ip_v4":"10.10.10.12","fixed_ip_v6":"","mac":"fa:16:3e:c1:a6:01","name":"cdt-net","port":"","uuid":"fe6eb022-d84d-40a7-b5c2-b8dff231c5c5"}],"network_mode":null,"personality":[],"power_state":"active","region":"CyberRange","scheduler_hints":[],"security_groups":["default"],"stop_before_destroy":false,"tags":[],"timeouts":null,"updated":"2025-09-14 18:29:14 +0000 UTC","user_data":"89408af40558290f054d9b01198cafe6057ee65d","vendor_options":[]},"sensitive_attributes":[[{"type":"get_attr","value":"admin_pass"}]],"private":"eyJlMmJmYjczMC1lY2FhLTExZTYtOGY4OC0zNDM2M2JjN2M0YzAiOnsiY3JlYXRlIjoxODAwMDAwMDAwMDAwLCJkZWxldGUiOjE4MDAwMDAwMDAwMDAsInVwZGF0ZSI6MTgwMDAwMDAwMDAwMH19","dependencies":["data.openstack_images_image_v2.debian","openstack_networking_network_v2.cdt_net"]},{"index_key":2,"schema_version":0,"attributes":{"access_ip_v4":"10.10.10.13","access_ip_v6":"","admin_pass":null,"all_metadata":{},"all_tags":[],"availability_zone":"nova","availability_zone_hints":null,"block_device":[{"boot_index":0,"delete_on_termination":true,"destination_type":"volume","device_type":"","disk_bus":"","guest_format":"","multiattach":false,"source_type":"image","uuid":"1b40c0d0-a99d-4c04-94fb-5268e61f0d49","volume_size":80,"volume_type":""}],"config_drive":null,"created":"2025-09-14 18:28:52 +0000 UTC","flavor_id":"6f4e2f56-5576-4705-9889-2d828c9758a0","flavor_name":"medium","force_delete":false,"hypervisor_hostname":"","id":"200db77c-e3b2-47f9-8487-0e6fe0d9f77b","image_id":"Attempt to boot from volume - no image supplied","image_name":"debian-trixie-amd64-cloud-20250628-05-24","key_pair":"cdtscoring","metadata":null,"name":"cdt-debian-3","network":[{"access_network":false,"fixed_ip_v4":"10.10.10.13","fixed_ip_v6":"","mac":"fa:16:3e:2e:82:45","name":"cdt-net","port":"","uuid":"fe6eb022-d84d-40a7-b5c2-b8dff231c5c5"}],"network_mode":null,"personality":[],"power_state":"active","region":"CyberRange","scheduler_hints":[],"security_groups":["default"],"stop_before_destroy":false,"tags":[],"timeouts":null,"updated":"2025-09-14 18:29:21 +0000 UTC","user_data":"89408af40558290f054d9b01198cafe6057ee65d","vendor_options":[]},"sensitive_attributes":[[{"type":"get_attr","value":"admin_pass"}]],"private":"eyJlMmJmYjczMC1lY2FhLTExZTYtOGY4OC0zNDM2M2JjN2M0YzAiOnsiY3JlYXRlIjoxODAwMDAwMDAwMDAwLCJkZWxldGUiOjE4MDAwMDAwMDAwMDAsInVwZGF0ZSI6MTgwMDAwMDAwMDAwMH19","dependencies":["data.openstack_images_image_v2.debian","openstack_networking_network_v2.cdt_net"]},{"index_key":3,"schema_version":0,"attributes":{"access_ip_v4":"10.10.10.14","access_ip_v6":"","admin_pass":null,"all_metadata":{},"all_tags":[],"availability_zone":"nova","availability_zone_hints":null,"block_device":[{"boot_index":0,"delete_on_termination":true,"destination_type":"volume","device_type":"","disk_bus":"","guest_format":"","multiattach":false,"source_type":"image","uuid":"1b40c0d0-a99d-4c04-94fb-5268e61f0d49","volume_size":80,"volume_type":""}],"config_drive":null,"created":"2025-09-14 18:29:42 +0000 UTC","flavor_id":"6f4e2f56-5576-4705-9889-2d828c9758a0","flavor_name":"medium","force_delete":false,"hypervisor_hostname":"","id":"3a57f4af-bd60-44c4-a8d0-a461e3df4204","image_id":"Attempt to boot from volume - no image supplied","image_name":"debian-trixie-amd64-cloud-20250628-05-24","key_pair":"cdtscoring","metadata":null,"name":"cdt-debian-4","network":[{"access_network":false,"fixed_ip_v4":"10.10.10.14","fixed_ip_v6":"","mac":"fa:16:3e:53:f0:5a","name":"cdt-net","port":"","uuid":"fe6eb022-d84d-40a7-b5c2-b8dff231c5c5"}],"network_mode":null,"personality":[],"power_state":"active","region":"CyberRange","scheduler_hints":[],"security_groups":["default"],"stop_before_destroy":false,"tags":[],"timeouts":null,"updated":"2025-09-14 18:30:15 +0000 UTC","user_data":"89408af40558290f054d9b01198cafe6057ee65d","vendor_options":[]},"sensitive_attributes":[[{"type":"get_attr","value":"admin_pass"}]],"private":"eyJlMmJmYjczMC1lY2FhLTExZTYtOGY4OC0zNDM2M2JjN2M0YzAiOnsiY3JlYXRlIjoxODAwMDAwMDAwMDAwLCJkZWxldGUiOjE4MDAwMDAwMDAwMDAsInVwZGF0ZSI6MTgwMDAwMDAwMDAwMH19","dependencies":["data.openstack_images_image_v2.debian","openstack_networking_network_v2.cdt_net"]},{"index_key":4,"schema_version":0,"attributes":{"access_ip_v4":"10.10.10.15","access_ip_v6":"","admin_pass":null,"all_metadata":{},"all_tags":[],"availability_zone":"nova","availability_zone_hints":null,"block_device":[{"boot_index":0,"delete_on_termination":true,"destination_type":"volume","device_type":"","disk_bus":"","guest_format":"","multiattach":false,"source_type":"image","uuid":"1b40c0d0-a99d-4c04-94fb-5268e61f0d49","volume_size":80,"volume_type":""}],"config_drive":null,"created":"2025-09-14 18:29:32 +0000 UTC","flavor_id":"6f4e2f56-5576-4705-9889-2d828c9758a0","flavor_name":"medium","force_delete":false,"hypervisor_hostname":"","id":"55e99194-c77c-4519-a25d-ab6e349777b5","image_id":"Attempt to boot from volume - no image supplied","image_name":"debian-trixie-amd64-cloud-20250628-05-24","key_pair":"cdtscoring","metadata":null,"name":"cdt-debian-5","network":[{"access_network":false,"fixed_ip_v4":"10.10.10.15","fixed_ip_v6":"","mac":"fa:16:3e:9f:1b:62","name":"cdt-net","port":"","uuid":"fe6eb022-d84d-40a7-b5c2-b8dff231c5c5"}],"network_mode":null,"personality":[],"power_state":"active","region":"CyberRange","scheduler_hints":[],"security_groups":["default"],"stop_before_destroy":false,"tags":[],"timeouts":null,"updated":"2025-09-14 18:30:02 +0000 UTC","user_data":"89408af40558290f054d9b01198cafe6057ee65d","vendor_options":[]},"sensitive_attributes":[[{"type":"get_attr","value":"admin_pass"}]],"private":"eyJlMmJmYjczMC1lY2FhLTExZTYtOGY4OC0zNDM2M2JjN2M0YzAiOnsiY3JlYXRlIjoxODAwMDAwMDAwMDAwLCJkZWxldGUiOjE4MDAwMDAwMDAwMDAsInVwZGF0ZSI6MTgwMDAwMDAwMDAwMH19","dependencies":["data.openstack_images_image_v2.debian","openstack_networking_network_v2.cdt_net"]},{"index_key":5,"schema_version":0,"attributes":{"access_ip_v4":"10.10.10.16","access_ip_v6":"","admin_pass":null,"all_metadata":{},"all_tags":[],"availability_zone":"nova","availability_zone_hints":null,"block_device":[{"boot_index":0,"delete_on_termination":true,"destination_type":"volume","device_type":"","disk_bus":"","guest_format":"","multiattach":false,"source_type":"image","uuid":"1b40c0d0-a99d-4c04-94fb-5268e61f0d49","volume_size":80,"volume_type":""}],"config_drive":null,"created":"2025-09-14 18:29:22 +0000 UTC","flavor_id":"6f4e2f56-5576-4705-9889-2d828c9758a0","flavor_name":"medium","force_delete":false,"hypervisor_hostname":"","id":"da1b7c45-ef54-45d2-b25d-84e9816f1bd1","image_id":"Attempt to boot from volume - no image supplied","image_name":"debian-trixie-amd64-cloud-20250628-05-24","key_pair":"cdtscoring","metadata":null,"name":"cdt-debian-6","network":[{"access_network":false,"fixed_ip_v4":"10.10.10.16","fixed_ip_v6":"","mac":"fa:16:3e:fd:f4:0f","name":"cdt-net","port":"","uuid":"fe6eb022-d84d-40a7-b5c2-b8dff231c5c5"}],"network_mode":null,"personality":[],"power_state":"active","region":"CyberRange","scheduler_hints":[],"security_groups":["default"],"stop_before_destroy":false,"tags":[],"timeouts":null,"updated":"2025-09-14 18:29:45 +0000 UTC","user_data":"89408af40558290f054d9b01198cafe6057ee65d","vendor_options":[]},"sensitive_attributes":[[{"type":"get_attr","value":"admin_pass"}]],"private":"eyJlMmJmYjczMC1lY2FhLTExZTYtOGY4OC0zNDM2M2JjN2M0YzAiOnsiY3JlYXRlIjoxODAwMDAwMDAwMDAwLCJkZWxldGUiOjE4MDAwMDAwMDAwMDAsInVwZGF0ZSI6MTgwMDAwMDAwMDAwMH19","dependencies":["data.openstack_images_image_v2.debian","openstack_networking_network_v2.cdt_net"]},{"index_key":6,"schema_version":0,"attributes":{"access_ip_v4":"10.10.10.17","access_ip_v6":"","admin_pass":null,"all_metadata":{},"all_tags":[],"availability_zone":"nova","availability_zone_hints":null,"block_device":[{"boot_index":0,"delete_on_termination":true,"destination_type":"volume","device_type":"","disk_bus":"","guest_format":"","multiattach":false,"source_type":"image","uuid":"1b40c0d0-a99d-4c04-94fb-5268e61f0d49","volume_size":80,"volume_type":""}],"config_drive":null,"created":"2025-09-14 18:29:22 +0000 UTC","flavor_id":"6f4e2f56-5576-4705-9889-2d828c9758a0","flavor_name":"medium","force_delete":false,"hypervisor_hostname":"","id":"7b8ad93e-1487-4d2f-839d-cfdbac95c9d3","image_id":"Attempt to boot from volume - no image supplied","image_name":"debian-trixie-amd64-cloud-20250628-05-24","key_pair":"cdtscoring","metadata":null,"name":"cdt-debian-7","network":[{"access_network":false,"fixed_ip_v4":"10.10.10.17","fixed_ip_v6":"","mac":"fa:16:3e:e7:c2:7f","name":"cdt-net","port":"","uuid":"fe6eb022-d84d-40a7-b5c2-b8dff231c5c5"}],"network_mode":null,"personality":[],"power_state":"active","region":"CyberRange","scheduler_hints":[],"security_groups":["default"],"stop_before_destroy":false,"tags":[],"timeouts":null,"updated":"2025-09-14 18:29:51 +0000 UTC","user_data":"89408af40558290f054d9b01198cafe6057ee65d","vendor_options":[]},"sensitive_attributes":[[{"type":"get_attr","value":"admin_pass"}]],"private":"eyJlMmJmYjczMC1lY2FhLTExZTYtOGY4OC0zNDM2M2JjN2M0YzAiOnsiY3JlYXRlIjoxODAwMDAwMDAwMDAwLCJkZWxldGUiOjE4MDAwMDAwMDAwMDAsInVwZGF0ZSI6MTgwMDAwMDAwMDAwMH19","dependencies":["data.openstack_images_image_v2.debian","openstack_networking_network_v2.cdt_net"]},{"index_key":7,"schema_version":0,"attributes":{"access_ip_v4":"10.10.10.18","access_ip_v6":"","admin_pass":null,"all_metadata":{},"all_tags":[],"availability_zone":"nova","availability_zone_hints":null,"block_device":[{"boot_index":0,"delete_on_termination":true,"destination_type":"volume","device_type":"","disk_bus":"","guest_format":"","multiattach":false,"source_type":"image","uuid":"1b40c0d0-a99d-4c04-94fb-5268e61f0d49","volume_size":80,"volume_type":""}],"config_drive":null,"created":"2025-09-14 18:27:45 +0000 UTC","flavor_id":"6f4e2f56-5576-4705-9889-2d828c9758a0","flavor_name":"medium","force_delete":false,"hypervisor_hostname":"","id":"674194bd-bea8-4896-90b6-fbfd141ce3fc","image_id":"Attempt to boot from volume - no image supplied","image_name":"debian-trixie-amd64-cloud-20250628-05-24","key_pair":"cdtscoring","metadata":null,"name":"cdt-debian-8","network":[{"access_network":false,"fixed_ip_v4":"10.10.10.18","fixed_ip_v6":"","mac":"fa:16:3e:4c:72:ac","name":"cdt-net","port":"","uuid":"fe6eb022-d84d-40a7-b5c2-b8dff231c5c5"}],"network_mode":null,"personality":[],"power_state":"active","region":"CyberRange","scheduler_hints":[],"security_groups":["default"],"stop_before_destroy":false,"tags":[],"timeouts":null,"updated":"2025-09-14 18:28:07 +0000 UTC","user_data":"89408af40558290f054d9b01198cafe6057ee65d","vendor_options":[]},"sensitive_attributes":[[{"type":"get_attr","value":"admin_pass"}]],"private":"eyJlMmJmYjczMC1lY2FhLTExZTYtOGY4OC0zNDM2M2JjN2M0YzAiOnsiY3JlYXRlIjoxODAwMDAwMDAwMDAwLCJkZWxldGUiOjE4MDAwMDAwMDAwMDAsInVwZGF0ZSI6MTgwMDAwMDAwMDAwMH19","dependencies":["data.openstack_images_image_v2.debian","openstack_networking_network_v2.cdt_net"]},{"index_key":8,"schema_version":0,"attributes":{"access_ip_v4":"10.10.10.19","access_ip_v6":"","admin_pass":null,"all_metadata":{},"all_tags":[],"availability_zone":"nova","availability_zone_hints":null,"block_device":[{"boot_index":0,"delete_on_termination":true,"destination_type":"volume","device_type":"","disk_bus":"","guest_format":"","multiattach":false,"source_type":"image","uuid":"1b40c0d0-a99d-4c04-94fb-5268e61f0d49","volume_size":80,"volume_type":""}],"config_drive":null,"created":"2025-09-14 18:28:52 +0000 UTC","flavor_id":"6f4e2f56-5576-4705-9889-2d828c9758a0","flavor_name":"medium","force_delete":false,"hypervisor_hostname":"","id":"b2f90f54-efc5-499e-aa40-912c539a1445","image_id":"Attempt to boot from volume - no image supplied","image_name":"debian-trixie-amd64-cloud-20250628-05-24","key_pair":"cdtscoring","metadata":null,"name":"cdt-debian-9","network":[{"access_network":false,"fixed_ip_v4":"10.10.10.19","fixed_ip_v6":"","mac":"fa:16:3e:52:7c:88","name":"cdt-net","port":"","uuid":"fe6eb022-d84d-40a7-b5c2-b8dff231c5c5"}],"network_mode":null,"personality":[],"power_state":"active","region":"CyberRange","scheduler_hints":[],"security_groups":["default"],"stop_before_destroy":false,"tags":[],"timeouts":null,"updated":"2025-09-14 18:29:09 +0000 UTC","user_data":"89408af40558290f054d9b01198cafe6057ee65d","vendor_options":[]},"sensitive_attributes":[[{"type":"get_attr","value":"admin_pass"}]],"private":"eyJlMmJmYjczMC1lY2FhLTExZTYtOGY4OC0zNDM2M2JjN2M0YzAiOnsiY3JlYXRlIjoxODAwMDAwMDAwMDAwLCJkZWxldGUiOjE4MDAwMDAwMDAwMDAsInVwZGF0ZSI6MTgwMDAwMDAwMDAwMH19","dependencies":["data.openstack_images_image_v2.debian","openstack_networking_network_v2.cdt_net"]},{"index_key":9,"schema_version":0,"attributes":{"access_ip_v4":"10.10.10.110","access_ip_v6":"","admin_pass":null,"all_metadata":{},"all_tags":[],"availability_zone":"nova","availability_zone_hints":null,"block_device":[{"boot_index":0,"delete_on_termination":true,"destination_type":"volume","device_type":"","disk_bus":"","guest_format":"","multiattach":false,"source_type":"image","uuid":"1b40c0d0-a99d-4c04-94fb-5268e61f0d49","volume_size":80,"volume_type":""}],"config_drive":null,"created":"2025-09-14 18:28:52 +0000 UTC","flavor_id":"6f4e2f56-5576-4705-9889-2d828c9758a0","flavor_name":"medium","force_delete":false,"hypervisor_hostname":"","id":"64124666-f638-43ff-8acf-8854e17c99a6","image_id":"Attempt to boot from volume - no image supplied","image_name":"debian-trixie-amd64-cloud-20250628-05-24","key_pair":"cdtscoring","metadata":null,"name":"cdt-debian-10","network":[{"access_network":false,"fixed_ip_v4":"10.10.10.110","fixed_ip_v6":"","mac":"fa:16:3e:e4:f2:bf","name":"cdt-net","port":"","uuid":"fe6eb022-d84d-40a7-b5c2-b8dff231c5c5"}],"network_mode":null,"personality":[],"power_state":"active","region":"CyberRange","scheduler_hints":[],"security_groups":["default"],"stop_before_destroy":false,"tags":[],"timeouts":null,"updated":"2025-09-14 18:29:23 +0000 UTC","user_data":"89408af40558290f054d9b01198cafe6057ee65d","vendor_options":[]},"sensitive_attributes":[[{"type":"get_attr","value":"admin_pass"}]],"private":"eyJlMmJmYjczMC1lY2FhLTExZTYtOGY4OC0zNDM2M2JjN2M0YzAiOnsiY3JlYXRlIjoxODAwMDAwMDAwMDAwLCJkZWxldGUiOjE4MDAwMDAwMDAwMDAsInVwZGF0ZSI6MTgwMDAwMDAwMDAwMH19","dependencies":["data.openstack_images_image_v2.debian","openstack_networking_network_v2.cdt_net"]},{"index_key":10,"schema_version":0,"attributes":{"access_ip_v4":"10.10.10.111","access_ip_v6":"","admin_pass":null,"all_metadata":{},"all_tags":[],"availability_zone":"nova","availability_zone_hints":null,"block_device":[{"boot_index":0,"delete_on_termination":true,"destination_type":"volume","device_type":"","disk_bus":"","guest_format":"","multiattach":false,"source_type":"image","uuid":"1b40c0d0-a99d-4c04-94fb-5268e61f0d49","volume_size":80,"volume_type":""}],"config_drive":null,"created":"2025-09-14 18:29:22 +0000 UTC","flavor_id":"6f4e2f56-5576-4705-9889-2d828c9758a0","flavor_name":"medium","force_delete":false,"hypervisor_hostname":"","id":"8cef65d9-25a8-4ded-ac66-8f4671b679fe","image_id":"Attempt to boot from volume - no image supplied","image_name":"debian-trixie-amd64-cloud-20250628-05-24","key_pair":"cdtscoring","metadata":null,"name":"cdt-debian-11","network":[{"access_network":false,"fixed_ip_v4":"10.10.10.111","fixed_ip_v6":"","mac":"fa:16:3e:6b:b7:07","name":"cdt-net","port":"","uuid":"fe6eb022-d84d-40a7-b5c2-b8dff231c5c5"}],"network_mode":null,"personality":[],"power_state":"active","region":"CyberRange","scheduler_hints":[],"security_groups":["default"],"stop_before_destroy":false,"tags":[],"timeouts":null,"updated":"2025-09-14 18:29:43 +0000 UTC","user_data":"89408af40558290f054d9b01198cafe6057ee65d","vendor_options":[]},"sensitive_attributes":[[{"type":"get_attr","value":"admin_pass"}]],"private":"eyJlMmJmYjczMC1lY2FhLTExZTYtOGY4OC0zNDM2M2JjN2M0YzAiOnsiY3JlYXRlIjoxODAwMDAwMDAwMDAwLCJkZWxldGUiOjE4MDAwMDAwMDAwMDAsInVwZGF0ZSI6MTgwMDAwMDAwMDAwMH19","dependencies":["data.openstack_images_image_v2.debian","openstack_networking_network_v2.cdt_net"]},{"index_key":11,"schema_version":0,"attributes":{"access_ip_v4":"10.10.10.112","access_ip_v6":"","admin_pass":null,"all_metadata":{},"all_tags":[],"availability_zone":"nova","availability_zone_hints":null,"block_device":[{"boot_index":0,"delete_on_termination":true,"destination_type":"volume","device_type":"","disk_bus":"","guest_format":"","multiattach":false,"source_type":"image","uuid":"1b40c0d0-a99d-4c04-94fb-5268e61f0d49","volume_size":80,"volume_type":""}],"config_drive":null,"created":"2025-09-14 18:29:42 +0000 UTC","flavor_id":"6f4e2f56-5576-4705-9889-2d828c9758a0","flavor_name":"medium","force_delete":false,"hypervisor_hostname":"","id":"bc2e08a1-b3be-4613-b576-18fed8aa414b","image_id":"Attempt to boot from volume - no image supplied","image_name":"debian-trixie-amd64-cloud-20250628-05-24","key_pair":"cdtscoring","metadata":null,"name":"cdt-debian-12","network":[{"access_network":false,"fixed_ip_v4":"10.10.10.112","fixed_ip_v6":"","mac":"fa:16:3e:a0:bd:ea","name":"cdt-net","port":"","uuid":"fe6eb022-d84d-40a7-b5c2-b8dff231c5c5"}],"network_mode":null,"personality":[],"power_state":"active","region":"CyberRange","scheduler_hints":[],"security_groups":["default"],"stop_before_destroy":false,"tags":[],"timeouts":null,"updated":"2025-09-14 18:30:17 +0000 UTC","user_data":"89408af40558290f054d9b01198cafe6057ee65d","vendor_options":[]},"sensitive_attributes":[[{"type":"get_attr","value":"admin_pass"}]],"private":"eyJlMmJmYjczMC1lY2FhLTExZTYtOGY4OC0zNDM2M2JjN2M0YzAiOnsiY3JlYXRlIjoxODAwMDAwMDAwMDAwLCJkZWxldGUiOjE4MDAwMDAwMDAwMDAsInVwZGF0ZSI6MTgwMDAwMDAwMDAwMH19","dependencies":["data.openstack_images_image_v2.debian","openstack_networking_network_v2.cdt_net"]},{"index_key":12,"schema_version":0,"attributes":{"access_ip_v4":"10.10.10.113","access_ip_v6":"","admin_pass":null,"all_metadata":{},"all_tags":[],"availability_zone":"nova","availability_zone_hints":null,"block_device":[{"boot_index":0,"delete_on_termination":true,"destination_type":"volume","device_type":"","disk_bus":"","guest_format":"","multiattach":false,"source_type":"image","uuid":"1b40c0d0-a99d-4c04-94fb-5268e61f0d49","volume_size":80,"volume_type":""}],"config_drive":null,"created":"2025-09-14 18:28:52 +0000 UTC","flavor_id":"6f4e2f56-5576-4705-9889-2d828c9758a0","flavor_name":"medium","force_delete":false,"hypervisor_hostname":"","id":"359c77e4-8120-4124-bb5c-302f8c2edaa9","image_id":"Attempt to boot from volume - no image supplied","image_name":"debian-trixie-amd64-cloud-20250628-05-24","key_pair":"cdtscoring","metadata":null,"name":"cdt-debian-13","network":[{"access_network":false,"fixed_ip_v4":"10.10.10.113","fixed_ip_v6":"","mac":"fa:16:3e:bd:6a:87","name":"cdt-net","port":"","uuid":"fe6eb022-d84d-40a7-b5c2-b8dff231c5c5"}],"network_mode":null,"personality":[],"power_state":"active","region":"CyberRange","scheduler_hints":[],"security_groups":["default"],"stop_before_destroy":false,"tags":[],"timeouts":null,"updated":"2025-09-14 18:29:11 +0000 UTC","user_data":"89408af40558290f054d9b01198cafe6057ee65d","vendor_options":[]},"sensitive_attributes":[[{"type":"get_attr","value":"admin_pass"}]],"private":"eyJlMmJmYjczMC1lY2FhLTExZTYtOGY4OC0zNDM2M2JjN2M0YzAiOnsiY3JlYXRlIjoxODAwMDAwMDAwMDAwLCJkZWxldGUiOjE4MDAwMDAwMDAwMDAsInVwZGF0ZSI6MTgwMDAwMDAwMDAwMH19","dependencies":["data.openstack_images_image_v2.debian","openstack_networking_network_v2.cdt_net"]},{"index_key":13,"schema_version":0,"attributes":{"access_ip_v4":"10.10.10.114","access_ip_v6":"","admin_pass":null,"all_metadata":{},"all_tags":[],"availability_zone":"nova","availability_zone_hints":null,"block_device":[{"boot_index":0,"delete_on_termination":true,"destination_type":"volume","device_type":"","disk_bus":"","guest_format":"","multiattach":false,"source_type":"image","uuid":"1b40c0d0-a99d-4c04-94fb-5268e61f0d49","volume_size":80,"volume_type":""}],"config_drive":null,"created":"2025-09-14 18:28:52 +0000 UTC","flavor_id":"6f4e2f56-5576-4705-9889-2d828c9758a0","flavor_name":"medium","force_delete":false,"hypervisor_hostname":"","id":"cd1a764a-0f03-418f-8824-2a5039fb18a8","image_id":"Attempt to boot from volume - no image supplied","image_name":"debian-trixie-amd64-cloud-20250628-05-24","key_pair":"cdtscoring","metadata":null,"name":"cdt-debian-14","network":[{"access_network":false,"fixed_ip_v4":"10.10.10.114","fixed_ip_v6":"","mac":"fa:16:3e:ce:0d:67","name":"cdt-net","port":"","uuid":"fe6eb022-d84d-40a7-b5c2-b8dff231c5c5"}],"network_mode":null,"personality":[],"power_state":"active","region":"CyberRange","scheduler_hints":[],"security_groups":["default"],"stop_before_destroy":false,"tags":[],"timeouts":null,"updated":"2025-09-14 18:29:33 +0000 UTC","user_data":"89408af40558290f054d9b01198cafe6057ee65d","vendor_options":[]},"sensitive_attributes":[[{"type":"get_attr","value":"admin_pass"}]],"private":"eyJlMmJmYjczMC1lY2FhLTExZTYtOGY4OC0zNDM2M2JjN2M0YzAiOnsiY3JlYXRlIjoxODAwMDAwMDAwMDAwLCJkZWxldGUiOjE4MDAwMDAwMDAwMDAsInVwZGF0ZSI6MTgwMDAwMDAwMDAwMH19","dependencies":["data.openstack_images_image_v2.debian","openstack_networking_network_v2.cdt_net"]},{"index_key":14,"schema_version":0,"attributes":{"access_ip_v4":"10.10.10.115","access_ip_v6":"","admin_pass":null,"all_metadata":{},"all_tags":[],"availability_zone":"nova","availability_zone_hints":null,"block_device":[{"boot_index":0,"delete_on_termination":true,"destination_type":"volume","device_type":"","disk_bus":"","guest_format":"","multiattach":false,"source_type":"image","uuid":"1b40c0d0-a99d-4c04-94fb-5268e61f0d49","volume_size":80,"volume_type":""}],"config_drive":null,"created":"2025-09-14 18:29:22 +0000 UTC","flavor_id":"6f4e2f56-5576-4705-9889-2d828c9758a0","flavor_name":"medium","force_delete":false,"hypervisor_hostname":"","id":"83af3ed1-ed20-439b-acd2-83831bab86d3","image_id":"Attempt to boot from volume - no image supplied","image_name":"debian-trixie-amd64-cloud-20250628-05-24","key_pair":"cdtscoring","metadata":null,"name":"cdt-debian-15","network":[{"access_network":false,"fixed_ip_v4":"10.10.10.115","fixed_ip_v6":"","mac":"fa:16:3e:ab:52:76","name":"cdt-net","port":"","uuid":"fe6eb022-d84d-40a7-b5c2-b8dff231c5c5"}],"network_mode":null,"personality":[],"power_state":"active","region":"CyberRange","scheduler_hints":[],"security_groups":["default"],"stop_before_destroy":false,"tags":[],"timeouts":null,"updated":"2025-09-14 18:29:47 +0000 UTC","user_data":"89408af40558290f054d9b01198cafe6057ee65d","vendor_options":[]},"sensitive_attributes":[[{"type":"get_attr","value":"admin_pass"}]],"private":"eyJlMmJmYjczMC1lY2FhLTExZTYtOGY4OC0zNDM2M2JjN2M0YzAiOnsiY3JlYXRlIjoxODAwMDAwMDAwMDAwLCJkZWxldGUiOjE4MDAwMDAwMDAwMDAsInVwZGF0ZSI6MTgwMDAwMDAwMDAwMH19","dependencies":["data.openstack_images_image_v2.debian","openstack_networking_network_v2.cdt_net"]},{"index_key":15,"schema_version":0,"attributes":{"access_ip_v4":"10.10.10.116","access_ip_v6":"","admin_pass":null,"all_metadata":{},"all_tags":[],"availability_zone":"nova","availability_zone_hints":null,"block_device":[{"boot_index":0,"delete_on_termination":true,"destination_type":"volume","device_type":"","disk_bus":"","guest_format":"","multiattach":false,"source_type":"image","uuid":"1b40c0d0-a99d-4c04-94fb-5268e61f0d49","volume_size":80,"volume_type":""}],"config_drive":null,"created":"2025-09-14 18:28:52 +0000 UTC","flavor_id":"6f4e2f56-5576-4705-9889-2d828c9758a0","flavor_name":"medium","force_delete":false,"hypervisor_hostname":"","id":"2a3601fa-4b91-4079-98a4-c74db9a81697","image_id":"Attempt to boot from volume - no image supplied","image_name":"debian-trixie-amd64-cloud-20250628-05-24","key_pair":"cdtscoring","metadata":null,"name":"cdt-debian-16","network":[{"access_network":false,"fixed_ip_v4":"10.10.10.116","fixed_ip_v6":"","mac":"fa:16:3e:00:94:88","name":"cdt-net","port":"","uuid":"fe6eb022-d84d-40a7-b5c2-b8dff231c5c5"}],"network_mode":null,"personality":[],"power_state":"active","region":"CyberRange","scheduler_hints":[],"security_groups":["default"],"stop_before_destroy":false,"tags":[],"timeouts":null,"updated":"2025-09-14 18:29:30 +0000 UTC","user_data":"89408af40558290f054d9b01198cafe6057ee65d","vendor_options":[]},"sensitive_attributes":[[{"type":"get_attr","value":"admin_pass"}]],"private":"eyJlMmJmYjczMC1lY2FhLTExZTYtOGY4OC0zNDM2M2JjN2M0YzAiOnsiY3JlYXRlIjoxODAwMDAwMDAwMDAwLCJkZWxldGUiOjE4MDAwMDAwMDAwMDAsInVwZGF0ZSI6MTgwMDAwMDAwMDAwMH19","dependencies":["data.openstack_images_image_v2.debian","openstack_networking_network_v2.cdt_net"]},{"index_key":16,"schema_version":0,"attributes":{"access_ip_v4":"10.10.10.117","access_ip_v6":"","admin_pass":null,"all_metadata":{},"all_tags":[],"availability_zone":"nova","availability_zone_hints":null,"block_device":[{"boot_index":0,"delete_on_termination":true,"destination_type":"volume","device_type":"","disk_bus":"","guest_format":"","multiattach":false,"source_type":"image","uuid":"1b40c0d0-a99d-4c04-94fb-5268e61f0d49","volume_size":80,"volume_type":""}],"config_drive":null,"created":"2025-09-14 18:28:52 +0000 UTC","flavor_id":"6f4e2f56-5576-4705-9889-2d828c9758a0","flavor_name":"medium","force_delete":false,"hypervisor_hostname":"","id":"164f34ef-563a-467b-8b63-3671c949a4ff","image_id":"Attempt to boot from volume - no image supplied","image_name":"debian-trixie-amd64-cloud-20250628-05-24","key_pair":"cdtscoring","metadata":null,"name":"cdt-debian-17","network":[{"access_network":false,"fixed_ip_v4":"10.10.10.117","fixed_ip_v6":"","mac":"fa:16:3e:c7:a6:01","name":"cdt-net","port":"","uuid":"fe6eb022-d84d-40a7-b5c2-b8dff231c5c5"}],"network_mode":null,"personality":[],"power_state":"active","region":"CyberRange","scheduler_hints":[],"security_groups":["default"],"stop_before_destroy":false,"tags":[],"timeouts":null,"updated":"2025-09-14 18:29:35 +0000 UTC","user_data":"89408af40558290f054d9b01198cafe6057ee65d","vendor_options":[]},"sensitive_attributes":[[{"type":"get_attr","value":"admin_pass"}]],"private":"eyJlMmJmYjczMC1lY2FhLTExZTYtOGY4OC0zNDM2M2JjN2M0YzAiOnsiY3JlYXRlIjoxODAwMDAwMDAwMDAwLCJkZWxldGUiOjE4MDAwMDAwMDAwMDAsInVwZGF0ZSI6MTgwMDAwMDAwMDAwMH19","dependencies":["data.openstack_images_image_v2.debian","openstack_networking_network_v2.cdt_net"]},{"index_key":17,"schema_version":0,"attributes":{"access_ip_v4":"10.10.10.118","access_ip_v6":"","admin_pass":null,"all_metadata":{},"all_tags":[],"availability_zone":"nova","availability_zone_hints":null,"block_device":[{"boot_index":0,"delete_on_termination":true,"destination_type":"volume","device_type":"","disk_bus":"","guest_format":"","multiattach":false,"source_type":"image","uuid":"1b40c0d0-a99d-4c04-94fb-5268e61f0d49","volume_size":80,"volume_type":""}],"config_drive":null,"created":"2025-09-14 18:27:45 +0000 UTC","flavor_id":"6f4e2f56-5576-4705-9889-2d828c9758a0","flavor_name":"medium","force_delete":false,"hypervisor_hostname":"","id":"c052328b-fdfb-4b1e-90f1-d46ed9cf27e4","image_id":"Attempt to boot from volume - no image supplied","image_name":"debian-trixie-amd64-cloud-20250628-05-24","key_pair":"cdtscoring","metadata":null,"name":"cdt-debian-18","network":[{"access_network":false,"fixed_ip_v4":"10.10.10.118","fixed_ip_v6":"","mac":"fa:16:3e:14:d5:4d","name":"cdt-net","port":"","uuid":"fe6eb022-d84d-40a7-b5c2-b8dff231c5c5"}],"network_mode":null,"personality":[],"power_state":"active","region":"CyberRange","scheduler_hints":[],"security_groups":["default"],"stop_before_destroy":false,"tags":[],"timeouts":null,"updated":"2025-09-14 18:28:02 +0000 UTC","user_data":"89408af40558290f054d9b01198cafe6057ee65d","vendor_options":[]},"sensitive_attributes":[[{"type":"get_attr","value":"admin_pass"}]],"private":"eyJlMmJmYjczMC1lY2FhLTExZTYtOGY4OC0zNDM2M2JjN2M0YzAiOnsiY3JlYXRlIjoxODAwMDAwMDAwMDAwLCJkZWxldGUiOjE4MDAwMDAwMDAwMDAsInVwZGF0ZSI6MTgwMDAwMDAwMDAwMH19","dependencies":["data.openstack_images_image_v2.debian","openstack_networking_network_v2.cdt_net"]},{"index_key":18,"schema_version":0,"attributes":{"access_ip_v4":"10.10.10.119","access_ip_v6":"","admin_pass":null,"all_metadata":{},"all_tags":[],"availability_zone":"nova","availability_zone_hints":null,"block_device":[{"boot_index":0,"delete_on_termination":true,"destination_type":"volume","device_type":"","disk_bus":"","guest_format":"","multiattach":false,"source_type":"image","uuid":"1b40c0d0-a99d-4c04-94fb-5268e61f0d49","volume_size":80,"volume_type":""}],"config_drive":null,"created":"2025-09-14 18:28:52 +0000 UTC","flavor_id":"6f4e2f56-5576-4705-9889-2d828c9758a0","flavor_name":"medium","force_delete":false,"hypervisor_hostname":"","id":"66fa5d00-2e5c-486b-9c41-70edce2b08cd","image_id":"Attempt to boot from volume - no image supplied","image_name":"debian-trixie-amd64-cloud-20250628-05-24","key_pair":"cdtscoring","metadata":null,"name":"cdt-debian-19","network":[{"access_network":false,"fixed_ip_v4":"10.10.10.119","fixed_ip_v6":"","mac":"fa:16:3e:09:90:87","name":"cdt-net","port":"","uuid":"fe6eb022-d84d-40a7-b5c2-b8dff231c5c5"}],"network_mode":null,"personality":[],"power_state":"active","region":"CyberRange","scheduler_hints":[],"security_groups":["default"],"stop_before_destroy":false,"tags":[],"timeouts":null,"updated":"2025-09-14 18:29:17 +0000 UTC","user_data":"89408af40558290f054d9b01198cafe6057ee65d","vendor_options":[]},"sensitive_attributes":[[{"type":"get_attr","value":"admin_pass"}]],"private":"eyJlMmJmYjczMC1lY2FhLTExZTYtOGY4OC0zNDM2M2JjN2M0YzAiOnsiY3JlYXRlIjoxODAwMDAwMDAwMDAwLCJkZWxldGUiOjE4MDAwMDAwMDAwMDAsInVwZGF0ZSI6MTgwMDAwMDAwMDAwMH19","dependencies":["data.openstack_images_image_v2.debian","openstack_networking_network_v2.cdt_net"]},{"index_key":19,"schema_version":0,"attributes":{"access_ip_v4":"10.10.10.120","access_ip_v6":"","admin_pass":null,"all_metadata":{},"all_tags":[],"availability_zone":"nova","availability_zone_hints":null,"block_device":[{"boot_index":0,"delete_on_termination":true,"destination_type":"volume","device_type":"","disk_bus":"","guest_format":"","multiattach":false,"source_type":"image","uuid":"1b40c0d0-a99d-4c04-94fb-5268e61f0d49","volume_size":80,"volume_type":""}],"config_drive":null,"created":"2025-09-14 18:29:12 +0000 UTC","flavor_id":"6f4e2f56-5576-4705-9889-2d828c9758a0","flavor_name":"medium","force_delete":false,"hypervisor_hostname":"","id":"ff699886-3436-4e06-9265-ae0d234374c4","image_id":"Attempt to boot from volume - no image supplied","image_name":"debian-trixie-amd64-cloud-20250628-05-24","key_pair":"cdtscoring","metadata":null,"name":"cdt-debian-20","network":[{"access_network":false,"fixed_ip_v4":"10.10.10.120","fixed_ip_v6":"","mac":"fa:16:3e:f8:1e:03","name":"cdt-net","port":"","uuid":"fe6eb022-d84d-40a7-b5c2-b8dff231c5c5"}],"network_mode":null,"personality":[],"power_state":"active","region":"CyberRange","scheduler_hints":[],"security_groups":["default"],"stop_before_destroy":false,"tags":[],"timeouts":null,"updated":"2025-09-14 18:29:37 +0000 UTC","user_data":"89408af40558290f054d9b01198cafe6057ee65d","vendor_options":[]},"sensitive_attributes":[[{"type":"get_attr","value":"admin_pass"}]],"private":"eyJlMmJmYjczMC1lY2FhLTExZTYtOGY4OC0zNDM2M2JjN2M0YzAiOnsiY3JlYXRlIjoxODAwMDAwMDAwMDAwLCJkZWxldGUiOjE4MDAwMDAwMDAwMDAsInVwZGF0ZSI6MTgwMDAwMDAwMDAwMH19","dependencies":["data.openstack_images_image_v2.debian","openstack_networking_network_v2.cdt_net"]},{"index_key":20,"schema_version":0,"attributes":{"access_ip_v4":"10.10.10.121","access_ip_v6":"","admin_pass":null,"all_metadata":{},"all_tags":[],"availability_zone":"nova","availability_zone_hints":null,"block_device":[{"boot_index":0,"delete_on_termination":true,"destination_type":"volume","device_type":"","disk_bus":"","guest_format":"","multiattach":false,"source_type":"image","uuid":"1b40c0d0-a99d-4c04-94fb-5268e61f0d49","volume_size":80,"volume_type":""}],"config_drive":null,"created":"2025-09-14 18:27:45 +0000 UTC","flavor_id":"6f4e2f56-5576-4705-9889-2d828c9758a0","flavor_name":"medium","force_delete":false,"hypervisor_hostname":"","id":"4ba71bb4-c72f-46e0-9b4f-feee69844f04","image_id":"Attempt to boot from volume - no image supplied","image_name":"debian-trixie-amd64-cloud-20250628-05-24","key_pair":"cdtscoring","metadata":null,"name":"cdt-debian-21","network":[{"access_network":false,"fixed_ip_v4":"10.10.10.121","fixed_ip_v6":"","mac":"fa:16:3e:39:47:1f","name":"cdt-net","port":"","uuid":"fe6eb022-d84d-40a7-b5c2-b8dff231c5c5"}],"network_mode":null,"personality":[],"power_state":"active","region":"CyberRange","scheduler_hints":[],"security_groups":["default"],"stop_before_destroy":false,"tags":[],"timeouts":null,"updated":"2025-09-14 18:28:13 +0000 UTC","user_data":"89408af40558290f054d9b01198cafe6057ee65d","vendor_options":[]},"sensitive_attributes":[[{"type":"get_attr","value":"admin_pass"}]],"private":"eyJlMmJmYjczMC1lY2FhLTExZTYtOGY4OC0zNDM2M2JjN2M0YzAiOnsiY3JlYXRlIjoxODAwMDAwMDAwMDAwLCJkZWxldGUiOjE4MDAwMDAwMDAwMDAsInVwZGF0ZSI6MTgwMDAwMDAwMDAwMH19","dependencies":["data.openstack_images_image_v2.debian","openstack_networking_network_v2.cdt_net"]},{"index_key":21,"schema_version":0,"attributes":{"access_ip_v4":"10.10.10.122","access_ip_v6":"","admin_pass":null,"all_metadata":{},"all_tags":[],"availability_zone":"nova","availability_zone_hints":null,"block_device":[{"boot_index":0,"delete_on_termination":true,"destination_type":"volume","device_type":"","disk_bus":"","guest_format":"","multiattach":false,"source_type":"image","uuid":"1b40c0d0-a99d-4c04-94fb-5268e61f0d49","volume_size":80,"volume_type":""}],"config_drive":null,"created":"2025-09-14 18:29:32 +0000 UTC","flavor_id":"6f4e2f56-5576-4705-9889-2d828c9758a0","flavor_name":"medium","force_delete":false,"hypervisor_hostname":"","id":"a115c9be-9942-45e5-a752-d2e8d05b1b21","image_id":"Attempt to boot from volume - no image supplied","image_name":"debian-trixie-amd64-cloud-20250628-05-24","key_pair":"cdtscoring","metadata":null,"name":"cdt-debian-22","network":[{"access_network":false,"fixed_ip_v4":"10.10.10.122","fixed_ip_v6":"","mac":"fa:16:3e:d5:99:64","name":"cdt-net","port":"","uuid":"fe6eb022-d84d-40a7-b5c2-b8dff231c5c5"}],"network_mode":null,"personality":[],"power_state":"active","region":"CyberRange","scheduler_hints":[],"security_groups":["default"],"stop_before_destroy":false,"tags":[],"timeouts":null,"updated":"2025-09-14 18:30:07 +0000 UTC","user_data":"89408af40558290f054d9b01198cafe6057ee65d","vendor_options":[]},"sensitive_attributes":[[{"type":"get_attr","value":"admin_pass"}]],"private":"eyJlMmJmYjczMC1lY2FhLTExZTYtOGY4OC0zNDM2M2JjN2M0YzAiOnsiY3JlYXRlIjoxODAwMDAwMDAwMDAwLCJkZWxldGUiOjE4MDAwMDAwMDAwMDAsInVwZGF0ZSI6MTgwMDAwMDAwMDAwMH19","dependencies":["data.openstack_images_image_v2.debian","openstack_networking_network_v2.cdt_net"]},{"index_key":22,"schema_version":0,"attributes":{"access_ip_v4":"10.10.10.123","access_ip_v6":"","admin_pass":null,"all_metadata":{},"all_tags":[],"availability_zone":"nova","availability_zone_hints":null,"block_device":[{"boot_index":0,"delete_on_termination":true,"destination_type":"volume","device_type":"","disk_bus":"","guest_format":"","multiattach":false,"source_type":"image","uuid":"1b40c0d0-a99d-4c04-94fb-5268e61f0d49","volume_size":80,"volume_type":""}],"config_drive":null,"created":"2025-09-14 18:28:52 +0000 UTC","flavor_id":"6f4e2f56-5576-4705-9889-2d828c9758a0","flavor_name":"medium","force_delete":false,"hypervisor_hostname":"","id":"0ba16ac2-b745-4b72-ba80-5b28d7848157","image_id":"Attempt to boot from volume - no image supplied","image_name":"debian-trixie-amd64-cloud-20250628-05-24","key_pair":"cdtscoring","metadata":null,"name":"cdt-debian-23","network":[{"access_network":false,"fixed_ip_v4":"10.10.10.123","fixed_ip_v6":"","mac":"fa:16:3e:b3:1a:b9","name":"cdt-net","port":"","uuid":"fe6eb022-d84d-40a7-b5c2-b8dff231c5c5"}],"network_mode":null,"personality":[],"power_state":"active","region":"CyberRange","scheduler_hints":[],"security_groups":["default"],"stop_before_destroy":false,"tags":[],"timeouts":null,"updated":"2025-09-14 18:29:26 +0000 UTC","user_data":"89408af40558290f054d9b01198cafe6057ee65d","vendor_options":[]},"sensitive_attributes":[[{"type":"get_attr","value":"admin_pass"}]],"private":"eyJlMmJmYjczMC1lY2FhLTExZTYtOGY4OC0zNDM2M2JjN2M0YzAiOnsiY3JlYXRlIjoxODAwMDAwMDAwMDAwLCJkZWxldGUiOjE4MDAwMDAwMDAwMDAsInVwZGF0ZSI6MTgwMDAwMDAwMDAwMH19","dependencies":["data.openstack_images_image_v2.debian","openstack_networking_network_v2.cdt_net"]},{"index_key":23,"schema_version":0,"attributes":{"access_ip_v4":"10.10.10.124","access_ip_v6":"","admin_pass":null,"all_metadata":{},"all_tags":[],"availability_zone":"nova","availability_zone_hints":null,"block_device":[{"boot_index":0,"delete_on_termination":true,"destination_type":"volume","device_type":"","disk_bus":"","guest_format":"","multiattach":false,"source_type":"image","uuid":"1b40c0d0-a99d-4c04-94fb-5268e61f0d49","volume_size":80,"volume_type":""}],"config_drive":null,"created":"2025-09-14 20:48:09 +0000 UTC","flavor_id":"6f4e2f56-5576-4705-9889-2d828c9758a0","flavor_name":"medium","force_delete":false,"hypervisor_hostname":"","id":"dd9b04f8-201c-44a0-a1e1-2a9ae0ffe62b","image_id":"Attempt to boot from volume - no image supplied","image_name":"debian-trixie-amd64-cloud-20250628-05-24","key_pair":"cdtscoring","metadata":null,"name":"cdt-debian-24","network":[{"access_network":false,"fixed_ip_v4":"10.10.10.124","fixed_ip_v6":"","mac":"fa:16:3e:0e:44:99","name":"cdt-net","port":"","uuid":"fe6eb022-d84d-40a7-b5c2-b8dff231c5c5"}],"network_mode":null,"personality":[],"power_state":"active","region":"CyberRange","scheduler_hints":[],"security_groups":["default"],"stop_before_destroy":false,"tags":[],"timeouts":null,"updated":"2025-09-14 20:48:25 +0000 UTC","user_data":"89408af40558290f054d9b01198cafe6057ee65d","vendor_options":[]},"sensitive_attributes":[[{"type":"get_attr","value":"admin_pass"}]],"private":"eyJlMmJmYjczMC1lY2FhLTExZTYtOGY4OC0zNDM2M2JjN2M0YzAiOnsiY3JlYXRlIjoxODAwMDAwMDAwMDAwLCJkZWxldGUiOjE4MDAwMDAwMDAwMDAsInVwZGF0ZSI6MTgwMDAwMDAwMDAwMH19","dependencies":["data.openstack_images_image_v2.debian","openstack_networking_network_v2.cdt_net"]},{"index_key":24,"schema_version":0,"attributes":{"access_ip_v4":"10.10.10.125","access_ip_v6":"","admin_pass":null,"all_metadata":{},"all_tags":[],"availability_zone":"nova","availability_zone_hints":null,"block_device":[{"boot_index":0,"delete_on_termination":true,"destination_type":"volume","device_type":"","disk_bus":"","guest_format":"","multiattach":false,"source_type":"image","uuid":"1b40c0d0-a99d-4c04-94fb-5268e61f0d49","volume_size":80,"volume_type":""}],"config_drive":null,"created":"2025-09-14 18:29:32 +0000 UTC","flavor_id":"6f4e2f56-5576-4705-9889-2d828c9758a0","flavor_name":"medium","force_delete":false,"hypervisor_hostname":"","id":"f002c23c-81ef-4e63-945d-71d7be0cdef0","image_id":"Attempt to boot from volume - no image supplied","image_name":"debian-trixie-amd64-cloud-20250628-05-24","key_pair":"cdtscoring","metadata":null,"name":"cdt-debian-25","network":[{"access_network":false,"fixed_ip_v4":"10.10.10.125","fixed_ip_v6":"","mac":"fa:16:3e:8e:1b:d6","name":"cdt-net","port":"","uuid":"fe6eb022-d84d-40a7-b5c2-b8dff231c5c5"}],"network_mode":null,"personality":[],"power_state":"active","region":"CyberRange","scheduler_hints":[],"security_groups":["default"],"stop_before_destroy":false,"tags":[],"timeouts":null,"updated":"2025-09-14 18:29:59 +0000 UTC","user_data":"89408af40558290f054d9b01198cafe6057ee65d","vendor_options":[]},"sensitive_attributes":[[{"type":"get_attr","value":"admin_pass"}]],"private":"eyJlMmJmYjczMC1lY2FhLTExZTYtOGY4OC0zNDM2M2JjN2M0YzAiOnsiY3JlYXRlIjoxODAwMDAwMDAwMDAwLCJkZWxldGUiOjE4MDAwMDAwMDAwMDAsInVwZGF0ZSI6MTgwMDAwMDAwMDAwMH19","dependencies":["data.openstack_images_image_v2.debian","openstack_networking_network_v2.cdt_net"]},{"index_key":25,"schema_version":0,"attributes":{"access_ip_v4":"10.10.10.126","access_ip_v6":"","admin_pass":null,"all_metadata":{},"all_tags":[],"availability_zone":"nova","availability_zone_hints":null,"block_device":[{"boot_index":0,"delete_on_termination":true,"destination_type":"volume","device_type":"","disk_bus":"","guest_format":"","multiattach":false,"source_type":"image","uuid":"1b40c0d0-a99d-4c04-94fb-5268e61f0d49","volume_size":80,"volume_type":""}],"config_drive":null,"created":"2025-09-14 18:27:45 +0000 UTC","flavor_id":"6f4e2f56-5576-4705-9889-2d828c9758a0","flavor_name":"medium","force_delete":false,"hypervisor_hostname":"","id":"2869bd3d-a527-4b5b-af55-d87d33ea869f","image_id":"Attempt to boot from volume - no image supplied","image_name":"debian-trixie-amd64-cloud-20250628-05-24","key_pair":"cdtscoring","metadata":null,"name":"cdt-debian-26","network":[{"access_network":false,"fixed_ip_v4":"10.10.10.126","fixed_ip_v6":"","mac":"fa:16:3e:be:be:ed","name":"cdt-net","port":"","uuid":"fe6eb022-d84d-40a7-b5c2-b8dff231c5c5"}],"network_mode":null,"personality":[],"power_state":"active","region":"CyberRange","scheduler_hints":[],"security_groups":["default"],"stop_before_destroy":false,"tags":[],"timeouts":null,"updated":"2025-09-14 18:28:15 +0000 UTC","user_data":"89408af40558290f054d9b01198cafe6057ee65d","vendor_options":[]},"sensitive_attributes":[[{"type":"get_attr","value":"admin_pass"}]],"private":"eyJlMmJmYjczMC1lY2FhLTExZTYtOGY4OC0zNDM2M2JjN2M0YzAiOnsiY3JlYXRlIjoxODAwMDAwMDAwMDAwLCJkZWxldGUiOjE4MDAwMDAwMDAwMDAsInVwZGF0ZSI6MTgwMDAwMDAwMDAwMH19","dependencies":["data.openstack_images_image_v2.debian","openstack_networking_network_v2.cdt_net"]},{"index_key":26,"schema_version":0,"attributes":{"access_ip_v4":"10.10.10.127","access_ip_v6":"","admin_pass":null,"all_metadata":{},"all_tags":[],"availability_zone":"nova","availability_zone_hints":null,"block_device":[{"boot_index":0,"delete_on_termination":true,"destination_type":"volume","device_type":"","disk_bus":"","guest_format":"","multiattach":false,"source_type":"image","uuid":"1b40c0d0-a99d-4c04-94fb-5268e61f0d49","volume_size":80,"volume_type":""}],"config_drive":null,"created":"2025-09-14 18:29:52 +0000 UTC","flavor_id":"6f4e2f56-5576-4705-9889-2d828c9758a0","flavor_name":"medium","force_delete":false,"hypervisor_hostname":"","id":"73ff72ab-9d3f-4a00-a277-ce902a15fe87","image_id":"Attempt to boot from volume - no image supplied","image_name":"debian-trixie-amd64-cloud-20250628-05-24","key_pair":"cdtscoring","metadata":null,"name":"cdt-debian-27","network":[{"access_network":false,"fixed_ip_v4":"10.10.10.127","fixed_ip_v6":"","mac":"fa:16:3e:4a:c7:a2","name":"cdt-net","port":"","uuid":"fe6eb022-d84d-40a7-b5c2-b8dff231c5c5"}],"network_mode":null,"personality":[],"power_state":"active","region":"CyberRange","scheduler_hints":[],"security_groups":["default"],"stop_before_destroy":false,"tags":[],"timeouts":null,"updated":"2025-09-14 18:30:20 +0000 UTC","user_data":"89408af40558290f054d9b01198cafe6057ee65d","vendor_options":[]},"sensitive_attributes":[[{"type":"get_attr","value":"admin_pass"}]],"private":"eyJlMmJmYjczMC1lY2FhLTExZTYtOGY4OC0zNDM2M2JjN2M0YzAiOnsiY3JlYXRlIjoxODAwMDAwMDAwMDAwLCJkZWxldGUiOjE4MDAwMDAwMDAwMDAsInVwZGF0ZSI6MTgwMDAwMDAwMDAwMH19","dependencies":["data.openstack_images_image_v2.debian","openstack_networking_network_v2.cdt_net"]},{"index_key":27,"schema_version":0,"attributes":{"access_ip_v4":"10.10.10.128","access_ip_v6":"","admin_pass":null,"all_metadata":{},"all_tags":[],"availability_zone":"nova","availability_zone_hints":null,"block_device":[{"boot_index":0,"delete_on_termination":true,"destination_type":"volume","device_type":"","disk_bus":"","guest_format":"","multiattach":false,"source_type":"image","uuid":"1b40c0d0-a99d-4c04-94fb-5268e61f0d49","volume_size":80,"volume_type":""}],"config_drive":null,"created":"2025-09-14 18:29:52 +0000 UTC","flavor_id":"6f4e2f56-5576-4705-9889-2d828c9758a0","flavor_name":"medium","force_delete":false,"hypervisor_hostname":"","id":"29e0eb09-dfac-43f2-93b4-3d9da187ec10","image_id":"Attempt to boot from volume - no image supplied","image_name":"debian-trixie-amd64-cloud-20250628-05-24","key_pair":"cdtscoring","metadata":null,"name":"cdt-debian-28","network":[{"access_network":false,"fixed_ip_v4":"10.10.10.128","fixed_ip_v6":"","mac":"fa:16:3e:29:0c:4c","name":"cdt-net","port":"","uuid":"fe6eb022-d84d-40a7-b5c2-b8dff231c5c5"}],"network_mode":null,"personality":[],"power_state":"active","region":"CyberRange","scheduler_hints":[],"security_groups":["default"],"stop_before_destroy":false,"tags":[],"timeouts":null,"updated":"2025-09-14 18:30:18 +0000 UTC","user_data":"89408af40558290f054d9b01198cafe6057ee65d","vendor_options":[]},"sensitive_attributes":[[{"type":"get_attr","value":"admin_pass"}]],"private":"eyJlMmJmYjczMC1lY2FhLTExZTYtOGY4OC0zNDM2M2JjN2M0YzAiOnsiY3JlYXRlIjoxODAwMDAwMDAwMDAwLCJkZWxldGUiOjE4MDAwMDAwMDAwMDAsInVwZGF0ZSI6MTgwMDAwMDAwMDAwMH19","dependencies":["data.openstack_images_image_v2.debian","openstack_networking_network_v2.cdt_net"]},{"index_key":28,"schema_version":0,"attributes":{"access_ip_v4":"10.10.10.129","access_ip_v6":"","admin_pass":null,"all_metadata":{},"all_tags":[],"availability_zone":"nova","availability_zone_hints":null,"block_device":[{"boot_index":0,"delete_on_termination":true,"destination_type":"volume","device_type":"","disk_bus":"","guest_format":"","multiattach":false,"source_type":"image","uuid":"1b40c0d0-a99d-4c04-94fb-5268e61f0d49","volume_size":80,"volume_type":""}],"config_drive":null,"created":"2025-09-14 18:29:41 +0000 UTC","flavor_id":"6f4e2f56-5576-4705-9889-2d828c9758a0","flavor_name":"medium","force_delete":false,"hypervisor_hostname":"","id":"606c3b61-7eb0-42a1-8331-1ba883581186","image_id":"Attempt to boot from volume - no image supplied","image_name":"debian-trixie-amd64-cloud-20250628-05-24","key_pair":"cdtscoring","metadata":null,"name":"cdt-debian-29","network":[{"access_network":false,"fixed_ip_v4":"10.10.10.129","fixed_ip_v6":"","mac":"fa:16:3e:1b:05:0e","name":"cdt-net","port":"","uuid":"fe6eb022-d84d-40a7-b5c2-b8dff231c5c5"}],"network_mode":null,"personality":[],"power_state":"active","region":"CyberRange","scheduler_hints":[],"security_groups":["default"],"stop_before_destroy":false,"tags":[],"timeouts":null,"updated":"2025-09-14 18:30:11 +0000 UTC","user_data":"89408af40558290f054d9b01198cafe6057ee65d","vendor_options":[]},"sensitive_attributes":[[{"type":"get_attr","value":"admin_pass"}]],"private":"eyJlMmJmYjczMC1lY2FhLTExZTYtOGY4OC0zNDM2M2JjN2M0YzAiOnsiY3JlYXRlIjoxODAwMDAwMDAwMDAwLCJkZWxldGUiOjE4MDAwMDAwMDAwMDAsInVwZGF0ZSI6MTgwMDAwMDAwMDAwMH19","dependencies":["data.openstack_images_image_v2.debian","openstack_networking_network_v2.cdt_net"]},{"index_key":29,"schema_version":0,"attributes":{"access_ip_v4":"10.10.10.130","access_ip_v6":"","admin_pass":null,"all_metadata":{},"all_tags":[],"availability_zone":"nova","availability_zone_hints":null,"block_device":[{"boot_index":0,"delete_on_termination":true,"destination_type":"volume","device_type":"","disk_bus":"","guest_format":"","multiattach":false,"source_type":"image","uuid":"1b40c0d0-a99d-4c04-94fb-5268e61f0d49","volume_size":80,"volume_type":""}],"config_drive":null,"created":"2025-09-14 18:29:52 +0000 UTC","flavor_id":"6f4e2f56-5576-4705-9889-2d828c9758a0","flavor_name":"medium","force_delete":false,"hypervisor_hostname":"","id":"6948e84a-5b46-4540-a85c-b94d572764b0","image_id":"Attempt to boot from volume - no image supplied","image_name":"debian-trixie-amd64-cloud-20250628-05-24","key_pair":"cdtscoring","metadata":null,"name":"cdt-debian-30","network":[{"access_network":false,"fixed_ip_v4":"10.10.10.130","fixed_ip_v6":"","mac":"fa:16:3e:d0:6e:ee","name":"cdt-net","port":"","uuid":"fe6eb022-d84d-40a7-b5c2-b8dff231c5c5"}],"network_mode":null,"personality":[],"power_state":"active","region":"CyberRange","scheduler_hints":[],"security_groups":["default"],"stop_before_destroy":false,"tags":[],"timeouts":null,"updated":"2025-09-14 18:30:22 +0000 UTC","user_data":"89408af40558290f054d9b01198cafe6057ee65d","vendor_options":[]},"sensitive_attributes":[[{"type":"get_attr","value":"admin_pass"}]],"private":"eyJlMmJmYjczMC1lY2FhLTExZTYtOGY4OC0zNDM2M2JjN2M0YzAiOnsiY3JlYXRlIjoxODAwMDAwMDAwMDAwLCJkZWxldGUiOjE4MDAwMDAwMDAwMDAsInVwZGF0ZSI6MTgwMDAwMDAwMDAwMH19","dependencies":["data.openstack_images_image_v2.debian","openstack_networking_network_v2.cdt_net"]}]},{"mode":"managed","type":"openstack_networking_floatingip_associate_v2","name":"debian_fip_assoc","provider":"provider[\"registry.opentofu.org/terraform-provider-openstack/openstack\"]","instances":[{"index_key":0,"schema_version":0,"attributes":{"fixed_ip":"10.10.10.11","floating_ip":"100.65.2.8","id":"a0978ab0-1f29-48d4-ac3e-a3a15308c733","port_id":"42ddfb3b-4270-41a3-911b-e7e1bdfaee55","region":"CyberRange"},"sensitive_attributes":[],"private":"bnVsbA==","dependencies":["data.openstack_images_image_v2.debian","data.openstack_networking_port_v2.debian_port","openstack_compute_instance_v2.debian","openstack_networking_floatingip_v2.debian_fip","openstack_networking_network_v2.cdt_net"]},{"index_key":1,"schema_version":0,"attributes":{"fixed_ip":"10.10.10.12","floating_ip":"100.65.5.35","id":"fa2171db-8ad1-4d37-af40-3526693bed38","port_id":"00f63ae7-ebc8-489d-b884-910fc6fa3084","region":"CyberRange"},"sensitive_attributes":[],"private":"bnVsbA==","dependencies":["data.openstack_images_image_v2.debian","data.openstack_networking_port_v2.debian_port","openstack_compute_instance_v2.debian","openstack_networking_floatingip_v2.debian_fip","openstack_networking_network_v2.cdt_net"]},{"index_key":2,"schema_version":0,"attributes":{"fixed_ip":"10.10.10.13","floating_ip":"100.65.2.107","id":"384f73de-ca9a-4b98-80f5-35707e1fe466","port_id":"a878895a-b1f4-490a-9608-f7f3d3a4422b","region":"CyberRange"},"sensitive_attributes":[],"private":"bnVsbA==","dependencies":["data.openstack_images_image_v2.debian","data.openstack_networking_port_v2.debian_port","openstack_compute_instance_v2.debian","openstack_networking_floatingip_v2.debian_fip","openstack_networking_network_v2.cdt_net"]},{"index_key":3,"schema_version":0,"attributes":{"fixed_ip":"10.10.10.14","floating_ip":"100.65.2.195","id":"09b6e3e5-3f61-49d3-83e3-d786e5459451","port_id":"cfe8a316-2df2-4285-b74b-1bcaa5243be3","region":"CyberRange"},"sensitive_attributes":[],"private":"bnVsbA==","dependencies":["data.openstack_images_image_v2.debian","data.openstack_networking_port_v2.debian_port","openstack_compute_instance_v2.debian","openstack_networking_floatingip_v2.debian_fip","openstack_networking_network_v2.cdt_net"]},{"index_key":4,"schema_version":0,"attributes":{"fixed_ip":"10.10.10.15","floating_ip":"100.65.2.153","id":"b17b597f-9ba0-4817-b078-3b7b745cd5da","port_id":"941ffc83-546d-4722-80ae-243c1062d80c","region":"CyberRange"},"sensitive_attributes":[],"private":"bnVsbA==","dependencies":["data.openstack_images_image_v2.debian","data.openstack_networking_port_v2.debian_port","openstack_compute_instance_v2.debian","openstack_networking_floatingip_v2.debian_fip","openstack_networking_network_v2.cdt_net"]},{"index_key":5,"schema_version":0,"attributes":{"fixed_ip":"10.10.10.16","floating_ip":"100.65.1.129","id":"64a66a85-36aa-4625-9952-8a980ccdf9db","port_id":"d25975e7-0071-40a5-9704-684b29a901fb","region":"CyberRange"},"sensitive_attributes":[],"private":"bnVsbA==","dependencies":["data.openstack_images_image_v2.debian","data.openstack_networking_port_v2.debian_port","openstack_compute_instance_v2.debian","openstack_networking_floatingip_v2.debian_fip","openstack_networking_network_v2.cdt_net"]},{"index_key":6,"schema_version":0,"attributes":{"fixed_ip":"10.10.10.17","floating_ip":"100.65.4.59","id":"95a7800c-7d32-41b0-8903-513fbce1972c","port_id":"74bd2d36-659e-42f9-8ff4-06099605eec2","region":"CyberRange"},"sensitive_attributes":[],"private":"bnVsbA==","dependencies":["data.openstack_images_image_v2.debian","data.openstack_networking_port_v2.debian_port","openstack_compute_instance_v2.debian","openstack_networking_floatingip_v2.debian_fip","openstack_networking_network_v2.cdt_net"]},{"index_key":7,"schema_version":0,"attributes":{"fixed_ip":"10.10.10.18","floating_ip":"100.65.5.164","id":"17f29541-84f6-4ce9-88e5-5d2f87018359","port_id":"811484db-7eef-4375-8c2d-fa71fcae4fad","region":"CyberRange"},"sensitive_attributes":[],"private":"bnVsbA==","dependencies":["data.openstack_images_image_v2.debian","data.openstack_networking_port_v2.debian_port","openstack_compute_instance_v2.debian","openstack_networking_floatingip_v2.debian_fip","openstack_networking_network_v2.cdt_net"]},{"index_key":8,"schema_version":0,"attributes":{"fixed_ip":"10.10.10.19","floating_ip":"100.65.2.80","id":"10fc0180-b9f8-442e-a7fc-d41afe606038","port_id":"d65dae2c-4aed-42a1-ab57-a6837e8fc1b0","region":"CyberRange"},"sensitive_attributes":[],"private":"bnVsbA==","dependencies":["data.openstack_images_image_v2.debian","data.openstack_networking_port_v2.debian_port","openstack_compute_instance_v2.debian","openstack_networking_floatingip_v2.debian_fip","openstack_networking_network_v2.cdt_net"]},{"index_key":9,"schema_version":0,"attributes":{"fixed_ip":"10.10.10.110","floating_ip":"100.65.4.68","id":"d726545e-ccdc-4354-a785-581fd838b481","port_id":"4a495099-991c-434c-ada6-56c18a7d6df7","region":"CyberRange"},"sensitive_attributes":[],"private":"bnVsbA==","dependencies":["data.openstack_images_image_v2.debian","data.openstack_networking_port_v2.debian_port","openstack_compute_instance_v2.debian","openstack_networking_floatingip_v2.debian_fip","openstack_networking_network_v2.cdt_net"]},{"index_key":10,"schema_version":0,"attributes":{"fixed_ip":"10.10.10.111","floating_ip":"100.65.5.146","id":"f9796487-b294-4b70-ab98-ab5e8c9b6ced","port_id":"51df971b-37f9-419a-bdb9-e84536abf741","region":"CyberRange"},"sensitive_attributes":[],"private":"bnVsbA==","dependencies":["data.openstack_images_image_v2.debian","data.openstack_networking_port_v2.debian_port","openstack_compute_instance_v2.debian","openstack_networking_floatingip_v2.debian_fip","openstack_networking_network_v2.cdt_net"]},{"index_key":11,"schema_version":0,"attributes":{"fixed_ip":"10.10.10.112","floating_ip":"100.65.1.20","id":"39af1e19-b291-4b16-a07f-21d3fb2439e3","port_id":"c148ceae-953f-4efc-87f4-9c1bafe2315d","region":"CyberRange"},"sensitive_attributes":[],"private":"bnVsbA==","dependencies":["data.openstack_images_image_v2.debian","data.openstack_networking_port_v2.debian_port","openstack_compute_instance_v2.debian","openstack_networking_floatingip_v2.debian_fip","openstack_networking_network_v2.cdt_net"]},{"index_key":12,"schema_version":0,"attributes":{"fixed_ip":"10.10.10.113","floating_ip":"100.65.4.96","id":"0f8f5d97-d28d-41d7-9f44-e83fb129a948","port_id":"6ba8642c-3f8a-43e9-9940-417e3ef9f8e8","region":"CyberRange"},"sensitive_attributes":[],"private":"bnVsbA==","dependencies":["data.openstack_images_image_v2.debian","data.openstack_networking_port_v2.debian_port","openstack_compute_instance_v2.debian","openstack_networking_floatingip_v2.debian_fip","openstack_networking_network_v2.cdt_net"]},{"index_key":13,"schema_version":0,"attributes":{"fixed_ip":"10.10.10.114","floating_ip":"100.65.2.184","id":"d00d4913-8a2c-42d5-a83f-b9f3f4d4fdbb","port_id":"bef326a8-8396-4345-8eb3-89ba31616a42","region":"CyberRange"},"sensitive_attributes":[],"private":"bnVsbA==","dependencies":["data.openstack_images_image_v2.debian","data.openstack_networking_port_v2.debian_port","openstack_compute_instance_v2.debian","openstack_networking_floatingip_v2.debian_fip","openstack_networking_network_v2.cdt_net"]},{"index_key":14,"schema_version":0,"attributes":{"fixed_ip":"10.10.10.115","floating_ip":"100.65.2.236","id":"4df3ffd6-34fa-4327-acbd-977b92b09d21","port_id":"6569344d-f7e4-4163-aa5c-9361d7b257a2","region":"CyberRange"},"sensitive_attributes":[],"private":"bnVsbA==","dependencies":["data.openstack_images_image_v2.debian","data.openstack_networking_port_v2.debian_port","openstack_compute_instance_v2.debian","openstack_networking_floatingip_v2.debian_fip","openstack_networking_network_v2.cdt_net"]},{"index_key":15,"schema_version":0,"attributes":{"fixed_ip":"10.10.10.116","floating_ip":"100.65.5.107","id":"f5675eee-f111-49d6-ad7f-6978fa2fd7fe","port_id":"3a7bf0a2-efd6-4981-9491-118aa9698449","region":"CyberRange"},"sensitive_attributes":[],"private":"bnVsbA==","dependencies":["data.openstack_images_image_v2.debian","data.openstack_networking_port_v2.debian_port","openstack_compute_instance_v2.debian","openstack_networking_floatingip_v2.debian_fip","openstack_networking_network_v2.cdt_net"]},{"index_key":16,"schema_version":0,"attributes":{"fixed_ip":"10.10.10.117","floating_ip":"100.65.1.248","id":"f0a62ecb-f246-4661-a505-728511e9a55d","port_id":"dcada56c-02f3-40e1-b5e5-c52ae00ed84c","region":"CyberRange"},"sensitive_attributes":[],"private":"bnVsbA==","dependencies":["data.openstack_images_image_v2.debian","data.openstack_networking_port_v2.debian_port","openstack_compute_instance_v2.debian","openstack_networking_floatingip_v2.debian_fip","openstack_networking_network_v2.cdt_net"]},{"index_key":17,"schema_version":0,"attributes":{"fixed_ip":"10.10.10.118","floating_ip":"100.65.4.138","id":"0b2baf7a-1cca-4aeb-a041-02103ac05b6a","port_id":"ae5dd42f-d564-4daa-844f-2859839e781b","region":"CyberRange"},"sensitive_attributes":[],"private":"bnVsbA==","dependencies":["data.openstack_images_image_v2.debian","data.openstack_networking_port_v2.debian_port","openstack_compute_instance_v2.debian","openstack_networking_floatingip_v2.debian_fip","openstack_networking_network_v2.cdt_net"]},{"index_key":18,"schema_version":0,"attributes":{"fixed_ip":"10.10.10.119","floating_ip":"100.65.5.148","id":"8e54d577-1fa4-4ba2-aca6-a62a152c04b7","port_id":"ec276d11-bbbf-481d-8738-bf64b67550be","region":"CyberRange"},"sensitive_attributes":[],"private":"bnVsbA==","dependencies":["data.openstack_images_image_v2.debian","data.openstack_networking_port_v2.debian_port","openstack_compute_instance_v2.debian","openstack_networking_floatingip_v2.debian_fip","openstack_networking_network_v2.cdt_net"]},{"index_key":19,"schema_version":0,"attributes":{"fixed_ip":"10.10.10.120","floating_ip":"100.65.2.228","id":"76e2aabe-6c20-4704-ab05-5353d1d15496","port_id":"3bd9d132-3002-4f78-964c-f73294bc94f7","region":"CyberRange"},"sensitive_attributes":[],"private":"bnVsbA==","dependencies":["data.openstack_images_image_v2.debian","data.openstack_networking_port_v2.debian_port","openstack_compute_instance_v2.debian","openstack_networking_floatingip_v2.debian_fip","openstack_networking_network_v2.cdt_net"]},{"index_key":20,"schema_version":0,"attributes":{"fixed_ip":"10.10.10.121","floating_ip":"100.65.5.36","id":"fb4427ce-2dd2-4f31-b1cf-8671c72d0149","port_id":"ce704ce9-36f5-447d-b1d8-6e7cdcc732d1","region":"CyberRange"},"sensitive_attributes":[],"private":"bnVsbA==","dependencies":["data.openstack_images_image_v2.debian","data.openstack_networking_port_v2.debian_port","openstack_compute_instance_v2.debian","openstack_networking_floatingip_v2.debian_fip","openstack_networking_network_v2.cdt_net"]},{"index_key":21,"schema_version":0,"attributes":{"fixed_ip":"10.10.10.122","floating_ip":"100.65.4.239","id":"e56dfb7e-0535-404f-b619-6e2e80f3f305","port_id":"7624ae80-4e6b-4d2d-b4e4-6c6960b59aa8","region":"CyberRange"},"sensitive_attributes":[],"private":"bnVsbA==","dependencies":["data.openstack_images_image_v2.debian","data.openstack_networking_port_v2.debian_port","openstack_compute_instance_v2.debian","openstack_networking_floatingip_v2.debian_fip","openstack_networking_network_v2.cdt_net"]},{"index_key":22,"schema_version":0,"attributes":{"fixed_ip":"10.10.10.123","floating_ip":"100.65.5.169","id":"2ff9f213-57d1-4a35-82ec-4afe49e33a9d","port_id":"cbffe0f1-775f-4e4e-a603-1c559fab6820","region":"CyberRange"},"sensitive_attributes":[],"private":"bnVsbA==","dependencies":["data.openstack_images_image_v2.debian","data.openstack_networking_port_v2.debian_port","openstack_compute_instance_v2.debian","openstack_networking_floatingip_v2.debian_fip","openstack_networking_network_v2.cdt_net"]},{"index_key":23,"schema_version":0,"attributes":{"fixed_ip":"10.10.10.124","floating_ip":"100.65.1.223","id":"e26f02bf-4d61-472d-bace-14efb6405c24","port_id":"e611db29-ab4c-4a11-b1cc-189f93ac4f94","region":"CyberRange"},"sensitive_attributes":[],"private":"bnVsbA==","dependencies":["data.openstack_images_image_v2.debian","data.openstack_networking_port_v2.debian_port","openstack_compute_instance_v2.debian","openstack_networking_floatingip_v2.debian_fip","openstack_networking_network_v2.cdt_net"]},{"index_key":24,"schema_version":0,"attributes":{"fixed_ip":"10.10.10.125","floating_ip":"100.65.2.114","id":"327a5810-f17c-4f27-b90b-007d7ee69831","port_id":"6693f57d-6ed8-422f-94b5-e5c4e5ca1779","region":"CyberRange"},"sensitive_attributes":[],"private":"bnVsbA==","dependencies":["data.openstack_images_image_v2.debian","data.openstack_networking_port_v2.debian_port","openstack_compute_instance_v2.debian","openstack_networking_floatingip_v2.debian_fip","openstack_networking_network_v2.cdt_net"]},{"index_key":25,"schema_version":0,"attributes":{"fixed_ip":"10.10.10.126","floating_ip":"100.65.5.80","id":"93ccdc7c-5f05-4471-98fd-86522abb7899","port_id":"b69f946b-3d03-483c-849d-ba766566d0a7","region":"CyberRange"},"sensitive_attributes":[],"private":"bnVsbA==","dependencies":["data.openstack_images_image_v2.debian","data.openstack_networking_port_v2.debian_port","openstack_compute_instance_v2.debian","openstack_networking_floatingip_v2.debian_fip","openstack_networking_network_v2.cdt_net"]},{"index_key":26,"schema_version":0,"attributes":{"fixed_ip":"10.10.10.127","floating_ip":"100.65.2.166","id":"26e1f89b-1c35-43eb-9778-ca437d17074c","port_id":"34b4f8dd-ef07-4277-8e5a-ced4de4780cc","region":"CyberRange"},"sensitive_attributes":[],"private":"bnVsbA==","dependencies":["data.openstack_images_image_v2.debian","data.openstack_networking_port_v2.debian_port","openstack_compute_instance_v2.debian","openstack_networking_floatingip_v2.debian_fip","openstack_networking_network_v2.cdt_net"]},{"index_key":27,"schema_version":0,"attributes":{"fixed_ip":"10.10.10.128","floating_ip":"100.65.4.159","id":"54b603d1-3767-4998-ac05-daf07144d4bf","port_id":"a45fe2d0-a9be-4cd0-b68b-240503dcb882","region":"CyberRange"},"sensitive_attributes":[],"private":"bnVsbA==","dependencies":["data.openstack_images_image_v2.debian","data.openstack_networking_port_v2.debian_port","openstack_compute_instance_v2.debian","openstack_networking_floatingip_v2.debian_fip","openstack_networking_network_v2.cdt_net"]},{"index_key":28,"schema_version":0,"attributes":{"fixed_ip":"10.10.10.129","floating_ip":"100.65.1.240","id":"58213f11-aa6d-4883-8618-bff3ca8c4a1f","port_id":"ee7e116d-9ff9-46b2-821c-c0229f55f429","region":"CyberRange"},"sensitive_attributes":[],"private":"bnVsbA==","dependencies":["data.openstack_images_image_v2.debian","data.openstack_networking_port_v2.debian_port","openstack_compute_instance_v2.debian","openstack_networking_floatingip_v2.debian_fip","openstack_networking_network_v2.cdt_net"]},{"index_key":29,"schema_version":0,"attributes":{"fixed_ip":"10.10.10.130","floating_ip":"100.65.2.203","id":"55da630a-f491-41b0-8a64-af938ea2cab9","port_id":"bc0bbcfa-304c-4069-b5b2-3c1bf1b12112","region":"CyberRange"},"sensitive_attributes":[],"private":"bnVsbA==","dependencies":["data.openstack_images_image_v2.debian","data.openstack_networking_port_v2.debian_port","openstack_compute_instance_v2.debian","openstack_networking_floatingip_v2.debian_fip","openstack_networking_network_v2.cdt_net"]}]},{"mode":"managed","type":"openstack_networking_floatingip_v2","name":"debian_fip","provider":"provider[\"registry.opentofu.org/terraform-provider-openstack/openstack\"]","instances":[{"index_key":0,"schema_version":0,"attributes":{"address":"100.65.2.8","all_tags":[],"description":"","dns_domain":"","dns_name":"","fixed_ip":"","id":"a0978ab0-1f29-48d4-ac3e-a3a15308c733","pool":"MAIN-NAT","port_id":"","region":"CyberRange","subnet_id":null,"subnet_ids":null,"tags":[],"tenant_id":"8aac03aecbc446c794b32466080e6966","timeouts":null,"value_specs":null},"sensitive_attributes":[],"private":"eyJlMmJmYjczMC1lY2FhLTExZTYtOGY4OC0zNDM2M2JjN2M0YzAiOnsiY3JlYXRlIjo2MDAwMDAwMDAwMDAsImRlbGV0ZSI6NjAwMDAwMDAwMDAwfX0="},{"index_key":1,"schema_version":0,"attributes":{"address":"100.65.5.35","all_tags":[],"description":"","dns_domain":"","dns_name":"","fixed_ip":"","id":"fa2171db-8ad1-4d37-af40-3526693bed38","pool":"MAIN-NAT","port_id":"","region":"CyberRange","subnet_id":null,"subnet_ids":null,"tags":[],"tenant_id":"8aac03aecbc446c794b32466080e6966","timeouts":null,"value_specs":null},"sensitive_attributes":[],"private":"eyJlMmJmYjczMC1lY2FhLTExZTYtOGY4OC0zNDM2M2JjN2M0YzAiOnsiY3JlYXRlIjo2MDAwMDAwMDAwMDAsImRlbGV0ZSI6NjAwMDAwMDAwMDAwfX0="},{"index_key":2,"schema_version":0,"attributes":{"address":"100.65.2.107","all_tags":[],"description":"","dns_domain":"","dns_name":"","fixed_ip":"","id":"384f73de-ca9a-4b98-80f5-35707e1fe466","pool":"MAIN-NAT","port_id":"","region":"CyberRange","subnet_id":null,"subnet_ids":null,"tags":[],"tenant_id":"8aac03aecbc446c794b32466080e6966","timeouts":null,"value_specs":null},"sensitive_attributes":[],"private":"eyJlMmJmYjczMC1lY2FhLTExZTYtOGY4OC0zNDM2M2JjN2M0YzAiOnsiY3JlYXRlIjo2MDAwMDAwMDAwMDAsImRlbGV0ZSI6NjAwMDAwMDAwMDAwfX0="},{"index_key":3,"schema_version":0,"attributes":{"address":"100.65.2.195","all_tags":[],"description":"","dns_domain":"","dns_name":"","fixed_ip":"","id":"09b6e3e5-3f61-49d3-83e3-d786e5459451","pool":"MAIN-NAT","port_id":"","region":"CyberRange","subnet_id":null,"subnet_ids":null,"tags":[],"tenant_id":"8aac03aecbc446c794b32466080e6966","timeouts":null,"value_specs":null},"sensitive_attributes":[],"private":"eyJlMmJmYjczMC1lY2FhLTExZTYtOGY4OC0zNDM2M2JjN2M0YzAiOnsiY3JlYXRlIjo2MDAwMDAwMDAwMDAsImRlbGV0ZSI6NjAwMDAwMDAwMDAwfX0="},{"index_key":4,"schema_version":0,"attributes":{"address":"100.65.2.153","all_tags":[],"description":"","dns_domain":"","dns_name":"","fixed_ip":"","id":"b17b597f-9ba0-4817-b078-3b7b745cd5da","pool":"MAIN-NAT","port_id":"","region":"CyberRange","subnet_id":null,"subnet_ids":null,"tags":[],"tenant_id":"8aac03aecbc446c794b32466080e6966","timeouts":null,"value_specs":null},"sensitive_attributes":[],"private":"eyJlMmJmYjczMC1lY2FhLTExZTYtOGY4OC0zNDM2M2JjN2M0YzAiOnsiY3JlYXRlIjo2MDAwMDAwMDAwMDAsImRlbGV0ZSI6NjAwMDAwMDAwMDAwfX0="},{"index_key":5,"schema_version":0,"attributes":{"address":"100.65.1.129","all_tags":[],"description":"","dns_domain":"","dns_name":"","fixed_ip":"","id":"64a66a85-36aa-4625-9952-8a980ccdf9db","pool":"MAIN-NAT","port_id":"","region":"CyberRange","subnet_id":null,"subnet_ids":null,"tags":[],"tenant_id":"8aac03aecbc446c794b32466080e6966","timeouts":null,"value_specs":null},"sensitive_attributes":[],"private":"eyJlMmJmYjczMC1lY2FhLTExZTYtOGY4OC0zNDM2M2JjN2M0YzAiOnsiY3JlYXRlIjo2MDAwMDAwMDAwMDAsImRlbGV0ZSI6NjAwMDAwMDAwMDAwfX0="},{"index_key":6,"schema_version":0,"attributes":{"address":"100.65.4.59","all_tags":[],"description":"","dns_domain":"","dns_name":"","fixed_ip":"","id":"95a7800c-7d32-41b0-8903-513fbce1972c","pool":"MAIN-NAT","port_id":"","region":"CyberRange","subnet_id":null,"subnet_ids":null,"tags":[],"tenant_id":"8aac03aecbc446c794b32466080e6966","timeouts":null,"value_specs":null},"sensitive_attributes":[],"private":"eyJlMmJmYjczMC1lY2FhLTExZTYtOGY4OC0zNDM2M2JjN2M0YzAiOnsiY3JlYXRlIjo2MDAwMDAwMDAwMDAsImRlbGV0ZSI6NjAwMDAwMDAwMDAwfX0="},{"index_key":7,"schema_version":0,"attributes":{"address":"100.65.5.164","all_tags":[],"description":"","dns_domain":"","dns_name":"","fixed_ip":"","id":"17f29541-84f6-4ce9-88e5-5d2f87018359","pool":"MAIN-NAT","port_id":"","region":"CyberRange","subnet_id":null,"subnet_ids":null,"tags":[],"tenant_id":"8aac03aecbc446c794b32466080e6966","timeouts":null,"value_specs":null},"sensitive_attributes":[],"private":"eyJlMmJmYjczMC1lY2FhLTExZTYtOGY4OC0zNDM2M2JjN2M0YzAiOnsiY3JlYXRlIjo2MDAwMDAwMDAwMDAsImRlbGV0ZSI6NjAwMDAwMDAwMDAwfX0="},{"index_key":8,"schema_version":0,"attributes":{"address":"100.65.2.80","all_tags":[],"description":"","dns_domain":"","dns_name":"","fixed_ip":"","id":"10fc0180-b9f8-442e-a7fc-d41afe606038","pool":"MAIN-NAT","port_id":"","region":"CyberRange","subnet_id":null,"subnet_ids":null,"tags":[],"tenant_id":"8aac03aecbc446c794b32466080e6966","timeouts":null,"value_specs":null},"sensitive_attributes":[],"private":"eyJlMmJmYjczMC1lY2FhLTExZTYtOGY4OC0zNDM2M2JjN2M0YzAiOnsiY3JlYXRlIjo2MDAwMDAwMDAwMDAsImRlbGV0ZSI6NjAwMDAwMDAwMDAwfX0="},{"index_key":9,"schema_version":0,"attributes":{"address":"100.65.4.68","all_tags":[],"description":"","dns_domain":"","dns_name":"","fixed_ip":"","id":"d726545e-ccdc-4354-a785-581fd838b481","pool":"MAIN-NAT","port_id":"","region":"CyberRange","subnet_id":null,"subnet_ids":null,"tags":[],"tenant_id":"8aac03aecbc446c794b32466080e6966","timeouts":null,"value_specs":null},"sensitive_attributes":[],"private":"eyJlMmJmYjczMC1lY2FhLTExZTYtOGY4OC0zNDM2M2JjN2M0YzAiOnsiY3JlYXRlIjo2MDAwMDAwMDAwMDAsImRlbGV0ZSI6NjAwMDAwMDAwMDAwfX0="},{"index_key":10,"schema_version":0,"attributes":{"address":"100.65.5.146","all_tags":[],"description":"","dns_domain":"","dns_name":"","fixed_ip":"","id":"f9796487-b294-4b70-ab98-ab5e8c9b6ced","pool":"MAIN-NAT","port_id":"","region":"CyberRange","subnet_id":null,"subnet_ids":null,"tags":[],"tenant_id":"8aac03aecbc446c794b32466080e6966","timeouts":null,"value_specs":null},"sensitive_attributes":[],"private":"eyJlMmJmYjczMC1lY2FhLTExZTYtOGY4OC0zNDM2M2JjN2M0YzAiOnsiY3JlYXRlIjo2MDAwMDAwMDAwMDAsImRlbGV0ZSI6NjAwMDAwMDAwMDAwfX0="},{"index_key":11,"schema_version":0,"attributes":{"address":"100.65.1.20","all_tags":[],"description":"","dns_domain":"","dns_name":"","fixed_ip":"","id":"39af1e19-b291-4b16-a07f-21d3fb2439e3","pool":"MAIN-NAT","port_id":"","region":"CyberRange","subnet_id":null,"subnet_ids":null,"tags":[],"tenant_id":"8aac03aecbc446c794b32466080e6966","timeouts":null,"value_specs":null},"sensitive_attributes":[],"private":"eyJlMmJmYjczMC1lY2FhLTExZTYtOGY4OC0zNDM2M2JjN2M0YzAiOnsiY3JlYXRlIjo2MDAwMDAwMDAwMDAsImRlbGV0ZSI6NjAwMDAwMDAwMDAwfX0="},{"index_key":12,"schema_version":0,"attributes":{"address":"100.65.4.96","all_tags":[],"description":"","dns_domain":"","dns_name":"","fixed_ip":"","id":"0f8f5d97-d28d-41d7-9f44-e83fb129a948","pool":"MAIN-NAT","port_id":"","region":"CyberRange","subnet_id":null,"subnet_ids":null,"tags":[],"tenant_id":"8aac03aecbc446c794b32466080e6966","timeouts":null,"value_specs":null},"sensitive_attributes":[],"private":"eyJlMmJmYjczMC1lY2FhLTExZTYtOGY4OC0zNDM2M2JjN2M0YzAiOnsiY3JlYXRlIjo2MDAwMDAwMDAwMDAsImRlbGV0ZSI6NjAwMDAwMDAwMDAwfX0="},{"index_key":13,"schema_version":0,"attributes":{"address":"100.65.2.184","all_tags":[],"description":"","dns_domain":"","dns_name":"","fixed_ip":"","id":"d00d4913-8a2c-42d5-a83f-b9f3f4d4fdbb","pool":"MAIN-NAT","port_id":"","region":"CyberRange","subnet_id":null,"subnet_ids":null,"tags":[],"tenant_id":"8aac03aecbc446c794b32466080e6966","timeouts":null,"value_specs":null},"sensitive_attributes":[],"private":"eyJlMmJmYjczMC1lY2FhLTExZTYtOGY4OC0zNDM2M2JjN2M0YzAiOnsiY3JlYXRlIjo2MDAwMDAwMDAwMDAsImRlbGV0ZSI6NjAwMDAwMDAwMDAwfX0="},{"index_key":14,"schema_version":0,"attributes":{"address":"100.65.2.236","all_tags":[],"description":"","dns_domain":"","dns_name":"","fixed_ip":"","id":"4df3ffd6-34fa-4327-acbd-977b92b09d21","pool":"MAIN-NAT","port_id":"","region":"CyberRange","subnet_id":null,"subnet_ids":null,"tags":[],"tenant_id":"8aac03aecbc446c794b32466080e6966","timeouts":null,"value_specs":null},"sensitive_attributes":[],"private":"eyJlMmJmYjczMC1lY2FhLTExZTYtOGY4OC0zNDM2M2JjN2M0YzAiOnsiY3JlYXRlIjo2MDAwMDAwMDAwMDAsImRlbGV0ZSI6NjAwMDAwMDAwMDAwfX0="},{"index_key":15,"schema_version":0,"attributes":{"address":"100.65.5.107","all_tags":[],"description":"","dns_domain":"","dns_name":"","fixed_ip":"","id":"f5675eee-f111-49d6-ad7f-6978fa2fd7fe","pool":"MAIN-NAT","port_id":"","region":"CyberRange","subnet_id":null,"subnet_ids":null,"tags":[],"tenant_id":"8aac03aecbc446c794b32466080e6966","timeouts":null,"value_specs":null},"sensitive_attributes":[],"private":"eyJlMmJmYjczMC1lY2FhLTExZTYtOGY4OC0zNDM2M2JjN2M0YzAiOnsiY3JlYXRlIjo2MDAwMDAwMDAwMDAsImRlbGV0ZSI6NjAwMDAwMDAwMDAwfX0="},{"index_key":16,"schema_version":0,"attributes":{"address":"100.65.1.248","all_tags":[],"description":"","dns_domain":"","dns_name":"","fixed_ip":"","id":"f0a62ecb-f246-4661-a505-728511e9a55d","pool":"MAIN-NAT","port_id":"","region":"CyberRange","subnet_id":null,"subnet_ids":null,"tags":[],"tenant_id":"8aac03aecbc446c794b32466080e6966","timeouts":null,"value_specs":null},"sensitive_attributes":[],"private":"eyJlMmJmYjczMC1lY2FhLTExZTYtOGY4OC0zNDM2M2JjN2M0YzAiOnsiY3JlYXRlIjo2MDAwMDAwMDAwMDAsImRlbGV0ZSI6NjAwMDAwMDAwMDAwfX0="},{"index_key":17,"schema_version":0,"attributes":{"address":"100.65.4.138","all_tags":[],"description":"","dns_domain":"","dns_name":"","fixed_ip":"","id":"0b2baf7a-1cca-4aeb-a041-02103ac05b6a","pool":"MAIN-NAT","port_id":"","region":"CyberRange","subnet_id":null,"subnet_ids":null,"tags":[],"tenant_id":"8aac03aecbc446c794b32466080e6966","timeouts":null,"value_specs":null},"sensitive_attributes":[],"private":"eyJlMmJmYjczMC1lY2FhLTExZTYtOGY4OC0zNDM2M2JjN2M0YzAiOnsiY3JlYXRlIjo2MDAwMDAwMDAwMDAsImRlbGV0ZSI6NjAwMDAwMDAwMDAwfX0="},{"index_key":18,"schema_version":0,"attributes":{"address":"100.65.5.148","all_tags":[],"description":"","dns_domain":"","dns_name":"","fixed_ip":"","id":"8e54d577-1fa4-4ba2-aca6-a62a152c04b7","pool":"MAIN-NAT","port_id":"","region":"CyberRange","subnet_id":null,"subnet_ids":null,"tags":[],"tenant_id":"8aac03aecbc446c794b32466080e6966","timeouts":null,"value_specs":null},"sensitive_attributes":[],"private":"eyJlMmJmYjczMC1lY2FhLTExZTYtOGY4OC0zNDM2M2JjN2M0YzAiOnsiY3JlYXRlIjo2MDAwMDAwMDAwMDAsImRlbGV0ZSI6NjAwMDAwMDAwMDAwfX0="},{"index_key":19,"schema_version":0,"attributes":{"address":"100.65.2.228","all_tags":[],"description":"","dns_domain":"","dns_name":"","fixed_ip":"","id":"76e2aabe-6c20-4704-ab05-5353d1d15496","pool":"MAIN-NAT","port_id":"","region":"CyberRange","subnet_id":null,"subnet_ids":null,"tags":[],"tenant_id":"8aac03aecbc446c794b32466080e6966","timeouts":null,"value_specs":null},"sensitive_attributes":[],"private":"eyJlMmJmYjczMC1lY2FhLTExZTYtOGY4OC0zNDM2M2JjN2M0YzAiOnsiY3JlYXRlIjo2MDAwMDAwMDAwMDAsImRlbGV0ZSI6NjAwMDAwMDAwMDAwfX0="},{"index_key":20,"schema_version":0,"attributes":{"address":"100.65.5.36","all_tags":[],"description":"","dns_domain":"","dns_name":"","fixed_ip":"","id":"fb4427ce-2dd2-4f31-b1cf-8671c72d0149","pool":"MAIN-NAT","port_id":"","region":"CyberRange","subnet_id":null,"subnet_ids":null,"tags":[],"tenant_id":"8aac03aecbc446c794b32466080e6966","timeouts":null,"value_specs":null},"sensitive_attributes":[],"private":"eyJlMmJmYjczMC1lY2FhLTExZTYtOGY4OC0zNDM2M2JjN2M0YzAiOnsiY3JlYXRlIjo2MDAwMDAwMDAwMDAsImRlbGV0ZSI6NjAwMDAwMDAwMDAwfX0="},{"index_key":21,"schema_version":0,"attributes":{"address":"100.65.4.239","all_tags":[],"description":"","dns_domain":"","dns_name":"","fixed_ip":"","id":"e56dfb7e-0535-404f-b619-6e2e80f3f305","pool":"MAIN-NAT","port_id":"","region":"CyberRange","subnet_id":null,"subnet_ids":null,"tags":[],"tenant_id":"8aac03aecbc446c794b32466080e6966","timeouts":null,"value_specs":null},"sensitive_attributes":[],"private":"eyJlMmJmYjczMC1lY2FhLTExZTYtOGY4OC0zNDM2M2JjN2M0YzAiOnsiY3JlYXRlIjo2MDAwMDAwMDAwMDAsImRlbGV0ZSI6NjAwMDAwMDAwMDAwfX0="},{"index_key":22,"schema_version":0,"attributes":{"address":"100.65.5.169","all_tags":[],"description":"","dns_domain":"","dns_name":"","fixed_ip":"","id":"2ff9f213-57d1-4a35-82ec-4afe49e33a9d","pool":"MAIN-NAT","port_id":"","region":"CyberRange","subnet_id":null,"subnet_ids":null,"tags":[],"tenant_id":"8aac03aecbc446c794b32466080e6966","timeouts":null,"value_specs":null},"sensitive_attributes":[],"private":"eyJlMmJmYjczMC1lY2FhLTExZTYtOGY4OC0zNDM2M2JjN2M0YzAiOnsiY3JlYXRlIjo2MDAwMDAwMDAwMDAsImRlbGV0ZSI6NjAwMDAwMDAwMDAwfX0="},{"index_key":23,"schema_version":0,"attributes":{"address":"100.65.1.223","all_tags":[],"description":"","dns_domain":"","dns_name":"","fixed_ip":"10.10.10.124","id":"e26f02bf-4d61-472d-bace-14efb6405c24","pool":"MAIN-NAT","port_id":"e611db29-ab4c-4a11-b1cc-189f93ac4f94","region":"CyberRange","subnet_id":null,"subnet_ids":null,"tags":[],"tenant_id":"8aac03aecbc446c794b32466080e6966","timeouts":null,"value_specs":null},"sensitive_attributes":[],"private":"eyJlMmJmYjczMC1lY2FhLTExZTYtOGY4OC0zNDM2M2JjN2M0YzAiOnsiY3JlYXRlIjo2MDAwMDAwMDAwMDAsImRlbGV0ZSI6NjAwMDAwMDAwMDAwfX0="},{"index_key":24,"schema_version":0,"attributes":{"address":"100.65.2.114","all_tags":[],"description":"","dns_domain":"","dns_name":"","fixed_ip":"","id":"327a5810-f17c-4f27-b90b-007d7ee69831","pool":"MAIN-NAT","port_id":"","region":"CyberRange","subnet_id":null,"subnet_ids":null,"tags":[],"tenant_id":"8aac03aecbc446c794b32466080e6966","timeouts":null,"value_specs":null},"sensitive_attributes":[],"private":"eyJlMmJmYjczMC1lY2FhLTExZTYtOGY4OC0zNDM2M2JjN2M0YzAiOnsiY3JlYXRlIjo2MDAwMDAwMDAwMDAsImRlbGV0ZSI6NjAwMDAwMDAwMDAwfX0="},{"index_key":25,"schema_version":0,"attributes":{"address":"100.65.5.80","all_tags":[],"description":"","dns_domain":"","dns_name":"","fixed_ip":"","id":"93ccdc7c-5f05-4471-98fd-86522abb7899","pool":"MAIN-NAT","port_id":"","region":"CyberRange","subnet_id":null,"subnet_ids":null,"tags":[],"tenant_id":"8aac03aecbc446c794b32466080e6966","timeouts":null,"value_specs":null},"sensitive_attributes":[],"private":"eyJlMmJmYjczMC1lY2FhLTExZTYtOGY4OC0zNDM2M2JjN2M0YzAiOnsiY3JlYXRlIjo2MDAwMDAwMDAwMDAsImRlbGV0ZSI6NjAwMDAwMDAwMDAwfX0="},{"index_key":26,"schema_version":0,"attributes":{"address":"100.65.2.166","all_tags":[],"description":"","dns_domain":"","dns_name":"","fixed_ip":"","id":"26e1f89b-1c35-43eb-9778-ca437d17074c","pool":"MAIN-NAT","port_id":"","region":"CyberRange","subnet_id":null,"subnet_ids":null,"tags":[],"tenant_id":"8aac03aecbc446c794b32466080e6966","timeouts":null,"value_specs":null},"sensitive_attributes":[],"private":"eyJlMmJmYjczMC1lY2FhLTExZTYtOGY4OC0zNDM2M2JjN2M0YzAiOnsiY3JlYXRlIjo2MDAwMDAwMDAwMDAsImRlbGV0ZSI6NjAwMDAwMDAwMDAwfX0="},{"index_key":27,"schema_version":0,"attributes":{"address":"100.65.4.159","all_tags":[],"description":"","dns_domain":"","dns_name":"","fixed_ip":"","id":"54b603d1-3767-4998-ac05-daf07144d4bf","pool":"MAIN-NAT","port_id":"","region":"CyberRange","subnet_id":null,"subnet_ids":null,"tags":[],"tenant_id":"8aac03aecbc446c794b32466080e6966","timeouts":null,"value_specs":null},"sensitive_attributes":[],"private":"eyJlMmJmYjczMC1lY2FhLTExZTYtOGY4OC0zNDM2M2JjN2M0YzAiOnsiY3JlYXRlIjo2MDAwMDAwMDAwMDAsImRlbGV0ZSI6NjAwMDAwMDAwMDAwfX0="},{"index_key":28,"schema_version":0,"attributes":{"address":"100.65.1.240","all_tags":[],"description":"","dns_domain":"","dns_name":"","fixed_ip":"","id":"58213f11-aa6d-4883-8618-bff3ca8c4a1f","pool":"MAIN-NAT","port_id":"","region":"CyberRange","subnet_id":null,"subnet_ids":null,"tags":[],"tenant_id":"8aac03aecbc446c794b32466080e6966","timeouts":null,"value_specs":null},"sensitive_attributes":[],"private":"eyJlMmJmYjczMC1lY2FhLTExZTYtOGY4OC0zNDM2M2JjN2M0YzAiOnsiY3JlYXRlIjo2MDAwMDAwMDAwMDAsImRlbGV0ZSI6NjAwMDAwMDAwMDAwfX0="},{"index_key":29,"schema_version":0,"attributes":{"address":"100.65.2.203","all_tags":[],"description":"","dns_domain":"","dns_name":"","fixed_ip":"","id":"55da630a-f491-41b0-8a64-af938ea2cab9","pool":"MAIN-NAT","port_id":"","region":"CyberRange","subnet_id":null,"subnet_ids":null,"tags":[],"tenant_id":"8aac03aecbc446c794b32466080e6966","timeouts":null,"value_specs":null},"sensitive_attributes":[],"private":"eyJlMmJmYjczMC1lY2FhLTExZTYtOGY4OC0zNDM2M2JjN2M0YzAiOnsiY3JlYXRlIjo2MDAwMDAwMDAwMDAsImRlbGV0ZSI6NjAwMDAwMDAwMDAwfX0="}]},{"mode":"managed","type":"openstack_networking_network_v2","name":"cdt_net","provider":"provider[\"registry.opentofu.org/terraform-provider-openstack/openstack\"]","instances":[{"schema_version":0,"attributes":{"admin_state_up":true,"all_tags":[],"availability_zone_hints":[],"description":"","dns_domain":"","external":false,"id":"fe6eb022-d84d-40a7-b5c2-b8dff231c5c5","mtu":1500,"name":"cdt-net","port_security_enabled":true,"qos_policy_id":"","region":"CyberRange","segments":[],"shared":false,"tags":[],"tenant_id":"8aac03aecbc446c794b32466080e6966","timeouts":null,"transparent_vlan":false,"value_specs":null},"sensitive_attributes":[],"private":"eyJlMmJmYjczMC1lY2FhLTExZTYtOGY4OC0zNDM2M2JjN2M0YzAiOnsiY3JlYXRlIjo2MDAwMDAwMDAwMDAsImRlbGV0ZSI6NjAwMDAwMDAwMDAwfX0="}]},{"mode":"managed","type":"openstack_networking_router_interface_v2","name":"cdt_router_interface","provider":"provider[\"registry.opentofu.org/terraform-provider-openstack/openstack\"]","instances":[{"schema_version":0,"attributes":{"force_destroy":false,"id":"bfd02529-e1ac-493c-a446-a1f38ccc4677","port_id":"bfd02529-e1ac-493c-a446-a1f38ccc4677","region":"CyberRange","router_id":"6756e294-d3f6-4602-9301-c6487f6cbbcf","subnet_id":"acd77fa4-4aa2-40fa-bc23-43bd3464341b","timeouts":null},"sensitive_attributes":[],"private":"eyJlMmJmYjczMC1lY2FhLTExZTYtOGY4OC0zNDM2M2JjN2M0YzAiOnsiY3JlYXRlIjo2MDAwMDAwMDAwMDAsImRlbGV0ZSI6NjAwMDAwMDAwMDAwfX0=","dependencies":["data.openstack_networking_network_v2.ext_net","openstack_networking_network_v2.cdt_net","openstack_networking_router_v2.cdt_router","openstack_networking_subnet_v2.cdt_subnet"]}]},{"mode":"managed","type":"openstack_networking_router_v2","name":"cdt_router","provider":"provider[\"registry.opentofu.org/terraform-provider-openstack/openstack\"]","instances":[{"schema_version":0,"attributes":{"admin_state_up":true,"all_tags":[],"availability_zone_hints":[],"description":"","distributed":false,"enable_snat":true,"external_fixed_ip":[{"ip_address":"100.65.4.29","subnet_id":"08e3107c-5db0-4c2e-88c0-f83b8ad735b5"}],"external_network_id":"05131c4f-fa42-4587-9974-0126baa6a924","external_qos_policy_id":null,"external_subnet_ids":null,"id":"6756e294-d3f6-4602-9301-c6487f6cbbcf","name":"cdt-router","region":"CyberRange","tags":[],"tenant_id":"8aac03aecbc446c794b32466080e6966","timeouts":null,"value_specs":null,"vendor_options":[]},"sensitive_attributes":[],"private":"eyJlMmJmYjczMC1lY2FhLTExZTYtOGY4OC0zNDM2M2JjN2M0YzAiOnsiY3JlYXRlIjo2MDAwMDAwMDAwMDAsImRlbGV0ZSI6NjAwMDAwMDAwMDAwfX0=","dependencies":["data.openstack_networking_network_v2.ext_net"]}]},{"mode":"managed","type":"openstack_networking_subnet_v2","name":"cdt_subnet","provider":"provider[\"registry.opentofu.org/terraform-provider-openstack/openstack\"]","instances":[{"schema_version":0,"attributes":{"all_tags":[],"allocation_pool":[{"end":"10.10.10.254","start":"10.10.10.2"}],"cidr":"10.10.10.0/24","description":"","dns_nameservers":["129.21.3.17","129.21.4.18"],"dns_publish_fixed_ip":false,"enable_dhcp":true,"gateway_ip":"10.10.10.1","id":"acd77fa4-4aa2-40fa-bc23-43bd3464341b","ip_version":4,"ipv6_address_mode":"","ipv6_ra_mode":"","name":"cdt-net-subnet","network_id":"fe6eb022-d84d-40a7-b5c2-b8dff231c5c5","no_gateway":false,"prefix_length":null,"region":"CyberRange","segment_id":"","service_types":[],"subnetpool_id":"","tags":[],"tenant_id":"8aac03aecbc446c794b32466080e6966","timeouts":null,"value_specs":null},"sensitive_attributes":[],"private":"eyJlMmJmYjczMC1lY2FhLTExZTYtOGY4OC0zNDM2M2JjN2M0YzAiOnsiY3JlYXRlIjo2MDAwMDAwMDAwMDAsImRlbGV0ZSI6NjAwMDAwMDAwMDAwfX0=","dependencies":["openstack_networking_network_v2.cdt_net"]}]}],"check_results":null}
